{
  "format_version": "1.0",
  "provider_schemas": {
    "registry.terraform.io/castai/castai": {
      "provider": {
        "version": 0,
        "block": {
          "attributes": {
            "api_token": {
              "type": "string",
              "description": "The token used to connect to CAST AI API.",
              "description_kind": "plain",
              "optional": true,
              "sensitive": true
            },
            "api_url": {
              "type": "string",
              "description": "CAST.AI API url.",
              "description_kind": "plain",
              "optional": true
            },
            "organization_id": {
              "type": "string",
              "description": "CAST AI organization ID. Required when the API token has access to multiple organizations.",
              "description_kind": "plain",
              "optional": true
            }
          },
          "description_kind": "plain"
        }
      },
      "resource_schemas": {
        "castai_ai_optimizer_hosted_model": {
          "version": 0,
          "block": {
            "attributes": {
              "cloud_provider": {
                "type": "string",
                "description": "Cloud provider.",
                "description_kind": "plain",
                "computed": true
              },
              "cluster_id": {
                "type": "string",
                "description": "CAST AI cluster ID where the model will be deployed.",
                "description_kind": "plain",
                "required": true
              },
              "current_replicas": {
                "type": "number",
                "description": "Current number of replicas.",
                "description_kind": "plain",
                "computed": true
              },
              "edge_location_ids": {
                "type": [
                  "list",
                  "string"
                ],
                "description": "List of edge location IDs where the model can be deployed.",
                "description_kind": "plain",
                "optional": true
              },
              "id": {
                "type": "string",
                "description_kind": "plain",
                "optional": true,
                "computed": true
              },
              "model_specs_id": {
                "type": "string",
                "description": "ID of the model specs. Can reference a castai_ai_optimizer_model_specs resource or a pre-existing model specs ID for predefined (CastAI-managed) models.",
                "description_kind": "plain",
                "required": true
              },
              "namespace": {
                "type": "string",
                "description": "Kubernetes namespace.",
                "description_kind": "plain",
                "computed": true
              },
              "node_template_name": {
                "type": "string",
                "description": "Node template name for model deployment.",
                "description_kind": "plain",
                "optional": true
              },
              "port": {
                "type": "number",
                "description": "Port on which the model will be exposed.",
                "description_kind": "plain",
                "required": true
              },
              "region": {
                "type": "string",
                "description": "Region the model is deployed in.",
                "description_kind": "plain",
                "computed": true
              },
              "service": {
                "type": "string",
                "description": "Kubernetes service name for the deployed model.",
                "description_kind": "plain",
                "required": true
              },
              "status": {
                "type": "string",
                "description": "Hosted model status.",
                "description_kind": "plain",
                "computed": true
              },
              "status_reason": {
                "type": "string",
                "description": "Reason for the current status.",
                "description_kind": "plain",
                "computed": true
              }
            },
            "block_types": {
              "fallback": {
                "nesting_mode": "list",
                "block": {
                  "attributes": {
                    "enabled": {
                      "type": "bool",
                      "description_kind": "plain",
                      "optional": true
                    },
                    "model": {
                      "type": "string",
                      "description_kind": "plain",
                      "optional": true
                    },
                    "provider_id": {
                      "type": "string",
                      "description_kind": "plain",
                      "optional": true
                    }
                  },
                  "description": "Fallback model settings.",
                  "description_kind": "plain"
                },
                "max_items": 1
              },
              "hibernation": {
                "nesting_mode": "list",
                "block": {
                  "attributes": {
                    "enabled": {
                      "type": "bool",
                      "description_kind": "plain",
                      "optional": true
                    }
                  },
                  "block_types": {
                    "hibernate_condition": {
                      "nesting_mode": "list",
                      "block": {
                        "attributes": {
                          "duration": {
                            "type": "string",
                            "description": "Time period for the condition evaluation.",
                            "description_kind": "plain",
                            "required": true
                          },
                          "request_count": {
                            "type": "number",
                            "description": "Request count threshold. Value of 0 is treated as not set.",
                            "description_kind": "plain",
                            "optional": true
                          }
                        },
                        "description_kind": "plain"
                      },
                      "min_items": 1,
                      "max_items": 1
                    },
                    "resume_condition": {
                      "nesting_mode": "list",
                      "block": {
                        "attributes": {
                          "duration": {
                            "type": "string",
                            "description": "Time period for the condition evaluation.",
                            "description_kind": "plain",
                            "required": true
                          },
                          "request_count": {
                            "type": "number",
                            "description": "Request count threshold. Value of 0 is treated as not set.",
                            "description_kind": "plain",
                            "optional": true
                          }
                        },
                        "description_kind": "plain"
                      },
                      "min_items": 1,
                      "max_items": 1
                    }
                  },
                  "description": "Automatic hibernation settings.",
                  "description_kind": "plain"
                },
                "max_items": 1
              },
              "horizontal_autoscaling": {
                "nesting_mode": "list",
                "block": {
                  "attributes": {
                    "enabled": {
                      "type": "bool",
                      "description_kind": "plain",
                      "optional": true
                    },
                    "max_replicas": {
                      "type": "number",
                      "description_kind": "plain",
                      "required": true
                    },
                    "min_replicas": {
                      "type": "number",
                      "description_kind": "plain",
                      "required": true
                    },
                    "target_metric": {
                      "type": "string",
                      "description_kind": "plain",
                      "required": true
                    },
                    "target_value": {
                      "type": "number",
                      "description_kind": "plain",
                      "required": true
                    }
                  },
                  "description": "Horizontal autoscaling settings.",
                  "description_kind": "plain"
                },
                "max_items": 1
              },
              "vllm_config": {
                "nesting_mode": "list",
                "block": {
                  "attributes": {
                    "hugging_face_token": {
                      "type": "string",
                      "description": "HuggingFace token. Mutually exclusive with secret_name.",
                      "description_kind": "plain",
                      "optional": true,
                      "sensitive": true
                    },
                    "secret_name": {
                      "type": "string",
                      "description": "Kubernetes secret name containing the HuggingFace token.",
                      "description_kind": "plain",
                      "optional": true
                    }
                  },
                  "description": "vLLM configuration for HuggingFace models.",
                  "description_kind": "plain"
                },
                "max_items": 1
              }
            },
            "description_kind": "plain"
          }
        },
        "castai_ai_optimizer_model_registry": {
          "version": 0,
          "block": {
            "attributes": {
              "credentials": {
                "type": "string",
                "description": "JSON-encoded credentials for accessing the bucket.",
                "description_kind": "plain",
                "required": true,
                "sensitive": true
              },
              "id": {
                "type": "string",
                "description_kind": "plain",
                "optional": true,
                "computed": true
              },
              "provider_type": {
                "type": "string",
                "description": "Provider type: S3 or GCS.",
                "description_kind": "plain",
                "optional": true
              },
              "status": {
                "type": "string",
                "description": "Registry status.",
                "description_kind": "plain",
                "computed": true
              },
              "status_reason": {
                "type": "string",
                "description": "Reason for the current status.",
                "description_kind": "plain",
                "computed": true
              }
            },
            "block_types": {
              "gcs": {
                "nesting_mode": "list",
                "block": {
                  "attributes": {
                    "bucket": {
                      "type": "string",
                      "description": "GCS bucket name.",
                      "description_kind": "plain",
                      "required": true
                    },
                    "prefix": {
                      "type": "string",
                      "description": "Path prefix within the bucket.",
                      "description_kind": "plain",
                      "optional": true
                    },
                    "service_account": {
                      "type": "string",
                      "description": "Service account email generated by onboarding.",
                      "description_kind": "plain",
                      "computed": true
                    }
                  },
                  "description": "Google Cloud Storage provider configuration. Required when provider_type is GCS.",
                  "description_kind": "plain"
                },
                "max_items": 1
              },
              "s3": {
                "nesting_mode": "list",
                "block": {
                  "attributes": {
                    "bucket": {
                      "type": "string",
                      "description": "S3 bucket name.",
                      "description_kind": "plain",
                      "required": true
                    },
                    "prefix": {
                      "type": "string",
                      "description": "Path prefix within the bucket.",
                      "description_kind": "plain",
                      "optional": true
                    },
                    "region": {
                      "type": "string",
                      "description": "AWS region of the S3 bucket.",
                      "description_kind": "plain",
                      "required": true
                    },
                    "user_name": {
                      "type": "string",
                      "description": "IAM user name created by onboarding.",
                      "description_kind": "plain",
                      "computed": true
                    }
                  },
                  "description": "AWS S3 provider configuration. Required when provider_type is S3.",
                  "description_kind": "plain"
                },
                "max_items": 1
              }
            },
            "description_kind": "plain"
          }
        },
        "castai_ai_optimizer_model_specs": {
          "version": 0,
          "block": {
            "attributes": {
              "description": {
                "type": "string",
                "description": "Model description.",
                "description_kind": "plain",
                "optional": true
              },
              "id": {
                "type": "string",
                "description_kind": "plain",
                "optional": true,
                "computed": true
              },
              "model": {
                "type": "string",
                "description": "Model name.",
                "description_kind": "plain",
                "required": true
              },
              "registry_type": {
                "type": "string",
                "description": "Registry type: HUGGING_FACE or PRIVATE.",
                "description_kind": "plain",
                "required": true
              },
              "routable": {
                "type": "bool",
                "description": "Whether the model is routable.",
                "description_kind": "plain",
                "optional": true
              },
              "type": {
                "type": "string",
                "description": "Model type (chat, embeddings, completion, etc.).",
                "description_kind": "plain",
                "optional": true
              }
            },
            "block_types": {
              "huggingface": {
                "nesting_mode": "list",
                "block": {
                  "attributes": {
                    "model_name": {
                      "type": "string",
                      "description": "HuggingFace model name (e.g. meta-llama/Llama-3.1-8B-Instruct).",
                      "description_kind": "plain",
                      "required": true
                    }
                  },
                  "description": "HuggingFace registry configuration. Required when registry_type is HUGGING_FACE.",
                  "description_kind": "plain"
                },
                "max_items": 1
              },
              "private_registry": {
                "nesting_mode": "list",
                "block": {
                  "attributes": {
                    "base_model_id": {
                      "type": "string",
                      "description": "Base model identifier.",
                      "description_kind": "plain",
                      "required": true
                    },
                    "registry_id": {
                      "type": "string",
                      "description": "ID of the castai_ai_optimizer_model_registry resource.",
                      "description_kind": "plain",
                      "required": true
                    }
                  },
                  "description": "Private registry configuration. Required when registry_type is PRIVATE.",
                  "description_kind": "plain"
                },
                "max_items": 1
              }
            },
            "description_kind": "plain"
          }
        },
        "castai_aks_cluster": {
          "version": 0,
          "block": {
            "attributes": {
              "client_id": {
                "type": "string",
                "description": "Azure AD application ID that is created and used by CAST AI.",
                "description_kind": "plain",
                "required": true
              },
              "client_secret": {
                "type": "string",
                "description": "Azure AD application password that will be used by CAST AI.",
                "description_kind": "plain",
                "optional": true,
                "sensitive": true
              },
              "cluster_token": {
                "type": "string",
                "description": "CAST AI cluster token.",
                "description_kind": "plain",
                "computed": true,
                "sensitive": true
              },
              "credentials_id": {
                "type": "string",
                "description": "CAST AI internal credentials ID",
                "description_kind": "plain",
                "computed": true
              },
              "delete_nodes_on_disconnect": {
                "type": "bool",
                "description": "Should CAST AI remove nodes managed by CAST.AI on disconnect.",
                "description_kind": "plain",
                "optional": true
              },
              "federation_id": {
                "type": "string",
                "description": "Azure federation used by CAST AI for secretless auth via impersonation.",
                "description_kind": "plain",
                "optional": true
              },
              "id": {
                "type": "string",
                "description_kind": "plain",
                "optional": true,
                "computed": true
              },
              "name": {
                "type": "string",
                "description": "AKS cluster name.",
                "description_kind": "plain",
                "required": true
              },
              "node_resource_group": {
                "type": "string",
                "description": "Azure resource group in which nodes are and will be created.",
                "description_kind": "plain",
                "required": true
              },
              "organization_id": {
                "type": "string",
                "description": "CAST AI organization ID",
                "description_kind": "plain",
                "computed": true
              },
              "region": {
                "type": "string",
                "description": "AKS cluster region.",
                "description_kind": "plain",
                "required": true
              },
              "subscription_id": {
                "type": "string",
                "description": "ID of the Azure subscription.",
                "description_kind": "plain",
                "required": true
              },
              "tenant_id": {
                "type": "string",
                "description": "Azure AD tenant ID from the used subscription.",
                "description_kind": "plain",
                "required": true
              }
            },
            "block_types": {
              "http_proxy_config": {
                "nesting_mode": "list",
                "block": {
                  "attributes": {
                    "http_proxy": {
                      "type": "string",
                      "description": "Address to use for proxying HTTP requests.",
                      "description_kind": "plain",
                      "optional": true
                    },
                    "https_proxy": {
                      "type": "string",
                      "description": "Address to use for proxying HTTPS/TLS requests.",
                      "description_kind": "plain",
                      "optional": true
                    },
                    "no_proxy": {
                      "type": [
                        "list",
                        "string"
                      ],
                      "description": "List of destinations that should not go through proxy.",
                      "description_kind": "plain",
                      "optional": true
                    }
                  },
                  "description": "HTTP proxy configuration for CAST AI nodes and node components.",
                  "description_kind": "plain"
                },
                "max_items": 1
              },
              "timeouts": {
                "nesting_mode": "single",
                "block": {
                  "attributes": {
                    "create": {
                      "type": "string",
                      "description_kind": "plain",
                      "optional": true
                    },
                    "delete": {
                      "type": "string",
                      "description_kind": "plain",
                      "optional": true
                    },
                    "update": {
                      "type": "string",
                      "description_kind": "plain",
                      "optional": true
                    }
                  },
                  "description_kind": "plain"
                }
              }
            },
            "description": "AKS cluster resource allows connecting an existing AKS cluster to CAST AI.",
            "description_kind": "plain"
          }
        },
        "castai_allocation_group": {
          "version": 0,
          "block": {
            "attributes": {
              "cluster_ids": {
                "type": [
                  "set",
                  "string"
                ],
                "description": "List of CAST AI cluster ids",
                "description_kind": "plain",
                "optional": true
              },
              "id": {
                "type": "string",
                "description_kind": "plain",
                "optional": true,
                "computed": true
              },
              "labels": {
                "type": [
                  "map",
                  "string"
                ],
                "description": "Labels used to select workloads to track",
                "description_kind": "plain",
                "optional": true
              },
              "labels_operator": {
                "type": "string",
                "description": "Operator with which to connect the labels\n\tOR (default) - workload needs to have at least one label to be included\n\tAND - workload needs to have all the labels to be included",
                "description_kind": "plain",
                "optional": true
              },
              "name": {
                "type": "string",
                "description": "Allocation group name",
                "description_kind": "plain",
                "required": true
              },
              "namespaces": {
                "type": [
                  "list",
                  "string"
                ],
                "description": "List of cluster namespaces to track",
                "description_kind": "plain",
                "optional": true
              }
            },
            "description": "Manage allocation group. Allocation group [reference](https://docs.cast.ai/docs/allocation-groups)",
            "description_kind": "plain"
          }
        },
        "castai_autoscaler": {
          "version": 0,
          "block": {
            "attributes": {
              "autoscaler_policies": {
                "type": "string",
                "description": "computed value to store full policies configuration",
                "description_kind": "plain",
                "deprecated": true,
                "computed": true
              },
              "autoscaler_policies_json": {
                "type": "string",
                "description": "autoscaler policies JSON string to override current autoscaler settings",
                "description_kind": "plain",
                "deprecated": true,
                "optional": true
              },
              "cluster_id": {
                "type": "string",
                "description": "CAST AI cluster id",
                "description_kind": "plain",
                "optional": true
              },
              "id": {
                "type": "string",
                "description_kind": "plain",
                "optional": true,
                "computed": true
              }
            },
            "block_types": {
              "autoscaler_settings": {
                "nesting_mode": "list",
                "block": {
                  "attributes": {
                    "enabled": {
                      "type": "bool",
                      "description": "enable/disable autoscaler policies",
                      "description_kind": "plain",
                      "optional": true
                    },
                    "is_scoped_mode": {
                      "type": "bool",
                      "description": "run autoscaler in scoped mode. Only marked pods and nodes will be considered.",
                      "description_kind": "plain",
                      "optional": true
                    },
                    "node_templates_partial_matching_enabled": {
                      "type": "bool",
                      "description": "marks whether partial matching should be used when deciding which custom node template to select.",
                      "description_kind": "plain",
                      "optional": true
                    }
                  },
                  "block_types": {
                    "cluster_limits": {
                      "nesting_mode": "list",
                      "block": {
                        "attributes": {
                          "enabled": {
                            "type": "bool",
                            "description": "enable/disable cluster size limits policy.",
                            "description_kind": "plain",
                            "optional": true
                          }
                        },
                        "block_types": {
                          "cpu": {
                            "nesting_mode": "list",
                            "block": {
                              "attributes": {
                                "max_cores": {
                                  "type": "number",
                                  "description": "defines the maximum allowed amount of vCPUs in the whole cluster.",
                                  "description_kind": "plain",
                                  "optional": true
                                },
                                "min_cores": {
                                  "type": "number",
                                  "description": "defines the minimum allowed amount of CPUs in the whole cluster. This field is deprecated.",
                                  "description_kind": "plain",
                                  "deprecated": true,
                                  "optional": true
                                }
                              },
                              "description": "defines the minimum and maximum amount of CPUs for cluster's worker nodes.",
                              "description_kind": "plain"
                            },
                            "max_items": 1
                          }
                        },
                        "description": "defines minimum and maximum amount of CPU the cluster can have.",
                        "description_kind": "plain"
                      },
                      "max_items": 1
                    },
                    "node_downscaler": {
                      "nesting_mode": "list",
                      "block": {
                        "attributes": {
                          "enabled": {
                            "type": "bool",
                            "description": "enable/disable node downscaler policy.",
                            "description_kind": "plain",
                            "optional": true
                          }
                        },
                        "block_types": {
                          "empty_nodes": {
                            "nesting_mode": "list",
                            "block": {
                              "attributes": {
                                "delay_seconds": {
                                  "type": "number",
                                  "description": "period (in seconds) to wait before removing the node. Might be useful to control the aggressiveness of the downscaler.",
                                  "description_kind": "plain",
                                  "optional": true
                                },
                                "enabled": {
                                  "type": "bool",
                                  "description": "enable/disable the empty worker nodes policy.",
                                  "description_kind": "plain",
                                  "optional": true
                                }
                              },
                              "description": "defines whether Node Downscaler should opt in for removing empty worker nodes when possible.",
                              "description_kind": "plain"
                            },
                            "max_items": 1
                          },
                          "evictor": {
                            "nesting_mode": "list",
                            "block": {
                              "attributes": {
                                "aggressive_mode": {
                                  "type": "bool",
                                  "description": "enable/disable aggressive mode. By default, Evictor does not target nodes that are running unreplicated pods. This mode will make the Evictor start considering application with just a single replica.",
                                  "description_kind": "plain",
                                  "optional": true
                                },
                                "cycle_interval": {
                                  "type": "string",
                                  "description": "configure the interval duration between Evictor operations. This property can be used to lower or raise the frequency of the Evictor's find-and-drain operations.",
                                  "description_kind": "plain",
                                  "optional": true
                                },
                                "dry_run": {
                                  "type": "bool",
                                  "description": "enable/disable dry-run. This property allows you to prevent the Evictor from carrying any operations out and preview the actions it would take.",
                                  "description_kind": "plain",
                                  "optional": true
                                },
                                "enabled": {
                                  "type": "bool",
                                  "description": "enable/disable the Evictor policy. This will either install or uninstall the Evictor component in your cluster.",
                                  "description_kind": "plain",
                                  "optional": true
                                },
                                "ignore_pod_disruption_budgets": {
                                  "type": "bool",
                                  "description": "if enabled then Evictor will attempt to evict pods that have pod disruption budgets configured.",
                                  "description_kind": "plain",
                                  "optional": true
                                },
                                "node_grace_period_minutes": {
                                  "type": "number",
                                  "description": "configure the node grace period which controls the duration which must pass after a node has been created before Evictor starts considering that node.",
                                  "description_kind": "plain",
                                  "optional": true
                                },
                                "pod_eviction_failure_back_off_interval": {
                                  "type": "string",
                                  "description": "configure the pod eviction failure back off interval. If pod eviction fails then Evictor will attempt to evict it again after the amount of time specified here.",
                                  "description_kind": "plain",
                                  "optional": true
                                },
                                "scoped_mode": {
                                  "type": "bool",
                                  "description": "enable/disable scoped mode. By default, Evictor targets all nodes in the cluster. This mode will constrain it to just the nodes which were created by CAST AI.",
                                  "description_kind": "plain",
                                  "optional": true
                                }
                              },
                              "description": "defines the CAST AI Evictor component settings. Evictor watches the pods running in your cluster and looks for ways to compact them into fewer nodes, making nodes empty, which will be removed by the empty worker nodes policy.",
                              "description_kind": "plain"
                            },
                            "max_items": 1
                          }
                        },
                        "description": "node downscaler defines policies for removing nodes based on the configured conditions.",
                        "description_kind": "plain"
                      },
                      "max_items": 1
                    },
                    "spot_instances": {
                      "nesting_mode": "list",
                      "block": {
                        "attributes": {
                          "enabled": {
                            "type": "bool",
                            "description": "enable/disable spot instances policy.",
                            "description_kind": "plain",
                            "deprecated": true,
                            "optional": true
                          },
                          "max_reclaim_rate": {
                            "type": "number",
                            "description": "max allowed reclaim rate when choosing spot instance type. E.g. if the value is 10%, instance types having 10% or higher reclaim rate will not be considered. Set to zero to use all instance types regardless of reclaim rate.",
                            "description_kind": "plain",
                            "deprecated": true,
                            "optional": true
                          },
                          "spot_diversity_enabled": {
                            "type": "bool",
                            "description": "enable/disable spot diversity policy. When enabled, autoscaler will try to balance between diverse and cost optimal instance types.",
                            "description_kind": "plain",
                            "deprecated": true,
                            "optional": true
                          },
                          "spot_diversity_price_increase_limit": {
                            "type": "number",
                            "description": "allowed node configuration price increase when diversifying instance types. E.g. if the value is 10%, then the overall price of diversified instance types can be 10% higher than the price of the optimal configuration.",
                            "description_kind": "plain",
                            "deprecated": true,
                            "optional": true
                          }
                        },
                        "block_types": {
                          "spot_backups": {
                            "nesting_mode": "list",
                            "block": {
                              "attributes": {
                                "enabled": {
                                  "type": "bool",
                                  "description": "enable/disable spot backups policy.",
                                  "description_kind": "plain",
                                  "optional": true
                                },
                                "spot_backup_restore_rate_seconds": {
                                  "type": "number",
                                  "description": "defines interval on how often spot backups restore to real spot should occur.",
                                  "description_kind": "plain",
                                  "optional": true
                                }
                              },
                              "description": "policy defining whether autoscaler can use spot backups instead of spot instances when spot instances are not available.",
                              "description_kind": "plain",
                              "deprecated": true
                            },
                            "max_items": 1
                          },
                          "spot_interruption_predictions": {
                            "nesting_mode": "list",
                            "block": {
                              "attributes": {
                                "enabled": {
                                  "type": "bool",
                                  "description": "enable/disable spot interruption predictions.",
                                  "description_kind": "plain",
                                  "optional": true
                                },
                                "spot_interruption_predictions_type": {
                                  "type": "string",
                                  "description": "define the type of the spot interruption prediction to handle. The value \"AWSRebalanceRecommendations\" is deprecated; use \"CASTAIInterruptionPredictions\".",
                                  "description_kind": "plain",
                                  "deprecated": true,
                                  "optional": true
                                }
                              },
                              "description": "configure the handling of SPOT interruption predictions.",
                              "description_kind": "plain",
                              "deprecated": true
                            },
                            "max_items": 1
                          }
                        },
                        "description": "policy defining whether autoscaler can use spot instances for provisioning additional workloads.",
                        "description_kind": "plain",
                        "deprecated": true
                      },
                      "max_items": 1
                    },
                    "unschedulable_pods": {
                      "nesting_mode": "list",
                      "block": {
                        "attributes": {
                          "custom_instances_enabled": {
                            "type": "bool",
                            "description": "enable/disable custom instances policy.",
                            "description_kind": "plain",
                            "deprecated": true,
                            "optional": true
                          },
                          "enabled": {
                            "type": "bool",
                            "description": "enable/disable unschedulable pods detection policy.",
                            "description_kind": "plain",
                            "optional": true
                          }
                        },
                        "block_types": {
                          "headroom": {
                            "nesting_mode": "list",
                            "block": {
                              "attributes": {
                                "cpu_percentage": {
                                  "type": "number",
                                  "description": "defines percentage of additional CPU capacity to be added.",
                                  "description_kind": "plain",
                                  "optional": true
                                },
                                "enabled": {
                                  "type": "bool",
                                  "description": "enable/disable headroom policy.",
                                  "description_kind": "plain",
                                  "optional": true
                                },
                                "memory_percentage": {
                                  "type": "number",
                                  "description": "defines percentage of additional memory capacity to be added.",
                                  "description_kind": "plain",
                                  "optional": true
                                }
                              },
                              "description": "additional headroom based on cluster's total available capacity for on-demand nodes.",
                              "description_kind": "plain",
                              "deprecated": true
                            },
                            "max_items": 1
                          },
                          "headroom_spot": {
                            "nesting_mode": "list",
                            "block": {
                              "attributes": {
                                "cpu_percentage": {
                                  "type": "number",
                                  "description": "defines percentage of additional CPU capacity to be added.",
                                  "description_kind": "plain",
                                  "optional": true
                                },
                                "enabled": {
                                  "type": "bool",
                                  "description": "enable/disable headroom_spot policy.",
                                  "description_kind": "plain",
                                  "optional": true
                                },
                                "memory_percentage": {
                                  "type": "number",
                                  "description": "defines percentage of additional memory capacity to be added.",
                                  "description_kind": "plain",
                                  "optional": true
                                }
                              },
                              "description": "additional headroom based on cluster's total available capacity for spot nodes.",
                              "description_kind": "plain",
                              "deprecated": true
                            },
                            "max_items": 1
                          },
                          "node_constraints": {
                            "nesting_mode": "list",
                            "block": {
                              "attributes": {
                                "enabled": {
                                  "type": "bool",
                                  "description": "enable/disable node constraints policy.",
                                  "description_kind": "plain",
                                  "optional": true
                                },
                                "max_cpu_cores": {
                                  "type": "number",
                                  "description": "defines max CPU cores for the node to pick.",
                                  "description_kind": "plain",
                                  "optional": true
                                },
                                "max_ram_mib": {
                                  "type": "number",
                                  "description": "defines max RAM in MiB for the node to pick.",
                                  "description_kind": "plain",
                                  "optional": true
                                },
                                "min_cpu_cores": {
                                  "type": "number",
                                  "description": "defines min CPU cores for the node to pick.",
                                  "description_kind": "plain",
                                  "optional": true
                                },
                                "min_ram_mib": {
                                  "type": "number",
                                  "description": "defines min RAM in MiB for the node to pick.",
                                  "description_kind": "plain",
                                  "optional": true
                                }
                              },
                              "description": "defines the node constraints that will be applied when autoscaling with Unschedulable Pods policy.",
                              "description_kind": "plain",
                              "deprecated": true
                            },
                            "max_items": 1
                          },
                          "pod_pinner": {
                            "nesting_mode": "list",
                            "block": {
                              "attributes": {
                                "enabled": {
                                  "type": "bool",
                                  "description": "enable/disable the Pod Pinner component's automatic management in your cluster. Default: enabled.",
                                  "description_kind": "plain",
                                  "optional": true
                                }
                              },
                              "description": "defines the Cast AI Pod Pinner components settings.",
                              "description_kind": "plain"
                            },
                            "max_items": 1
                          }
                        },
                        "description": "policy defining autoscaler's behavior when unschedulable pods were detected.",
                        "description_kind": "plain"
                      },
                      "max_items": 1
                    }
                  },
                  "description": "autoscaler policy definitions to override current autoscaler settings",
                  "description_kind": "plain"
                },
                "max_items": 1
              },
              "timeouts": {
                "nesting_mode": "single",
                "block": {
                  "attributes": {
                    "create": {
                      "type": "string",
                      "description_kind": "plain",
                      "optional": true
                    },
                    "update": {
                      "type": "string",
                      "description_kind": "plain",
                      "optional": true
                    }
                  },
                  "description_kind": "plain"
                }
              }
            },
            "description": "CAST AI autoscaler resource to manage autoscaler settings",
            "description_kind": "plain"
          }
        },
        "castai_cache_configuration": {
          "version": 0,
          "block": {
            "attributes": {
              "cache_group_id": {
                "type": "string",
                "description": "ID of the cache group this configuration belongs to.",
                "description_kind": "plain",
                "required": true
              },
              "database_name": {
                "type": "string",
                "description": "Logical database name to cache.",
                "description_kind": "plain",
                "required": true
              },
              "id": {
                "type": "string",
                "description_kind": "plain",
                "optional": true,
                "computed": true
              },
              "mode": {
                "type": "string",
                "description": "Caching mode for this database. Valid values: Auto, DontCache, Manual.",
                "description_kind": "plain",
                "required": true
              }
            },
            "block_types": {
              "timeouts": {
                "nesting_mode": "single",
                "block": {
                  "attributes": {
                    "create": {
                      "type": "string",
                      "description_kind": "plain",
                      "optional": true
                    },
                    "delete": {
                      "type": "string",
                      "description_kind": "plain",
                      "optional": true
                    },
                    "read": {
                      "type": "string",
                      "description_kind": "plain",
                      "optional": true
                    },
                    "update": {
                      "type": "string",
                      "description_kind": "plain",
                      "optional": true
                    }
                  },
                  "description_kind": "plain"
                }
              }
            },
            "description": "Manage CAST AI DBO Cache Configuration. Cache configurations define caching behavior for specific databases within a cache group.",
            "description_kind": "plain"
          }
        },
        "castai_cache_group": {
          "version": 0,
          "block": {
            "attributes": {
              "direct_mode": {
                "type": "bool",
                "description": "Enable direct mode for the cache group.",
                "description_kind": "plain",
                "optional": true
              },
              "id": {
                "type": "string",
                "description_kind": "plain",
                "optional": true,
                "computed": true
              },
              "name": {
                "type": "string",
                "description": "Display name for the cache group.",
                "description_kind": "plain",
                "required": true
              },
              "protocol_type": {
                "type": "string",
                "description": "Database protocol type. Valid values: MySQL or PostgreSQL",
                "description_kind": "plain",
                "required": true
              }
            },
            "block_types": {
              "endpoints": {
                "nesting_mode": "list",
                "block": {
                  "attributes": {
                    "hostname": {
                      "type": "string",
                      "description": "Database instance hostname.",
                      "description_kind": "plain",
                      "required": true
                    },
                    "name": {
                      "type": "string",
                      "description": "Name for the endpoint.",
                      "description_kind": "plain",
                      "required": true
                    },
                    "port": {
                      "type": "number",
                      "description": "Database instance port.",
                      "description_kind": "plain",
                      "required": true
                    }
                  },
                  "description": "Connection endpoints for the cache group. At least one endpoint is required when specified.",
                  "description_kind": "plain"
                }
              },
              "timeouts": {
                "nesting_mode": "single",
                "block": {
                  "attributes": {
                    "create": {
                      "type": "string",
                      "description_kind": "plain",
                      "optional": true
                    },
                    "delete": {
                      "type": "string",
                      "description_kind": "plain",
                      "optional": true
                    },
                    "read": {
                      "type": "string",
                      "description_kind": "plain",
                      "optional": true
                    },
                    "update": {
                      "type": "string",
                      "description_kind": "plain",
                      "optional": true
                    }
                  },
                  "description_kind": "plain"
                }
              }
            },
            "description": "Manage CAST AI DBO Cache Group. Cache groups enable query caching for database workloads.",
            "description_kind": "plain"
          }
        },
        "castai_cache_rule": {
          "version": 0,
          "block": {
            "attributes": {
              "cache_configuration_id": {
                "type": "string",
                "description": "ID of the cache configuration this rule belongs to.",
                "description_kind": "plain",
                "required": true
              },
              "cache_group_id": {
                "type": "string",
                "description": "ID of the cache group this rule belongs to.",
                "description_kind": "plain",
                "required": true
              },
              "id": {
                "type": "string",
                "description_kind": "plain",
                "optional": true,
                "computed": true
              },
              "manual_ttl": {
                "type": "number",
                "description": "TTL in seconds. Required when mode is Manual.",
                "description_kind": "plain",
                "optional": true
              },
              "mode": {
                "type": "string",
                "description": "TTL mode for queries matching this rule. Valid values: Auto, DontCache, Manual.",
                "description_kind": "plain",
                "required": true
              },
              "table": {
                "type": "string",
                "description": "Database table name to apply this rule to. Either table or template_hash must be specified.",
                "description_kind": "plain",
                "optional": true
              },
              "template_hash": {
                "type": "string",
                "description": "Hash of the query template. Either table or template_hash must be specified.",
                "description_kind": "plain",
                "optional": true
              }
            },
            "block_types": {
              "timeouts": {
                "nesting_mode": "single",
                "block": {
                  "attributes": {
                    "create": {
                      "type": "string",
                      "description_kind": "plain",
                      "optional": true
                    },
                    "delete": {
                      "type": "string",
                      "description_kind": "plain",
                      "optional": true
                    },
                    "read": {
                      "type": "string",
                      "description_kind": "plain",
                      "optional": true
                    },
                    "update": {
                      "type": "string",
                      "description_kind": "plain",
                      "optional": true
                    }
                  },
                  "description_kind": "plain"
                }
              }
            },
            "description": "Manage CAST AI DBO Cache Rule (TTL Configuration). Cache rules define caching behavior and TTL settings for specific queries or tables within a cache configuration.",
            "description_kind": "plain"
          }
        },
        "castai_commitments": {
          "version": 0,
          "block": {
            "attributes": {
              "azure_reservations": {
                "type": [
                  "list",
                  [
                    "object",
                    {
                      "allowed_usage": "number",
                      "assignments": [
                        "list",
                        [
                          "object",
                          {
                            "cluster_id": "string",
                            "priority": "number"
                          }
                        ]
                      ],
                      "count": "number",
                      "end_timestamp": "string",
                      "id": "string",
                      "instance_type": "string",
                      "name": "string",
                      "plan": "string",
                      "prioritization": "bool",
                      "region": "string",
                      "reservation_id": "string",
                      "reservation_status": "string",
                      "scaling_strategy": "string",
                      "scope": "string",
                      "scope_resource_group": "string",
                      "scope_subscription": "string",
                      "start_timestamp": "string",
                      "status": "string"
                    }
                  ]
                ],
                "description": "List of Azure reservations.",
                "description_kind": "plain",
                "computed": true
              },
              "azure_reservations_csv": {
                "type": "string",
                "description": "CSV file containing reservations exported from Azure.",
                "description_kind": "plain",
                "optional": true
              },
              "gcp_cuds": {
                "type": [
                  "list",
                  [
                    "object",
                    {
                      "allowed_usage": "number",
                      "assignments": [
                        "list",
                        [
                          "object",
                          {
                            "cluster_id": "string",
                            "priority": "number"
                          }
                        ]
                      ],
                      "cpu": "number",
                      "cud_id": "string",
                      "cud_status": "string",
                      "end_timestamp": "string",
                      "id": "string",
                      "memory_mb": "number",
                      "name": "string",
                      "plan": "string",
                      "prioritization": "bool",
                      "region": "string",
                      "scaling_strategy": "string",
                      "start_timestamp": "string",
                      "status": "string",
                      "type": "string"
                    }
                  ]
                ],
                "description": "List of GCP CUDs.",
                "description_kind": "plain",
                "computed": true
              },
              "gcp_cuds_json": {
                "type": "string",
                "description": "JSON file containing CUDs exported from GCP.",
                "description_kind": "plain",
                "optional": true
              },
              "id": {
                "type": "string",
                "description_kind": "plain",
                "optional": true,
                "computed": true
              },
              "import_mode": {
                "type": "string",
                "description": "Import mode. OVERWRITE replaces all commitments for the CSP. APPEND upserts without deleting existing ones.",
                "description_kind": "plain",
                "optional": true
              },
              "organization_id": {
                "type": "string",
                "description": "Organization ID. If not provided, will be fetched from the API using the authentication token.",
                "description_kind": "plain",
                "optional": true
              }
            },
            "block_types": {
              "commitment_configs": {
                "nesting_mode": "list",
                "block": {
                  "attributes": {
                    "allowed_usage": {
                      "type": "number",
                      "description": "Allowed usage of the commitment. The value is between 0 (0%) and 1 (100%).",
                      "description_kind": "plain",
                      "optional": true
                    },
                    "auto_assignment": {
                      "type": "bool",
                      "description": "If enabled, the commitment is automatically assigned to all clusters in the matching region. When disabled, only explicitly listed cluster assignments are used.",
                      "description_kind": "plain",
                      "optional": true
                    },
                    "prioritization": {
                      "type": "bool",
                      "description": "If enabled, it's possible to assign priorities to the assigned clusters.",
                      "description_kind": "plain",
                      "optional": true
                    },
                    "scaling_strategy": {
                      "type": "string",
                      "description": "Scaling strategy of the commitment in CAST AI. One of: Default, CPUBased, RamBased",
                      "description_kind": "plain",
                      "optional": true
                    },
                    "status": {
                      "type": "string",
                      "description": "Status of the commitment in CAST AI.",
                      "description_kind": "plain",
                      "optional": true
                    }
                  },
                  "block_types": {
                    "assignments": {
                      "nesting_mode": "list",
                      "block": {
                        "attributes": {
                          "cluster_id": {
                            "type": "string",
                            "description": "ID of the cluster to assign the commitment to.",
                            "description_kind": "plain",
                            "required": true
                          },
                          "priority": {
                            "type": "number",
                            "description": "Priority of the assignment. The lower the value, the higher the priority. 1 is the highest priority.",
                            "description_kind": "plain",
                            "computed": true
                          }
                        },
                        "description": "List of assigned clusters for the commitment. If prioritization is enabled, the order of the assignments indicates the priority. The first assignment has the highest priority.",
                        "description_kind": "plain"
                      }
                    },
                    "matcher": {
                      "nesting_mode": "list",
                      "block": {
                        "attributes": {
                          "name": {
                            "type": "string",
                            "description": "Name of the commitment to match.",
                            "description_kind": "plain",
                            "required": true
                          },
                          "region": {
                            "type": "string",
                            "description": "Region of the commitment to match.",
                            "description_kind": "plain",
                            "required": true
                          },
                          "type": {
                            "type": "string",
                            "description": "Type of the commitment to match. For compute resources, it's the type of the machine.",
                            "description_kind": "plain",
                            "optional": true
                          }
                        },
                        "description": "Matcher used to map config to a commitment.",
                        "description_kind": "plain"
                      },
                      "min_items": 1,
                      "max_items": 1
                    }
                  },
                  "description": "List of commitment configurations.",
                  "description_kind": "plain"
                }
              },
              "timeouts": {
                "nesting_mode": "single",
                "block": {
                  "attributes": {
                    "create": {
                      "type": "string",
                      "description_kind": "plain",
                      "optional": true
                    },
                    "update": {
                      "type": "string",
                      "description_kind": "plain",
                      "optional": true
                    }
                  },
                  "description_kind": "plain"
                }
              }
            },
            "description": "Commitments represent cloud service provider reserved instances (Azure) and commited use discounts (GCP) that can be used by CAST AI autoscaler.",
            "description_kind": "plain"
          }
        },
        "castai_edge_configuration": {
          "version": 0,
          "block": {
            "attributes": {
              "cluster_id": {
                "type": "string",
                "description": "CAST AI cluster ID",
                "description_kind": "plain",
                "required": true
              },
              "default": {
                "type": "bool",
                "description": "Whether this edge configuration is the default one",
                "description_kind": "plain",
                "computed": true
              },
              "edge_location_id": {
                "type": "string",
                "description": "Edge location ID",
                "description_kind": "plain",
                "required": true
              },
              "id": {
                "type": "string",
                "description": "Edge configuration ID",
                "description_kind": "plain",
                "computed": true
              },
              "name": {
                "type": "string",
                "description": "Name of the edge configuration",
                "description_kind": "plain",
                "required": true
              },
              "organization_id": {
                "type": "string",
                "description": "CAST AI organization ID",
                "description_kind": "plain",
                "required": true
              },
              "user_data_base64": {
                "type": "string",
                "description": "Base64 encoded user data to run on the edge as part of bootstrap. The payload must start with either `#cloud-config` (cloud-init YAML) or `#!` (shell script with a shebang)",
                "description_kind": "plain",
                "optional": true
              }
            },
            "description": "Manage CAST AI Edge Configuration for edge computing deployments",
            "description_kind": "plain",
            "block_types": {
              "aws": {
                "block": {
                  "attributes": {
                    "boot_disk_size_gib": {
                      "type": "number",
                      "description": "Boot disk size in GiB",
                      "description_kind": "plain",
                      "optional": true
                    },
                    "image_id": {
                      "type": "string",
                      "description": "ImageID to be used for edge creation. It can be an AMI ID (for example 'ami-0abcdef1234567890') or a name filter (for example 'al2023-ami-ecs-hvm-*')",
                      "description_kind": "plain",
                      "optional": true
                    },
                    "tags": {
                      "type": [
                        "map",
                        "string"
                      ],
                      "description": "Instance/VM tags",
                      "description_kind": "plain",
                      "optional": true
                    }
                  },
                  "description_kind": "plain",
                  "description": "AWS specific configuration"
                },
                "nesting_mode": "single",
                "min_items": 0,
                "max_items": 1
              },
              "cri": {
                "block": {
                  "attributes": {
                    "socket": {
                      "type": "string",
                      "description": "Path to an existing CRI socket. Example: unix:///run/containerd/containerd.sock",
                      "description_kind": "plain",
                      "optional": true
                    }
                  },
                  "description_kind": "plain",
                  "description": "CRI (Container Runtime Interface) configuration for the edge node. Set this when you want kubelet to connect to a container runtime you have set up explicitly on the node. Currently only containerd is officially supported."
                },
                "nesting_mode": "single",
                "min_items": 0,
                "max_items": 1
              },
              "custom": {
                "block": {
                  "attributes": {
                    "custom": {
                      "type": [
                        "map",
                        "string"
                      ],
                      "description": "Custom cloud configuration as key-value pairs",
                      "description_kind": "plain",
                      "optional": true
                    }
                  },
                  "description_kind": "plain",
                  "description": "Custom cloud specific configuration"
                },
                "nesting_mode": "single",
                "min_items": 0,
                "max_items": 1
              },
              "gcp": {
                "block": {
                  "attributes": {
                    "boot_disk_size_gib": {
                      "type": "number",
                      "description": "Boot disk size in GiB",
                      "description_kind": "plain",
                      "optional": true
                    },
                    "image_id": {
                      "type": "string",
                      "description": "Exact image ID (for example 'projects/castai-public-339919/global/images/ubuntu-2404-lts-amd64-cuda') or image family (for example `projects/ubuntu-os-cloud/global/images/family/ubuntu-2404-lts-amd64`) to be used for edge creation",
                      "description_kind": "plain",
                      "optional": true
                    },
                    "labels": {
                      "type": [
                        "map",
                        "string"
                      ],
                      "description": "Instance/VM labels",
                      "description_kind": "plain",
                      "optional": true
                    }
                  },
                  "description_kind": "plain",
                  "description": "GCP specific configuration"
                },
                "nesting_mode": "single",
                "min_items": 0,
                "max_items": 1
              },
              "oci": {
                "block": {
                  "attributes": {
                    "boot_disk_size_gib": {
                      "type": "number",
                      "description": "Boot disk size in GiB",
                      "description_kind": "plain",
                      "optional": true
                    },
                    "image_id": {
                      "type": "string",
                      "description": "ImageID to be used for edge creation. It can be an AMI ID (for example 'ami-0abcdef1234567890') or a name filter (for example 'al2023-ami-ecs-hvm-*')",
                      "description_kind": "plain",
                      "optional": true
                    },
                    "tags": {
                      "type": [
                        "map",
                        "string"
                      ],
                      "description": "Instance/VM tags",
                      "description_kind": "plain",
                      "optional": true
                    }
                  },
                  "description_kind": "plain",
                  "description": "OCI specific configuration"
                },
                "nesting_mode": "single",
                "min_items": 0,
                "max_items": 1
              }
            }
          }
        },
        "castai_edge_configuration_default": {
          "version": 0,
          "block": {
            "attributes": {
              "cloud_provider": {
                "type": "string",
                "description": "Cloud provider type (gcp, aws, oci, custom)",
                "description_kind": "plain",
                "computed": true
              },
              "cluster_id": {
                "type": "string",
                "description": "CAST AI cluster ID",
                "description_kind": "plain",
                "required": true
              },
              "configuration_id": {
                "type": "string",
                "description": "ID of the edge configuration to set as default",
                "description_kind": "plain",
                "required": true
              },
              "edge_location_id": {
                "type": "string",
                "description": "Edge location ID",
                "description_kind": "plain",
                "required": true
              },
              "id": {
                "type": "string",
                "description": "Terraform resource ID (the configuration_id)",
                "description_kind": "plain",
                "computed": true
              },
              "name": {
                "type": "string",
                "description": "Name of the edge configuration",
                "description_kind": "plain",
                "computed": true
              },
              "organization_id": {
                "type": "string",
                "description": "CAST AI organization ID",
                "description_kind": "plain",
                "required": true
              }
            },
            "description": "Manages the default CAST AI Edge Configuration for an edge location. This resource sets an existing edge configuration as the default for the specified edge location.",
            "description_kind": "plain"
          }
        },
        "castai_edge_location": {
          "version": 0,
          "block": {
            "attributes": {
              "cluster_id": {
                "type": "string",
                "description": "CAST AI cluster ID",
                "description_kind": "plain",
                "required": true
              },
              "control_plane_mode": {
                "type": "string",
                "description": "The mode of control plane inside edge location. Valid values: DEDICATED, SHARED.",
                "description_kind": "plain",
                "optional": true,
                "computed": true
              },
              "credentials_revision": {
                "type": "number",
                "description": "Revision number incremented each time credentials change",
                "description_kind": "plain",
                "computed": true
              },
              "description": {
                "type": "string",
                "description": "Description of the edge location",
                "description_kind": "plain",
                "optional": true
              },
              "id": {
                "type": "string",
                "description": "Edge location ID",
                "description_kind": "plain",
                "computed": true
              },
              "name": {
                "type": "string",
                "description": "Name of the edge location. Must be unique and relatively short as it's used for creating service accounts.",
                "description_kind": "plain",
                "required": true
              },
              "organization_id": {
                "type": "string",
                "description": "CAST AI organization ID",
                "description_kind": "plain",
                "required": true
              },
              "region": {
                "type": "string",
                "description": "The region where the edge location is deployed. Required for AWS, GCP and OCI providers.",
                "description_kind": "plain",
                "optional": true
              }
            },
            "description": "Manage CAST AI Edge Location for edge computing deployments",
            "description_kind": "plain",
            "block_types": {
              "addons": {
                "block": {
                  "attributes": {
                    "name": {
                      "type": "string",
                      "description": "Addon identifier. One of: nvidia-gpu-operator, nvidia-dra, nvidia-network-operator, oci-csi.",
                      "description_kind": "plain",
                      "required": true
                    },
                    "values": {
                      "type": "string",
                      "description": "Helm values for the addon, encoded as a JSON object. Deep-merged over the chart's default values.",
                      "description_kind": "plain",
                      "optional": true
                    }
                  },
                  "description_kind": "plain",
                  "description": "Optional addons to install on the edge cluster. Defaults to installing nvidia-gpu-operator. Set to an empty list to install no optional addons."
                },
                "nesting_mode": "list",
                "min_items": 0,
                "max_items": 0
              },
              "aws": {
                "block": {
                  "attributes": {
                    "access_key_id_wo": {
                      "type": "string",
                      "description": "AWS access key ID",
                      "description_kind": "plain",
                      "optional": true,
                      "sensitive": true
                    },
                    "account_id": {
                      "type": "string",
                      "description": "AWS account ID",
                      "description_kind": "plain",
                      "optional": true
                    },
                    "instance_profile": {
                      "type": "string",
                      "description": "AWS IAM instance profile ARN to be attached to edge instances. It can be used to grant permissions to access other AWS resources such as ECR.",
                      "description_kind": "plain",
                      "optional": true
                    },
                    "name_tag": {
                      "type": "string",
                      "description": "The value of a 'Name' tag applied to VPC resources",
                      "description_kind": "plain",
                      "deprecated": true,
                      "optional": true
                    },
                    "role_arn": {
                      "type": "string",
                      "description": "AWS IAM role ARN used for Google OIDC federation impersonation",
                      "description_kind": "plain",
                      "optional": true
                    },
                    "secret_access_key_wo": {
                      "type": "string",
                      "description": "AWS secret access key",
                      "description_kind": "plain",
                      "optional": true,
                      "sensitive": true
                    },
                    "security_group_id": {
                      "type": "string",
                      "description": "Security group ID to be used in the selected region",
                      "description_kind": "plain",
                      "optional": true
                    },
                    "subnet_ids": {
                      "type": [
                        "map",
                        "string"
                      ],
                      "description": "Map of zone names to subnet IDs to be used in the selected region",
                      "description_kind": "plain",
                      "optional": true
                    },
                    "vpc_cidr": {
                      "type": "string",
                      "description": "VPC IPv4 CIDR block",
                      "description_kind": "plain",
                      "optional": true
                    },
                    "vpc_id": {
                      "type": "string",
                      "description": "VPC ID to be used in the selected region",
                      "description_kind": "plain",
                      "optional": true
                    },
                    "vpc_peered": {
                      "type": "bool",
                      "description": "Whether existing VPC is peered with main cluster's VPC. Field is ignored if vpc_id is not provided or main cluster is not EKS",
                      "description_kind": "plain",
                      "optional": true
                    }
                  },
                  "description_kind": "plain",
                  "description": "AWS configuration for the edge location"
                },
                "nesting_mode": "single",
                "min_items": 0,
                "max_items": 1
              },
              "control_plane": {
                "block": {
                  "attributes": {
                    "ha": {
                      "type": "bool",
                      "description": "Whether to use HA mode for control plane. If not set, default is HA.",
                      "description_kind": "plain",
                      "optional": true,
                      "computed": true
                    }
                  },
                  "description_kind": "plain",
                  "description": "Control plane configuration. Only valid when control_plane_mode is SHARED."
                },
                "nesting_mode": "single",
                "min_items": 0,
                "max_items": 1
              },
              "custom": {
                "block": {
                  "attributes": {},
                  "description_kind": "plain",
                  "description": "Custom cloud provider configuration for the edge location"
                },
                "nesting_mode": "single",
                "min_items": 0,
                "max_items": 1
              },
              "gcp": {
                "block": {
                  "attributes": {
                    "client_service_account_json_base64_wo": {
                      "type": "string",
                      "description": "Base64 encoded service account JSON for provisioning edge resources",
                      "description_kind": "plain",
                      "optional": true,
                      "sensitive": true
                    },
                    "instance_service_account": {
                      "type": "string",
                      "description": "GCP service account email to be attached to edge instances. It can be used to grant permissions to access other GCP resources.",
                      "description_kind": "plain",
                      "optional": true
                    },
                    "network_name": {
                      "type": "string",
                      "description": "The name of the network to be used in the selected region",
                      "description_kind": "plain",
                      "optional": true
                    },
                    "network_tags": {
                      "type": [
                        "set",
                        "string"
                      ],
                      "description": "Tags applied on the provisioned cloud resources and the firewall rule",
                      "description_kind": "plain",
                      "optional": true
                    },
                    "project_id": {
                      "type": "string",
                      "description": "GCP project ID where edges run",
                      "description_kind": "plain",
                      "optional": true
                    },
                    "subnet_cidr": {
                      "type": "string",
                      "description": "VPC Subnet IPv4 CIDR block",
                      "description_kind": "plain",
                      "optional": true
                    },
                    "subnet_name": {
                      "type": "string",
                      "description": "The name of the subnetwork to be used in the selected region",
                      "description_kind": "plain",
                      "optional": true
                    },
                    "target_service_account_email": {
                      "type": "string",
                      "description": "Target service account email to be used for impersonation",
                      "description_kind": "plain",
                      "optional": true
                    }
                  },
                  "description_kind": "plain",
                  "description": "GCP configuration for the edge location"
                },
                "nesting_mode": "single",
                "min_items": 0,
                "max_items": 1
              },
              "networking": {
                "block": {
                  "attributes": {
                    "tunneled_cidrs": {
                      "type": [
                        "list",
                        "string"
                      ],
                      "description": "List of destination CIDR blocks whose traffic should be routed through the main cluster instead of directly from the edge cluster.",
                      "description_kind": "plain",
                      "optional": true
                    }
                  },
                  "description_kind": "plain",
                  "block_types": {
                    "cni": {
                      "block": {
                        "attributes": {
                          "overlay": {
                            "type": "string",
                            "description": "Overlay mode for kube-router pod-to-pod traffic. Valid values: OVERLAY_UNSPECIFIED, OVERLAY_OFF, OVERLAY_SUBNET, OVERLAY_FULL.",
                            "description_kind": "plain",
                            "optional": true
                          },
                          "overlay_encap": {
                            "type": "string",
                            "description": "Encapsulation protocol used by the overlay. Valid values: OVERLAY_ENCAP_UNSPECIFIED, OVERLAY_ENCAP_IPIP, OVERLAY_ENCAP_FOU.",
                            "description_kind": "plain",
                            "optional": true
                          }
                        },
                        "description_kind": "plain",
                        "description": "CNI (kube-router) configuration for the edge cluster."
                      },
                      "nesting_mode": "single",
                      "min_items": 0,
                      "max_items": 1
                    }
                  },
                  "description": "Edge cluster networking configuration."
                },
                "nesting_mode": "single",
                "min_items": 0,
                "max_items": 1
              },
              "oci": {
                "block": {
                  "attributes": {
                    "compartment_id": {
                      "type": "string",
                      "description": "OCI compartment ID of edge location",
                      "description_kind": "plain",
                      "optional": true
                    },
                    "fingerprint_wo": {
                      "type": "string",
                      "description": "API key fingerprint",
                      "description_kind": "plain",
                      "sensitive": true,
                      "optional": true
                    },
                    "private_key_base64_wo": {
                      "type": "string",
                      "description": "Base64 encoded API private key",
                      "description_kind": "plain",
                      "sensitive": true,
                      "optional": true
                    },
                    "security_group_id": {
                      "type": "string",
                      "description": "OCI network security group ID",
                      "description_kind": "plain",
                      "optional": true
                    },
                    "subnet_id": {
                      "type": "string",
                      "description": "OCI subnet ID of edge location",
                      "description_kind": "plain",
                      "optional": true
                    },
                    "tenancy_id": {
                      "type": "string",
                      "description": "OCI tenancy ID of the account",
                      "description_kind": "plain",
                      "optional": true
                    },
                    "user_id_wo": {
                      "type": "string",
                      "description": "User ID used to authenticate OCI",
                      "description_kind": "plain",
                      "optional": true
                    },
                    "vcn_cidr": {
                      "type": "string",
                      "description": "OCI VCN IPv4 CIDR block",
                      "description_kind": "plain",
                      "optional": true
                    },
                    "vcn_id": {
                      "type": "string",
                      "description": "OCI virtual cloud network ID",
                      "description_kind": "plain",
                      "optional": true
                    }
                  },
                  "description_kind": "plain",
                  "description": "OCI configuration for the edge location"
                },
                "nesting_mode": "single",
                "min_items": 0,
                "max_items": 1
              },
              "zones": {
                "block": {
                  "attributes": {
                    "id": {
                      "type": "string",
                      "description": "The ID of the zone",
                      "description_kind": "plain",
                      "required": true
                    },
                    "name": {
                      "type": "string",
                      "description": "The name of the zone",
                      "description_kind": "plain",
                      "required": true
                    }
                  },
                  "description_kind": "plain",
                  "description": "List of availability zones for the edge location"
                },
                "nesting_mode": "list",
                "min_items": 0,
                "max_items": 0
              }
            }
          }
        },
        "castai_eks_cluster": {
          "version": 0,
          "block": {
            "attributes": {
              "account_id": {
                "type": "string",
                "description": "ID of AWS account",
                "description_kind": "plain",
                "required": true
              },
              "assume_role_arn": {
                "type": "string",
                "description": "AWS IAM role ARN that will be assumed by CAST AI user. This role should allow `sts:AssumeRole` action for CAST AI user.",
                "description_kind": "plain",
                "optional": true
              },
              "cluster_token": {
                "type": "string",
                "description": "computed value to store cluster token",
                "description_kind": "plain",
                "computed": true,
                "sensitive": true
              },
              "credentials_id": {
                "type": "string",
                "description": "CAST AI internal credentials ID",
                "description_kind": "plain",
                "computed": true
              },
              "delete_nodes_on_disconnect": {
                "type": "bool",
                "description": "Should CAST AI remove nodes managed by CAST AI on disconnect",
                "description_kind": "plain",
                "optional": true
              },
              "id": {
                "type": "string",
                "description_kind": "plain",
                "optional": true,
                "computed": true
              },
              "name": {
                "type": "string",
                "description": "name of your EKS cluster",
                "description_kind": "plain",
                "required": true
              },
              "organization_id": {
                "type": "string",
                "description": "CAST AI organization ID",
                "description_kind": "plain",
                "computed": true
              },
              "region": {
                "type": "string",
                "description": "AWS region where the cluster is placed",
                "description_kind": "plain",
                "required": true
              }
            },
            "block_types": {
              "timeouts": {
                "nesting_mode": "single",
                "block": {
                  "attributes": {
                    "create": {
                      "type": "string",
                      "description_kind": "plain",
                      "optional": true
                    },
                    "delete": {
                      "type": "string",
                      "description_kind": "plain",
                      "optional": true
                    },
                    "update": {
                      "type": "string",
                      "description_kind": "plain",
                      "optional": true
                    }
                  },
                  "description_kind": "plain"
                }
              }
            },
            "description": "EKS cluster resource allows connecting an existing EKS cluster to CAST AI.",
            "description_kind": "plain"
          }
        },
        "castai_eks_clusterid": {
          "version": 0,
          "block": {
            "attributes": {
              "account_id": {
                "type": "string",
                "description_kind": "plain",
                "required": true
              },
              "cluster_name": {
                "type": "string",
                "description_kind": "plain",
                "required": true
              },
              "id": {
                "type": "string",
                "description_kind": "plain",
                "optional": true,
                "computed": true
              },
              "organization_id": {
                "type": "string",
                "description": "CAST AI organization ID",
                "description_kind": "plain",
                "computed": true
              },
              "region": {
                "type": "string",
                "description_kind": "plain",
                "required": true
              }
            },
            "description": "Retrieve CAST AI clusterid",
            "description_kind": "plain"
          }
        },
        "castai_eks_user_arn": {
          "version": 0,
          "block": {
            "attributes": {
              "arn": {
                "type": "string",
                "description_kind": "plain",
                "computed": true
              },
              "cluster_id": {
                "type": "string",
                "description_kind": "plain",
                "required": true
              },
              "id": {
                "type": "string",
                "description_kind": "plain",
                "optional": true,
                "computed": true
              }
            },
            "description": "Retrieve EKS Cluster User ARN",
            "description_kind": "plain"
          }
        },
        "castai_enterprise_group": {
          "version": 0,
          "block": {
            "attributes": {
              "description": {
                "type": "string",
                "description": "Description of the group.",
                "description_kind": "plain",
                "optional": true
              },
              "enterprise_id": {
                "type": "string",
                "description": "Enterprise organization ID.",
                "description_kind": "plain",
                "required": true
              },
              "id": {
                "type": "string",
                "description": "Group ID assigned by the API.",
                "description_kind": "plain",
                "computed": true
              },
              "name": {
                "type": "string",
                "description": "Name of the group.",
                "description_kind": "plain",
                "required": true
              },
              "organization_id": {
                "type": "string",
                "description": "Target organization ID for the group.",
                "description_kind": "plain",
                "required": true
              }
            },
            "block_types": {
              "members": {
                "nesting_mode": "list",
                "block": {
                  "block_types": {
                    "member": {
                      "nesting_mode": "list",
                      "block": {
                        "attributes": {
                          "id": {
                            "type": "string",
                            "description": "Member UUID.",
                            "description_kind": "plain",
                            "required": true
                          },
                          "kind": {
                            "type": "string",
                            "description": "Kind of the member. Supported values: user, service_account.",
                            "description_kind": "plain",
                            "required": true
                          }
                        },
                        "description": "Group member configuration.",
                        "description_kind": "plain"
                      }
                    }
                  },
                  "description": "List of group members.",
                  "description_kind": "plain"
                }
              },
              "role_bindings": {
                "nesting_mode": "list",
                "block": {
                  "block_types": {
                    "role_binding": {
                      "nesting_mode": "list",
                      "block": {
                        "attributes": {
                          "id": {
                            "type": "string",
                            "description": "Role binding ID assigned by the API.",
                            "description_kind": "plain",
                            "computed": true
                          },
                          "name": {
                            "type": "string",
                            "description": "Role binding name.",
                            "description_kind": "plain",
                            "required": true
                          },
                          "role_id": {
                            "type": "string",
                            "description": "Role UUID.",
                            "description_kind": "plain",
                            "required": true
                          }
                        },
                        "block_types": {
                          "scopes": {
                            "nesting_mode": "list",
                            "block": {
                              "block_types": {
                                "scope": {
                                  "nesting_mode": "list",
                                  "block": {
                                    "attributes": {
                                      "cluster": {
                                        "type": "string",
                                        "description": "Cluster ID scope.",
                                        "description_kind": "plain",
                                        "optional": true
                                      },
                                      "organization": {
                                        "type": "string",
                                        "description": "Organization ID scope.",
                                        "description_kind": "plain",
                                        "optional": true
                                      }
                                    },
                                    "description": "Scope configuration.",
                                    "description_kind": "plain"
                                  }
                                }
                              },
                              "description": "List of scopes for the role binding.",
                              "description_kind": "plain"
                            },
                            "min_items": 1
                          }
                        },
                        "description": "Role binding configuration.",
                        "description_kind": "plain"
                      }
                    }
                  },
                  "description": "List of role bindings for the group.",
                  "description_kind": "plain"
                }
              },
              "timeouts": {
                "nesting_mode": "single",
                "block": {
                  "attributes": {
                    "create": {
                      "type": "string",
                      "description_kind": "plain",
                      "optional": true
                    },
                    "delete": {
                      "type": "string",
                      "description_kind": "plain",
                      "optional": true
                    },
                    "update": {
                      "type": "string",
                      "description_kind": "plain",
                      "optional": true
                    }
                  },
                  "description_kind": "plain"
                }
              }
            },
            "description": "CAST AI Enterprise Group resource.",
            "description_kind": "plain"
          }
        },
        "castai_enterprise_role_binding": {
          "version": 0,
          "block": {
            "attributes": {
              "description": {
                "type": "string",
                "description": "Description of the role binding.",
                "description_kind": "plain",
                "optional": true
              },
              "enterprise_id": {
                "type": "string",
                "description": "Enterprise organization ID.",
                "description_kind": "plain",
                "required": true
              },
              "id": {
                "type": "string",
                "description": "Role binding ID assigned by the API.",
                "description_kind": "plain",
                "computed": true
              },
              "name": {
                "type": "string",
                "description": "Name of the role binding.",
                "description_kind": "plain",
                "required": true
              },
              "organization_id": {
                "type": "string",
                "description": "Organization ID (either enterprise or it's child) where the role binding is created.",
                "description_kind": "plain",
                "required": true
              },
              "role_id": {
                "type": "string",
                "description": "Role UUID to bind.",
                "description_kind": "plain",
                "required": true
              }
            },
            "block_types": {
              "scopes": {
                "nesting_mode": "list",
                "block": {
                  "block_types": {
                    "cluster": {
                      "nesting_mode": "list",
                      "block": {
                        "attributes": {
                          "id": {
                            "type": "string",
                            "description": "Cluster ID.",
                            "description_kind": "plain",
                            "required": true
                          }
                        },
                        "description": "Cluster scopes.",
                        "description_kind": "plain"
                      }
                    },
                    "organization": {
                      "nesting_mode": "list",
                      "block": {
                        "attributes": {
                          "id": {
                            "type": "string",
                            "description": "Organization ID.",
                            "description_kind": "plain",
                            "required": true
                          }
                        },
                        "description": "Organization scopes.",
                        "description_kind": "plain"
                      }
                    }
                  },
                  "description": "Scopes (organization or cluster) for this role binding.",
                  "description_kind": "plain"
                },
                "min_items": 1,
                "max_items": 1
              },
              "subjects": {
                "nesting_mode": "list",
                "block": {
                  "block_types": {
                    "group": {
                      "nesting_mode": "list",
                      "block": {
                        "attributes": {
                          "id": {
                            "type": "string",
                            "description": "Group ID.",
                            "description_kind": "plain",
                            "required": true
                          }
                        },
                        "description": "Group subjects.",
                        "description_kind": "plain"
                      }
                    },
                    "service_account": {
                      "nesting_mode": "list",
                      "block": {
                        "attributes": {
                          "id": {
                            "type": "string",
                            "description": "Service account ID.",
                            "description_kind": "plain",
                            "required": true
                          }
                        },
                        "description": "Service account subjects.",
                        "description_kind": "plain"
                      }
                    },
                    "user": {
                      "nesting_mode": "list",
                      "block": {
                        "attributes": {
                          "id": {
                            "type": "string",
                            "description": "User ID.",
                            "description_kind": "plain",
                            "required": true
                          }
                        },
                        "description": "User subjects.",
                        "description_kind": "plain"
                      }
                    }
                  },
                  "description": "Subjects (users, service accounts, groups) for this role binding.",
                  "description_kind": "plain"
                },
                "min_items": 1,
                "max_items": 1
              },
              "timeouts": {
                "nesting_mode": "single",
                "block": {
                  "attributes": {
                    "create": {
                      "type": "string",
                      "description_kind": "plain",
                      "optional": true
                    },
                    "delete": {
                      "type": "string",
                      "description_kind": "plain",
                      "optional": true
                    },
                    "update": {
                      "type": "string",
                      "description_kind": "plain",
                      "optional": true
                    }
                  },
                  "description_kind": "plain"
                }
              }
            },
            "description": "CAST AI Enterprise Role Binding resource.",
            "description_kind": "plain"
          }
        },
        "castai_enterprise_service_account": {
          "version": 0,
          "block": {
            "attributes": {
              "description": {
                "type": "string",
                "description": "Service account description.",
                "description_kind": "plain",
                "optional": true
              },
              "email": {
                "type": "string",
                "description": "Auto-generated service account email (read-only).",
                "description_kind": "plain",
                "computed": true
              },
              "enterprise_id": {
                "type": "string",
                "description": "Enterprise organization ID.",
                "description_kind": "plain",
                "required": true
              },
              "id": {
                "type": "string",
                "description_kind": "plain",
                "optional": true,
                "computed": true
              },
              "name": {
                "type": "string",
                "description": "Service account name.",
                "description_kind": "plain",
                "required": true
              },
              "organization_id": {
                "type": "string",
                "description": "Target organization ID where the service account is created. Defaults to enterprise_id (enterprise scope) when omitted.",
                "description_kind": "plain",
                "optional": true,
                "computed": true
              }
            },
            "block_types": {
              "timeouts": {
                "nesting_mode": "single",
                "block": {
                  "attributes": {
                    "create": {
                      "type": "string",
                      "description_kind": "plain",
                      "optional": true
                    },
                    "delete": {
                      "type": "string",
                      "description_kind": "plain",
                      "optional": true
                    },
                    "update": {
                      "type": "string",
                      "description_kind": "plain",
                      "optional": true
                    }
                  },
                  "description_kind": "plain"
                }
              }
            },
            "description": "CAST AI Enterprise Service Account resource.",
            "description_kind": "plain"
          }
        },
        "castai_evictor_advanced_config": {
          "version": 0,
          "block": {
            "attributes": {
              "cluster_id": {
                "type": "string",
                "description": "CAST AI cluster id.",
                "description_kind": "plain",
                "required": true
              },
              "id": {
                "type": "string",
                "description_kind": "plain",
                "optional": true,
                "computed": true
              }
            },
            "block_types": {
              "evictor_advanced_config": {
                "nesting_mode": "list",
                "block": {
                  "attributes": {
                    "aggressive": {
                      "type": "bool",
                      "description": "Apply Aggressive mode to Evictor",
                      "description_kind": "plain",
                      "optional": true
                    },
                    "disposable": {
                      "type": "bool",
                      "description": "Mark node as disposable",
                      "description_kind": "plain",
                      "optional": true
                    },
                    "removal_disabled": {
                      "type": "bool",
                      "description": "Mark pods as removal disabled",
                      "description_kind": "plain",
                      "optional": true
                    }
                  },
                  "block_types": {
                    "node_selector": {
                      "nesting_mode": "list",
                      "block": {
                        "attributes": {
                          "match_labels": {
                            "type": [
                              "map",
                              "string"
                            ],
                            "description_kind": "plain",
                            "optional": true
                          }
                        },
                        "block_types": {
                          "match_expressions": {
                            "nesting_mode": "list",
                            "block": {
                              "attributes": {
                                "key": {
                                  "type": "string",
                                  "description_kind": "plain",
                                  "required": true
                                },
                                "operator": {
                                  "type": "string",
                                  "description_kind": "plain",
                                  "required": true
                                },
                                "values": {
                                  "type": [
                                    "list",
                                    "string"
                                  ],
                                  "description_kind": "plain",
                                  "optional": true
                                }
                              },
                              "description_kind": "plain"
                            }
                          }
                        },
                        "description": "node selector",
                        "description_kind": "plain"
                      }
                    },
                    "pod_selector": {
                      "nesting_mode": "list",
                      "block": {
                        "attributes": {
                          "kind": {
                            "type": "string",
                            "description_kind": "plain",
                            "optional": true
                          },
                          "match_labels": {
                            "type": [
                              "map",
                              "string"
                            ],
                            "description_kind": "plain",
                            "optional": true
                          },
                          "namespace": {
                            "type": "string",
                            "description_kind": "plain",
                            "optional": true
                          },
                          "replicas_min": {
                            "type": "number",
                            "description": "Minimum number of pod replicas to keep running when evicting matched pods",
                            "description_kind": "plain",
                            "optional": true
                          }
                        },
                        "block_types": {
                          "match_expressions": {
                            "nesting_mode": "list",
                            "block": {
                              "attributes": {
                                "key": {
                                  "type": "string",
                                  "description_kind": "plain",
                                  "required": true
                                },
                                "operator": {
                                  "type": "string",
                                  "description_kind": "plain",
                                  "required": true
                                },
                                "values": {
                                  "type": [
                                    "list",
                                    "string"
                                  ],
                                  "description_kind": "plain",
                                  "optional": true
                                }
                              },
                              "description_kind": "plain"
                            }
                          }
                        },
                        "description": "pod selector",
                        "description_kind": "plain"
                      }
                    }
                  },
                  "description": "evictor advanced configuration to target specific node/pod",
                  "description_kind": "plain"
                },
                "min_items": 1
              },
              "timeouts": {
                "nesting_mode": "single",
                "block": {
                  "attributes": {
                    "create": {
                      "type": "string",
                      "description_kind": "plain",
                      "optional": true
                    },
                    "update": {
                      "type": "string",
                      "description_kind": "plain",
                      "optional": true
                    }
                  },
                  "description_kind": "plain"
                }
              }
            },
            "description": "CAST AI eviction config resource to manage evictor properties ",
            "description_kind": "plain"
          }
        },
        "castai_gke_cluster": {
          "version": 0,
          "block": {
            "attributes": {
              "cluster_token": {
                "type": "string",
                "description": "CAST.AI agent cluster token",
                "description_kind": "plain",
                "computed": true,
                "sensitive": true
              },
              "credentials_id": {
                "type": "string",
                "description": "CAST AI credentials id for cluster",
                "description_kind": "plain",
                "computed": true
              },
              "credentials_json": {
                "type": "string",
                "description": "GCP credentials.json from ServiceAccount with credentials for CAST AI",
                "description_kind": "plain",
                "optional": true,
                "sensitive": true
              },
              "delete_nodes_on_disconnect": {
                "type": "bool",
                "description": "Should CAST AI remove nodes managed by CAST.AI on disconnect",
                "description_kind": "plain",
                "optional": true
              },
              "id": {
                "type": "string",
                "description_kind": "plain",
                "optional": true,
                "computed": true
              },
              "location": {
                "type": "string",
                "description": "GCP cluster zone in case of zonal or region in case of regional cluster",
                "description_kind": "plain",
                "required": true
              },
              "name": {
                "type": "string",
                "description": "GKE cluster name",
                "description_kind": "plain",
                "required": true
              },
              "organization_id": {
                "type": "string",
                "description": "CAST AI organization ID",
                "description_kind": "plain",
                "computed": true
              },
              "project_id": {
                "type": "string",
                "description": "GCP project id",
                "description_kind": "plain",
                "required": true
              }
            },
            "block_types": {
              "timeouts": {
                "nesting_mode": "single",
                "block": {
                  "attributes": {
                    "create": {
                      "type": "string",
                      "description_kind": "plain",
                      "optional": true
                    },
                    "delete": {
                      "type": "string",
                      "description_kind": "plain",
                      "optional": true
                    },
                    "update": {
                      "type": "string",
                      "description_kind": "plain",
                      "optional": true
                    }
                  },
                  "description_kind": "plain"
                }
              }
            },
            "description": "GKE cluster resource allows connecting an existing GKE cluster to CAST AI.",
            "description_kind": "plain"
          }
        },
        "castai_gke_cluster_id": {
          "version": 0,
          "block": {
            "attributes": {
              "cast_service_account": {
                "type": "string",
                "description": "Service account email in cast project",
                "description_kind": "plain",
                "optional": true,
                "computed": true
              },
              "client_service_account": {
                "type": "string",
                "description": "Service account email in client project",
                "description_kind": "plain",
                "optional": true
              },
              "cluster_token": {
                "type": "string",
                "description": "CAST.AI agent cluster token",
                "description_kind": "plain",
                "computed": true,
                "sensitive": true
              },
              "id": {
                "type": "string",
                "description_kind": "plain",
                "optional": true,
                "computed": true
              },
              "location": {
                "type": "string",
                "description": "GCP cluster zone in case of zonal or region in case of regional cluster",
                "description_kind": "plain",
                "required": true
              },
              "name": {
                "type": "string",
                "description": "GKE cluster name",
                "description_kind": "plain",
                "required": true
              },
              "organization_id": {
                "type": "string",
                "description": "CAST AI organization ID",
                "description_kind": "plain",
                "computed": true
              },
              "project_id": {
                "type": "string",
                "description": "GCP project id",
                "description_kind": "plain",
                "required": true
              }
            },
            "block_types": {
              "timeouts": {
                "nesting_mode": "single",
                "block": {
                  "attributes": {
                    "create": {
                      "type": "string",
                      "description_kind": "plain",
                      "optional": true
                    },
                    "delete": {
                      "type": "string",
                      "description_kind": "plain",
                      "optional": true
                    },
                    "update": {
                      "type": "string",
                      "description_kind": "plain",
                      "optional": true
                    }
                  },
                  "description_kind": "plain"
                }
              }
            },
            "description": "GKE cluster resource allows connecting an existing GKE cluster to CAST AI.",
            "description_kind": "plain"
          }
        },
        "castai_hibernation_schedule": {
          "version": 0,
          "block": {
            "attributes": {
              "enabled": {
                "type": "bool",
                "description": "Enables or disables the schedule.",
                "description_kind": "plain",
                "required": true
              },
              "id": {
                "type": "string",
                "description_kind": "plain",
                "optional": true,
                "computed": true
              },
              "name": {
                "type": "string",
                "description": "Name of the schedule.",
                "description_kind": "plain",
                "required": true
              },
              "organization_id": {
                "type": "string",
                "description": "ID of the organization. If not provided, then will attempt to infer it using CAST AI API client.",
                "description_kind": "plain",
                "optional": true
              }
            },
            "block_types": {
              "cluster_assignments": {
                "nesting_mode": "list",
                "block": {
                  "block_types": {
                    "assignment": {
                      "nesting_mode": "list",
                      "block": {
                        "attributes": {
                          "cluster_id": {
                            "type": "string",
                            "description": "ID of the cluster.",
                            "description_kind": "plain",
                            "required": true
                          }
                        },
                        "description_kind": "plain"
                      }
                    }
                  },
                  "description_kind": "plain"
                },
                "max_items": 1
              },
              "pause_config": {
                "nesting_mode": "list",
                "block": {
                  "attributes": {
                    "enabled": {
                      "type": "bool",
                      "description": "Enables or disables the pause configuration.",
                      "description_kind": "plain",
                      "required": true
                    }
                  },
                  "block_types": {
                    "schedule": {
                      "nesting_mode": "list",
                      "block": {
                        "attributes": {
                          "cron_expression": {
                            "type": "string",
                            "description": "Cron expression defining when the schedule should trigger.\n\n  The `cron` expression can optionally include the `CRON_TZ` variable at the beginning to specify the timezone in which the schedule should be interpreted.\n\n  Example:\n  ```plaintext\n  CRON_TZ=America/New_York 0 12 * * ?\n  ```\n  In the example above, the `CRON_TZ` variable is set to \"America/New_York\" indicating that the cron expression should be interpreted in the Eastern Time (ET) timezone.\n\n  To retrieve a list of available timezone values, you can use the following API endpoint:\n\n  GET https://api.cast.ai/v1/time-zones\n\n  When using the `CRON_TZ` variable, ensure that the specified timezone is valid and supported by checking the list of available timezones from the API endpoint.  If the `CRON_TZ` variable is not specified, the cron expression will be interpreted in the UTC timezone.",
                            "description_kind": "plain",
                            "required": true
                          }
                        },
                        "description_kind": "plain"
                      },
                      "min_items": 1,
                      "max_items": 1
                    }
                  },
                  "description_kind": "plain"
                },
                "min_items": 1,
                "max_items": 1
              },
              "resume_config": {
                "nesting_mode": "list",
                "block": {
                  "attributes": {
                    "enabled": {
                      "type": "bool",
                      "description": "Enables or disables the pause configuration.",
                      "description_kind": "plain",
                      "required": true
                    }
                  },
                  "block_types": {
                    "job_config": {
                      "nesting_mode": "list",
                      "block": {
                        "block_types": {
                          "node_config": {
                            "nesting_mode": "list",
                            "block": {
                              "attributes": {
                                "config_id": {
                                  "type": "string",
                                  "description": "ID reference of Node Configuration to be used for node creation. Supersedes 'config_name' parameter.",
                                  "description_kind": "plain",
                                  "optional": true
                                },
                                "config_name": {
                                  "type": "string",
                                  "description": "Name reference of Node Configuration to be used for node creation. Superseded if 'config_id' parameter is provided.",
                                  "description_kind": "plain",
                                  "optional": true
                                },
                                "instance_type": {
                                  "type": "string",
                                  "description": "Instance type.",
                                  "description_kind": "plain",
                                  "required": true
                                },
                                "kubernetes_labels": {
                                  "type": [
                                    "map",
                                    "string"
                                  ],
                                  "description": "Custom labels to be added to the node.",
                                  "description_kind": "plain",
                                  "optional": true
                                },
                                "subnet_id": {
                                  "type": "string",
                                  "description": "Node subnet ID.",
                                  "description_kind": "plain",
                                  "optional": true
                                },
                                "zone": {
                                  "type": "string",
                                  "description": "Zone of the node.",
                                  "description_kind": "plain",
                                  "optional": true
                                }
                              },
                              "block_types": {
                                "gpu_config": {
                                  "nesting_mode": "list",
                                  "block": {
                                    "attributes": {
                                      "count": {
                                        "type": "number",
                                        "description": "Number of GPUs.",
                                        "description_kind": "plain",
                                        "required": true
                                      },
                                      "type": {
                                        "type": "string",
                                        "description": "GPU type.",
                                        "description_kind": "plain",
                                        "optional": true
                                      }
                                    },
                                    "description_kind": "plain"
                                  },
                                  "max_items": 1
                                },
                                "kubernetes_taints": {
                                  "nesting_mode": "list",
                                  "block": {
                                    "attributes": {
                                      "effect": {
                                        "type": "string",
                                        "description": "Effect of a taint to be added to nodes created from this template, the default is NoSchedule. Allowed values: NoSchedule, NoExecute.",
                                        "description_kind": "plain",
                                        "optional": true
                                      },
                                      "key": {
                                        "type": "string",
                                        "description": "Key of a taint to be added to nodes created from this template.",
                                        "description_kind": "plain",
                                        "required": true
                                      },
                                      "value": {
                                        "type": "string",
                                        "description": "Value of a taint to be added to nodes created from this template.",
                                        "description_kind": "plain",
                                        "optional": true
                                      }
                                    },
                                    "description": "Custom taints to be added to the node created from this configuration.",
                                    "description_kind": "plain"
                                  }
                                },
                                "node_affinity": {
                                  "nesting_mode": "list",
                                  "block": {
                                    "attributes": {
                                      "dedicated_group": {
                                        "type": "string",
                                        "description": "Key of a taint to be added to nodes created from this template.",
                                        "description_kind": "plain",
                                        "required": true
                                      }
                                    },
                                    "block_types": {
                                      "affinity": {
                                        "nesting_mode": "list",
                                        "block": {
                                          "attributes": {
                                            "key": {
                                              "type": "string",
                                              "description": "Key of the node affinity selector.",
                                              "description_kind": "plain",
                                              "required": true
                                            },
                                            "operator": {
                                              "type": "string",
                                              "description": "Operator of the node affinity selector. Allowed values: DOES_NOT_EXIST, EXISTS, GT, IN, LT, NOT_IN.",
                                              "description_kind": "plain",
                                              "required": true
                                            },
                                            "values": {
                                              "type": [
                                                "list",
                                                "string"
                                              ],
                                              "description": "Values of the node affinity selector.",
                                              "description_kind": "plain",
                                              "required": true
                                            }
                                          },
                                          "description_kind": "plain"
                                        }
                                      }
                                    },
                                    "description": "Custom taints to be added to the node created from this configuration.",
                                    "description_kind": "plain"
                                  }
                                },
                                "spot_config": {
                                  "nesting_mode": "list",
                                  "block": {
                                    "attributes": {
                                      "price_hourly": {
                                        "type": "string",
                                        "description": "Spot instance price. Applicable only for AWS nodes.",
                                        "description_kind": "plain",
                                        "optional": true
                                      },
                                      "spot": {
                                        "type": "bool",
                                        "description": "Whether node should be created as spot instance.",
                                        "description_kind": "plain",
                                        "optional": true
                                      }
                                    },
                                    "description": "Custom taints to be added to the node created from this configuration.",
                                    "description_kind": "plain"
                                  }
                                },
                                "volume": {
                                  "nesting_mode": "list",
                                  "block": {
                                    "attributes": {
                                      "size_gib": {
                                        "type": "number",
                                        "description": "Volume size in GiB.",
                                        "description_kind": "plain",
                                        "optional": true
                                      }
                                    },
                                    "block_types": {
                                      "raid_config": {
                                        "nesting_mode": "list",
                                        "block": {
                                          "attributes": {
                                            "chunk_size_kb": {
                                              "type": "number",
                                              "description": "Specify the RAID0 chunk size in kilobytes, this parameter affects the read/write in the disk array and must be tailored for the type of data written by the workloads in the node. If not provided it will default to 64KB",
                                              "description_kind": "plain",
                                              "optional": true
                                            }
                                          },
                                          "description_kind": "plain"
                                        }
                                      }
                                    },
                                    "description_kind": "plain"
                                  }
                                }
                              },
                              "description_kind": "plain"
                            },
                            "min_items": 1,
                            "max_items": 1
                          }
                        },
                        "description_kind": "plain"
                      },
                      "min_items": 1,
                      "max_items": 1
                    },
                    "schedule": {
                      "nesting_mode": "list",
                      "block": {
                        "attributes": {
                          "cron_expression": {
                            "type": "string",
                            "description": "Cron expression defining when the schedule should trigger.\n\n  The `cron` expression can optionally include the `CRON_TZ` variable at the beginning to specify the timezone in which the schedule should be interpreted.\n\n  Example:\n  ```plaintext\n  CRON_TZ=America/New_York 0 12 * * ?\n  ```\n  In the example above, the `CRON_TZ` variable is set to \"America/New_York\" indicating that the cron expression should be interpreted in the Eastern Time (ET) timezone.\n\n  To retrieve a list of available timezone values, you can use the following API endpoint:\n\n  GET https://api.cast.ai/v1/time-zones\n\n  When using the `CRON_TZ` variable, ensure that the specified timezone is valid and supported by checking the list of available timezones from the API endpoint.  If the `CRON_TZ` variable is not specified, the cron expression will be interpreted in the UTC timezone.",
                            "description_kind": "plain",
                            "required": true
                          }
                        },
                        "description_kind": "plain"
                      },
                      "min_items": 1,
                      "max_items": 1
                    }
                  },
                  "description_kind": "plain"
                },
                "min_items": 1,
                "max_items": 1
              },
              "timeouts": {
                "nesting_mode": "single",
                "block": {
                  "attributes": {
                    "create": {
                      "type": "string",
                      "description_kind": "plain",
                      "optional": true
                    },
                    "delete": {
                      "type": "string",
                      "description_kind": "plain",
                      "optional": true
                    },
                    "read": {
                      "type": "string",
                      "description_kind": "plain",
                      "optional": true
                    },
                    "update": {
                      "type": "string",
                      "description_kind": "plain",
                      "optional": true
                    }
                  },
                  "description_kind": "plain"
                }
              }
            },
            "description": "CAST AI hibernation schedule resource to manage hibernation schedules.",
            "description_kind": "plain"
          }
        },
        "castai_node_configuration": {
          "version": 0,
          "block": {
            "attributes": {
              "cluster_id": {
                "type": "string",
                "description": "CAST AI cluster id",
                "description_kind": "plain",
                "required": true
              },
              "container_runtime": {
                "type": "string",
                "description": "Optional container runtime to be used by kubelet. Applicable for EKS only.  Supported values include: `dockerd`, `containerd`",
                "description_kind": "plain",
                "optional": true
              },
              "disk_cpu_ratio": {
                "type": "number",
                "description": "Disk to CPU ratio. Sets the number of GiBs to be added for every CPU on the node. Defaults to 0",
                "description_kind": "plain",
                "optional": true
              },
              "docker_config": {
                "type": "string",
                "description": "Optional docker daemon configuration properties in JSON format. Provide only properties that you want to override. Applicable for EKS only. [Available values](https://docs.docker.com/engine/reference/commandline/dockerd/#daemon-configuration-file)",
                "description_kind": "plain",
                "optional": true
              },
              "drain_timeout_sec": {
                "type": "number",
                "description": "Timeout in seconds for draining the node. Defaults to 0",
                "description_kind": "plain",
                "optional": true
              },
              "id": {
                "type": "string",
                "description_kind": "plain",
                "optional": true,
                "computed": true
              },
              "image": {
                "type": "string",
                "description": "Image to be used while provisioning the node. If nothing is provided will be resolved to latest available image based on Image family, Kubernetes version and node architecture if possible. See Cast.ai documentation for details.",
                "description_kind": "plain",
                "optional": true
              },
              "init_script": {
                "type": "string",
                "description": "Init script to be run on your instance at launch. Should not contain any sensitive data. Value should be base64 encoded",
                "description_kind": "plain",
                "optional": true
              },
              "kubelet_config": {
                "type": "string",
                "description": "Optional kubelet configuration properties in JSON format. Provide only properties that you want to override. Applicable for EKS only. [Available values](https://kubernetes.io/docs/reference/config-api/kubelet-config.v1beta1/)",
                "description_kind": "plain",
                "optional": true
              },
              "min_disk_size": {
                "type": "number",
                "description": "Minimal disk size in GiB. Defaults to 100, min 30, max 65536",
                "description_kind": "plain",
                "optional": true
              },
              "name": {
                "type": "string",
                "description": "Name of the node configuration. It must be unique within the cluster. In case of cluster is reonboarded to Terraform, when previously it was onboarded with CAST AI UI, and the name corresponds to previously created node configuration this resource will override existing configuration instead of creating new.",
                "description_kind": "plain",
                "required": true
              },
              "ssh_public_key": {
                "type": "string",
                "description": "SSH public key to be used for provisioned nodes",
                "description_kind": "plain",
                "optional": true
              },
              "subnets": {
                "type": [
                  "list",
                  "string"
                ],
                "description": "Subnet ids to be used for provisioned nodes",
                "description_kind": "plain",
                "required": true
              },
              "tags": {
                "type": [
                  "map",
                  "string"
                ],
                "description": "Tags to be added on cloud instances for provisioned nodes",
                "description_kind": "plain",
                "optional": true
              }
            },
            "block_types": {
              "aks": {
                "nesting_mode": "list",
                "block": {
                  "attributes": {
                    "accelerated_networking": {
                      "type": "string",
                      "description": "Controls SR-IOV accelerated networking on the node NIC. Allowed values: `disabled` (force off regardless of SKU capability). When omitted, the field is not sent to the API and the API default applies.",
                      "description_kind": "plain",
                      "optional": true
                    },
                    "aks_image_family": {
                      "type": "string",
                      "description": "Image OS Family to use when provisioning node in AKS. If both image and family are provided, the system will use provided image and provisioning logic for given family. If only image family is provided, the system will attempt to resolve the latest image from that family based on kubernetes version and node architecture. If image family is omitted, a default family (based on cloud provider) will be used. See Cast.ai documentation for details. Possible values: (ubuntu,ubuntu2204,ubuntu2404,azure-linux,windows2019,windows2022)",
                      "description_kind": "plain",
                      "optional": true
                    },
                    "application_security_groups": {
                      "type": [
                        "list",
                        "string"
                      ],
                      "description": "Application security groups to be used for provisioned nodes",
                      "description_kind": "plain",
                      "optional": true
                    },
                    "enable_encryption_at_host": {
                      "type": "bool",
                      "description": "Whether to enable encryption at host for provisioned nodes. See https://learn.microsoft.com/en-us/azure/virtual-machines/disk-encryption#encryption-at-host---end-to-end-encryption-for-your-vm-data",
                      "description_kind": "plain",
                      "optional": true
                    },
                    "max_pods_per_node": {
                      "type": "number",
                      "description": "Maximum number of pods that can be run on a node, which affects how many IP addresses you will need for each node. Defaults to 30",
                      "description_kind": "plain",
                      "optional": true
                    },
                    "network_security_group": {
                      "type": "string",
                      "description": "Network security group to be used for provisioned nodes, if not provided default security group from `castpool` will be used",
                      "description_kind": "plain",
                      "optional": true
                    },
                    "os_disk_type": {
                      "type": "string",
                      "description": "Type of managed os disk attached to the node. (See [disk types](https://learn.microsoft.com/en-us/azure/virtual-machines/disks-types)). One of: standard, standard-ssd, premium-ssd (ultra and premium-ssd-v2 are not supported for os disk)",
                      "description_kind": "plain",
                      "optional": true
                    },
                    "pod_subnet_id": {
                      "type": "string",
                      "description": "ID of pod subnet to be used for provisioned nodes.",
                      "description_kind": "plain",
                      "optional": true
                    }
                  },
                  "block_types": {
                    "ephemeral_os_disk": {
                      "nesting_mode": "list",
                      "block": {
                        "attributes": {
                          "cache": {
                            "type": "string",
                            "description": "Deprecated: this field has no effect. Ephemeral OS disks always use ReadOnly cache strategy",
                            "description_kind": "plain",
                            "deprecated": true,
                            "optional": true
                          },
                          "placement": {
                            "type": "string",
                            "description": "Placement of the ephemeral OS disk. One of: cacheDisk, resourceDisk, nvmeDisk",
                            "description_kind": "plain",
                            "optional": true
                          }
                        },
                        "description": "Ephemeral OS disk configuration for CAST provisioned nodes",
                        "description_kind": "plain"
                      },
                      "max_items": 1
                    },
                    "loadbalancers": {
                      "nesting_mode": "list",
                      "block": {
                        "attributes": {
                          "id": {
                            "type": "string",
                            "description": "The full ID of the load balancer in azure.",
                            "description_kind": "plain",
                            "optional": true
                          },
                          "name": {
                            "type": "string",
                            "description": "Name of load balancer",
                            "description_kind": "plain",
                            "deprecated": true,
                            "optional": true
                          }
                        },
                        "block_types": {
                          "ip_based_backend_pools": {
                            "nesting_mode": "list",
                            "block": {
                              "attributes": {
                                "name": {
                                  "type": "string",
                                  "description": "Name of the ip based backend pool",
                                  "description_kind": "plain",
                                  "required": true
                                }
                              },
                              "description": "IP based backend pools configuration for CAST provisioned nodes",
                              "description_kind": "plain"
                            }
                          },
                          "nic_based_backend_pools": {
                            "nesting_mode": "list",
                            "block": {
                              "attributes": {
                                "name": {
                                  "type": "string",
                                  "description": "Name of the NIC based backend pool",
                                  "description_kind": "plain",
                                  "required": true
                                }
                              },
                              "description": "NIC based backend pools configuration for CAST provisioned nodes.",
                              "description_kind": "plain"
                            }
                          }
                        },
                        "description": "Load balancer configuration for CAST provisioned nodes",
                        "description_kind": "plain"
                      }
                    },
                    "public_ip": {
                      "nesting_mode": "list",
                      "block": {
                        "attributes": {
                          "idle_timeout_in_minutes": {
                            "type": "number",
                            "description": "Idle timeout in minutes for public IP",
                            "description_kind": "plain",
                            "optional": true
                          },
                          "public_ip_prefix": {
                            "type": "string",
                            "description": "Public IP prefix to be used for provisioned nodes",
                            "description_kind": "plain",
                            "optional": true
                          },
                          "tags": {
                            "type": [
                              "map",
                              "string"
                            ],
                            "description_kind": "plain",
                            "optional": true
                          }
                        },
                        "description": "Public IP configuration for CAST AI provisioned nodes",
                        "description_kind": "plain"
                      },
                      "max_items": 1
                    }
                  },
                  "description_kind": "plain"
                },
                "max_items": 1
              },
              "eks": {
                "nesting_mode": "list",
                "block": {
                  "attributes": {
                    "dns_cluster_ip": {
                      "type": "string",
                      "description": "IP address to use for DNS queries within the cluster",
                      "description_kind": "plain",
                      "optional": true
                    },
                    "eks_image_family": {
                      "type": "string",
                      "description": "Image OS Family to use when provisioning node in EKS. If both image and family are provided, the system will use provided image and provisioning logic for given family. If only image family is provided, the system will attempt to resolve the latest image from that family based on kubernetes version and node architecture. If image family is omitted, a default family (based on cloud provider) will be used. See Cast.ai documentation for details. Possible values: (al2,al2023,bottlerocket)",
                      "description_kind": "plain",
                      "optional": true
                    },
                    "ena_queue_count_per_interface": {
                      "type": "number",
                      "description": "Number of ENA queues per network interface.",
                      "description_kind": "plain",
                      "optional": true
                    },
                    "imds_hop_limit": {
                      "type": "number",
                      "description": "Allow configure the IMDSv2 hop limit, the default is 2. Setting to 1 disables access to most pods except pods running on host network.",
                      "description_kind": "plain",
                      "optional": true
                    },
                    "imds_v1": {
                      "type": "bool",
                      "description": "When the value is true both IMDSv1 and IMDSv2 are enabled. Setting the value to false disables permanently IMDSv1 and might affect legacy workloads running on the node created with this configuration. The default is true if the flag isn't provided",
                      "description_kind": "plain",
                      "optional": true
                    },
                    "instance_profile_arn": {
                      "type": "string",
                      "description": "Cluster's instance profile ARN used for CAST provisioned nodes",
                      "description_kind": "plain",
                      "required": true
                    },
                    "ips_per_prefix": {
                      "type": "number",
                      "description": "Number of IPs per prefix to be used for calculating max pods. For IPv4 it should be 16. More info: https://docs.aws.amazon.com/AWSEC2/latest/UserGuide/ec2-prefix-eni.html#ec2-prefix-basics",
                      "description_kind": "plain",
                      "optional": true
                    },
                    "key_pair_id": {
                      "type": "string",
                      "description": "AWS key pair ID to be used for CAST provisioned nodes. Has priority over ssh_public_key",
                      "description_kind": "plain",
                      "optional": true
                    },
                    "max_pods_per_node_formula": {
                      "type": "string",
                      "description": "Formula to calculate the maximum number of pods that can be run on a node. The following list of variables will be bound to a number before evaluating and can be used in the formula: NUM_MAX_NET_INTERFACES, NUM_IP_PER_INTERFACE, NUM_IP_PER_PREFIX, NUM_CPU, NUM_RAM_GB .",
                      "description_kind": "plain",
                      "optional": true
                    },
                    "node_group_arn": {
                      "type": "string",
                      "description": "Cluster's node group ARN used for CAST provisioned node pools. Required for hibernate/resume functionality",
                      "description_kind": "plain",
                      "optional": true
                    },
                    "security_groups": {
                      "type": [
                        "list",
                        "string"
                      ],
                      "description": "Cluster's security groups configuration for CAST provisioned nodes",
                      "description_kind": "plain",
                      "required": true
                    },
                    "threads_per_cpu": {
                      "type": "number",
                      "description": "Number of threads per core.",
                      "description_kind": "plain",
                      "optional": true
                    },
                    "volume_iops": {
                      "type": "number",
                      "description": "AWS EBS volume IOPS to be used for CAST provisioned nodes",
                      "description_kind": "plain",
                      "optional": true
                    },
                    "volume_kms_key_arn": {
                      "type": "string",
                      "description": "AWS KMS key ARN for encrypting EBS volume attached to the node",
                      "description_kind": "plain",
                      "optional": true
                    },
                    "volume_throughput": {
                      "type": "number",
                      "description": "AWS EBS volume throughput in MiB/s to be used for CAST provisioned nodes",
                      "description_kind": "plain",
                      "optional": true
                    },
                    "volume_type": {
                      "type": "string",
                      "description": "AWS EBS volume type to be used for CAST provisioned nodes. One of: gp3, gp2, io1, io2",
                      "description_kind": "plain",
                      "optional": true
                    }
                  },
                  "block_types": {
                    "target_group": {
                      "nesting_mode": "list",
                      "block": {
                        "attributes": {
                          "arn": {
                            "type": "string",
                            "description": "AWS target group ARN for CAST provisioned nodes",
                            "description_kind": "plain",
                            "required": true
                          },
                          "port": {
                            "type": "number",
                            "description": "Port for AWS target group for CAST provisioned nodes",
                            "description_kind": "plain",
                            "optional": true
                          }
                        },
                        "description": "AWS target groups configuration for CAST provisioned nodes",
                        "description_kind": "plain"
                      }
                    }
                  },
                  "description_kind": "plain"
                },
                "max_items": 1
              },
              "gke": {
                "nesting_mode": "list",
                "block": {
                  "attributes": {
                    "disk_type": {
                      "type": "string",
                      "description": "Type of boot disk attached to the node. (See [disk types](https://cloud.google.com/compute/docs/disks#pdspecs)). One of: pd-standard, pd-balanced, pd-ssd, pd-extreme ",
                      "description_kind": "plain",
                      "optional": true
                    },
                    "max_pods_per_node": {
                      "type": "number",
                      "description": "Maximum number of pods that can be run on a node, which affects how many IP addresses you will need for each node. Defaults to 110",
                      "description_kind": "plain",
                      "optional": true
                    },
                    "max_pods_per_node_formula": {
                      "type": "string",
                      "description": "This is an advanced configuration field. In general, we recommend using max_pods_per_node instead.\nThis field accepts a formula to calculate the maximum number of pods that can run on a node. This will affect the pod CIDR range that the node reserves. The following variables are available for use in the formula and will be bound to numeric values before evaluation:\n\n    * NUM_CPU - Number of CPUs available on the node\n    * NUM_RAM_GB - Amount of RAM in gigabytes available on the node.\n\nIf you want the smallest value between 5 times the CPUs, 5 times the RAM, or a cap of 110, your formula would be math.least(110, 5 \\* NUM_CPU, 5 \\* NUM_RAM_GB).\nFor a node with 8 CPUs and 16 GB RAM, this calculates to 40 (5\u00d78), 80 (5\u00d716), and 110, then picks the smallest value: 40 pods.",
                      "description_kind": "plain",
                      "optional": true
                    },
                    "network_tags": {
                      "type": [
                        "list",
                        "string"
                      ],
                      "description": "Network tags to be added on a VM. (See [network tags](https://cloud.google.com/vpc/docs/add-remove-network-tags))",
                      "description_kind": "plain",
                      "optional": true
                    },
                    "on_host_maintenance": {
                      "type": "string",
                      "description": "Maintenance behavior of the instances. If not set, the default value for spot nodes is terminate, and for non-spot nodes, it is migrate.",
                      "description_kind": "plain",
                      "optional": true
                    },
                    "use_ephemeral_storage_local_ssd": {
                      "type": "bool",
                      "description": "Use ephemeral storage local SSD. Defaults to false",
                      "description_kind": "plain",
                      "optional": true
                    },
                    "zones": {
                      "type": [
                        "list",
                        "string"
                      ],
                      "description": "List of preferred availability zones to choose from when provisioning new nodes.",
                      "description_kind": "plain",
                      "deprecated": true,
                      "optional": true
                    }
                  },
                  "block_types": {
                    "loadbalancers": {
                      "nesting_mode": "list",
                      "block": {
                        "block_types": {
                          "target_backend_pools": {
                            "nesting_mode": "list",
                            "block": {
                              "attributes": {
                                "name": {
                                  "type": "string",
                                  "description": "Name of the target group",
                                  "description_kind": "plain",
                                  "required": true
                                }
                              },
                              "description": "Target backend pools configuration for CAST provisioned nodes",
                              "description_kind": "plain"
                            }
                          },
                          "unmanaged_instance_groups": {
                            "nesting_mode": "list",
                            "block": {
                              "attributes": {
                                "name": {
                                  "type": "string",
                                  "description": "Name of the instance group",
                                  "description_kind": "plain",
                                  "required": true
                                },
                                "zone": {
                                  "type": "string",
                                  "description": "Zone of the instance group",
                                  "description_kind": "plain",
                                  "required": true
                                }
                              },
                              "description": "Unmanaged instance groups configuration for CAST provisioned nodes",
                              "description_kind": "plain"
                            }
                          }
                        },
                        "description": "Loadboalancer configuration for CAST provisioned nodes",
                        "description_kind": "plain"
                      }
                    },
                    "secondary_ip_range": {
                      "nesting_mode": "list",
                      "block": {
                        "attributes": {
                          "range_name": {
                            "type": "string",
                            "description": "Name of the secondary IP range",
                            "description_kind": "plain",
                            "required": true
                          }
                        },
                        "description": "Secondary IP range configuration for pods in GKE nodes",
                        "description_kind": "plain"
                      },
                      "max_items": 1
                    }
                  },
                  "description_kind": "plain"
                },
                "max_items": 1
              },
              "kops": {
                "nesting_mode": "list",
                "block": {
                  "attributes": {
                    "key_pair_id": {
                      "type": "string",
                      "description": "AWS key pair ID to be used for provisioned nodes. Has priority over sshPublicKey",
                      "description_kind": "plain",
                      "optional": true
                    }
                  },
                  "description_kind": "plain"
                },
                "max_items": 1
              },
              "timeouts": {
                "nesting_mode": "single",
                "block": {
                  "attributes": {
                    "create": {
                      "type": "string",
                      "description_kind": "plain",
                      "optional": true
                    },
                    "delete": {
                      "type": "string",
                      "description_kind": "plain",
                      "optional": true
                    },
                    "read": {
                      "type": "string",
                      "description_kind": "plain",
                      "optional": true
                    },
                    "update": {
                      "type": "string",
                      "description_kind": "plain",
                      "optional": true
                    }
                  },
                  "description_kind": "plain"
                }
              }
            },
            "description": "Create node configuration for given cluster. Node configuration [reference](https://docs.cast.ai/docs/node-configuration)",
            "description_kind": "plain"
          }
        },
        "castai_node_configuration_default": {
          "version": 0,
          "block": {
            "attributes": {
              "cluster_id": {
                "type": "string",
                "description": "CAST AI cluster id",
                "description_kind": "plain",
                "required": true
              },
              "configuration_id": {
                "type": "string",
                "description": "Id of the node configuration",
                "description_kind": "plain",
                "required": true
              },
              "id": {
                "type": "string",
                "description_kind": "plain",
                "optional": true,
                "computed": true
              }
            },
            "block_types": {
              "timeouts": {
                "nesting_mode": "single",
                "block": {
                  "attributes": {
                    "create": {
                      "type": "string",
                      "description_kind": "plain",
                      "optional": true
                    },
                    "delete": {
                      "type": "string",
                      "description_kind": "plain",
                      "optional": true
                    },
                    "read": {
                      "type": "string",
                      "description_kind": "plain",
                      "optional": true
                    }
                  },
                  "description_kind": "plain"
                }
              }
            },
            "description_kind": "plain"
          }
        },
        "castai_node_template": {
          "version": 0,
          "block": {
            "attributes": {
              "clm_enabled": {
                "type": "bool",
                "description": "Marks whether Container Live Migration (CLM) should be enabled for nodes created from this template. Supported on EKS, GKE, and AKS clusters. CLM-enabled nodes participate in live workload migration during rebalancing, scale-down, and node lifecycle events.",
                "description_kind": "plain",
                "optional": true
              },
              "cluster_id": {
                "type": "string",
                "description": "CAST AI cluster id.",
                "description_kind": "plain",
                "optional": true
              },
              "configuration_id": {
                "type": "string",
                "description": "CAST AI node configuration id to be used for node template.",
                "description_kind": "plain",
                "optional": true
              },
              "custom_instances_enabled": {
                "type": "bool",
                "description": "Marks whether custom instances should be used when deciding which parts of inventory are available. Custom instances are only supported in GCP.",
                "description_kind": "plain",
                "optional": true
              },
              "custom_instances_with_extended_memory_enabled": {
                "type": "bool",
                "description": "Marks whether custom instances with extended memory should be used when deciding which parts of inventory are available. Custom instances are only supported in GCP.",
                "description_kind": "plain",
                "optional": true
              },
              "custom_labels": {
                "type": [
                  "map",
                  "string"
                ],
                "description": "Custom labels to be added to nodes created from this template.",
                "description_kind": "plain",
                "optional": true
              },
              "edge_location_ids": {
                "type": [
                  "list",
                  "string"
                ],
                "description": "List of edge location IDs to associate with this node template. Must be valid UUIDs referencing castai_edge_location resources.",
                "description_kind": "plain",
                "optional": true
              },
              "id": {
                "type": "string",
                "description_kind": "plain",
                "optional": true,
                "computed": true
              },
              "is_default": {
                "type": "bool",
                "description": "Flag whether the node template is default. It's is always set to 'true' on 'default-by-castai' node template and 'false' otherwise.",
                "description_kind": "plain",
                "optional": true,
                "computed": true
              },
              "is_enabled": {
                "type": "bool",
                "description": "Flag whether the node template is enabled and considered for autoscaling.",
                "description_kind": "plain",
                "optional": true,
                "computed": true
              },
              "name": {
                "type": "string",
                "description": "Name of the node template.",
                "description_kind": "plain",
                "required": true
              },
              "rebalancing_config_min_nodes": {
                "type": "number",
                "description": "Minimum nodes that will be kept when rebalancing nodes using this node template.",
                "description_kind": "plain",
                "optional": true
              },
              "should_taint": {
                "type": "bool",
                "description": "Marks whether the templated nodes will have a taint.",
                "description_kind": "plain",
                "optional": true
              }
            },
            "block_types": {
              "constraints": {
                "nesting_mode": "list",
                "block": {
                  "attributes": {
                    "architecture_priority": {
                      "type": [
                        "list",
                        "string"
                      ],
                      "description": "Priority ordering of architectures, specifying no priority will pick cheapest. Allowed values: amd64, arm64.",
                      "description_kind": "plain",
                      "optional": true,
                      "computed": true
                    },
                    "architectures": {
                      "type": [
                        "list",
                        "string"
                      ],
                      "description": "List of acceptable instance CPU architectures, the default is amd64. Allowed values: amd64, arm64.",
                      "description_kind": "plain",
                      "optional": true,
                      "computed": true
                    },
                    "azs": {
                      "type": [
                        "list",
                        "string"
                      ],
                      "description": "The list of AZ names to consider for the node template, if empty or not set all AZs are considered.",
                      "description_kind": "plain",
                      "optional": true
                    },
                    "bare_metal": {
                      "type": "string",
                      "description": "Bare metal constraint, will only pick bare metal nodes if set to true. Will only pick non-bare metal nodes if false. Defaults to unspecified. Allowed values: true, false, unspecified.",
                      "description_kind": "plain",
                      "optional": true
                    },
                    "burstable_instances": {
                      "type": "string",
                      "description": "Will include burstable instances when enabled otherwise they will be excluded. Supported values: `enabled`, `disabled` or ``.",
                      "description_kind": "plain",
                      "optional": true
                    },
                    "compute_optimized": {
                      "type": "bool",
                      "description": "Compute optimized instance constraint (deprecated).",
                      "description_kind": "plain",
                      "optional": true
                    },
                    "compute_optimized_state": {
                      "type": "string",
                      "description": "Will only include compute optimized nodes when enabled and exclude compute optimized nodes when disabled. Empty value won't have effect on instances filter. Supported values: `enabled`, `disabled` or empty string.",
                      "description_kind": "plain",
                      "optional": true
                    },
                    "cpu_manufacturers": {
                      "type": [
                        "list",
                        "string"
                      ],
                      "description": "List of acceptable CPU manufacturers. Allowed values: AMD, AMPERE, APPLE, AWS, INTEL.",
                      "description_kind": "plain",
                      "optional": true
                    },
                    "customer_specific": {
                      "type": "string",
                      "description": "Will include customer specific (preview) instances when enabled otherwise they will be excluded. Supported values: `enabled`, `disabled` or ``.",
                      "description_kind": "plain",
                      "optional": true
                    },
                    "enable_spot_diversity": {
                      "type": "bool",
                      "description": "Enable/disable spot diversity policy. When enabled, autoscaler will try to balance between diverse and cost optimal instance types.",
                      "description_kind": "plain",
                      "optional": true
                    },
                    "fallback_restore_rate_seconds": {
                      "type": "number",
                      "description": "Fallback restore rate in seconds: defines how much time should pass before spot fallback should be attempted to be restored to real spot.",
                      "description_kind": "plain",
                      "optional": true
                    },
                    "is_gpu_only": {
                      "type": "bool",
                      "description": "GPU instance constraint - will only pick nodes with GPU if true",
                      "description_kind": "plain",
                      "optional": true
                    },
                    "max_cpu": {
                      "type": "number",
                      "description": "Max CPU cores per node.",
                      "description_kind": "plain",
                      "optional": true
                    },
                    "max_memory": {
                      "type": "number",
                      "description": "Max Memory (Mib) per node.",
                      "description_kind": "plain",
                      "optional": true
                    },
                    "max_price_per_cpu": {
                      "type": "number",
                      "description": "Maximum price per vCPU threshold. When price adjustments are configured, the filter applies to the adjusted price.",
                      "description_kind": "plain",
                      "optional": true
                    },
                    "min_cpu": {
                      "type": "number",
                      "description": "Min CPU cores per node.",
                      "description_kind": "plain",
                      "optional": true
                    },
                    "min_memory": {
                      "type": "number",
                      "description": "Min Memory (Mib) per node.",
                      "description_kind": "plain",
                      "optional": true
                    },
                    "on_demand": {
                      "type": "bool",
                      "description": "Should include on-demand instances in the considered pool.",
                      "description_kind": "plain",
                      "optional": true,
                      "computed": true
                    },
                    "os": {
                      "type": [
                        "list",
                        "string"
                      ],
                      "description": "List of acceptable instance Operating Systems, the default is linux. Allowed values: linux, windows.",
                      "description_kind": "plain",
                      "optional": true,
                      "computed": true
                    },
                    "spot": {
                      "type": "bool",
                      "description": "Should include spot instances in the considered pool.",
                      "description_kind": "plain",
                      "optional": true
                    },
                    "spot_diversity_price_increase_limit_percent": {
                      "type": "number",
                      "description": "Allowed node configuration price increase when diversifying instance types. E.g. if the value is 10%, then the overall price of diversified instance types can be 10% higher than the price of the optimal configuration.",
                      "description_kind": "plain",
                      "optional": true
                    },
                    "spot_interruption_predictions_enabled": {
                      "type": "bool",
                      "description": "Enable/disable spot interruption predictions.",
                      "description_kind": "plain",
                      "optional": true
                    },
                    "spot_interruption_predictions_type": {
                      "type": "string",
                      "description": "Spot interruption predictions type. Only \"interruption-predictions\" is supported.",
                      "description_kind": "plain",
                      "deprecated": true,
                      "optional": true
                    },
                    "spot_reliability_enabled": {
                      "type": "bool",
                      "description": "Enable/disable spot reliability. When enabled, autoscaler will create instances with highest reliability score within price increase threshold.",
                      "description_kind": "plain",
                      "optional": true
                    },
                    "spot_reliability_price_increase_limit_percent": {
                      "type": "number",
                      "description": "Allowed node price increase when using spot reliability on ordering the instance types . E.g. if the value is 10%, then the overall price of instance types can be 10% higher than the price of the optimal configuration.",
                      "description_kind": "plain",
                      "optional": true
                    },
                    "storage_optimized": {
                      "type": "bool",
                      "description": "Storage optimized instance constraint (deprecated).",
                      "description_kind": "plain",
                      "optional": true
                    },
                    "storage_optimized_state": {
                      "type": "string",
                      "description": "Storage optimized instance constraint - will only pick storage optimized nodes if enabled and won't pick if disabled. Empty value will have no effect. Supported values: `enabled`, `disabled` or empty string.",
                      "description_kind": "plain",
                      "optional": true
                    },
                    "use_spot_fallbacks": {
                      "type": "bool",
                      "description": "Spot instance fallback constraint - when true, on-demand instances will be created, when spots are unavailable.",
                      "description_kind": "plain",
                      "optional": true
                    }
                  },
                  "block_types": {
                    "aws": {
                      "nesting_mode": "list",
                      "block": {
                        "block_types": {
                          "capacity_reservations": {
                            "nesting_mode": "list",
                            "block": {
                              "attributes": {
                                "capacity_resource_group_arn": {
                                  "type": "string",
                                  "description": "Capacity resource group ARN for UltraServer capacity blocks.",
                                  "description_kind": "plain",
                                  "optional": true
                                },
                                "id": {
                                  "type": "string",
                                  "description": "AWS capacity reservation ID.",
                                  "description_kind": "plain",
                                  "optional": true
                                },
                                "type": {
                                  "type": "string",
                                  "description": "Type of capacity reservation. Allowed values: ON_DEMAND_CAPACITY_RESERVATION, CAPACITY_BLOCK.",
                                  "description_kind": "plain",
                                  "optional": true
                                }
                              },
                              "description": "Capacity reservations that this template can use for provisioning.",
                              "description_kind": "plain"
                            }
                          }
                        },
                        "description": "AWS-specific constraints for the node template.",
                        "description_kind": "plain"
                      },
                      "max_items": 1
                    },
                    "custom_priority": {
                      "nesting_mode": "list",
                      "block": {
                        "attributes": {
                          "instance_families": {
                            "type": [
                              "list",
                              "string"
                            ],
                            "description": "Instance families to prioritize in this tier.",
                            "description_kind": "plain",
                            "optional": true
                          },
                          "on_demand": {
                            "type": "bool",
                            "description": "If true, this tier will apply to on-demand instances.",
                            "description_kind": "plain",
                            "optional": true
                          },
                          "spot": {
                            "type": "bool",
                            "description": "If true, this tier will apply to spot instances.",
                            "description_kind": "plain",
                            "optional": true
                          }
                        },
                        "description_kind": "plain"
                      }
                    },
                    "dedicated_node_affinity": {
                      "nesting_mode": "list",
                      "block": {
                        "attributes": {
                          "az_name": {
                            "type": "string",
                            "description": "Availability zone name.",
                            "description_kind": "plain",
                            "required": true
                          },
                          "cpus_per_gpu": {
                            "type": "number",
                            "description": "Number of CPUs per GPU on the node.",
                            "description_kind": "plain",
                            "optional": true
                          },
                          "instance_types": {
                            "type": [
                              "list",
                              "string"
                            ],
                            "description": "Instance/node types in this node group.",
                            "description_kind": "plain",
                            "required": true
                          },
                          "min_gpus_per_node": {
                            "type": "number",
                            "description": "Minimal number of GPUs per node.",
                            "description_kind": "plain",
                            "optional": true
                          },
                          "name": {
                            "type": "string",
                            "description": "Name of node group.",
                            "description_kind": "plain",
                            "required": true
                          }
                        },
                        "block_types": {
                          "affinity": {
                            "nesting_mode": "list",
                            "block": {
                              "attributes": {
                                "key": {
                                  "type": "string",
                                  "description": "Key of the node affinity selector.",
                                  "description_kind": "plain",
                                  "required": true
                                },
                                "operator": {
                                  "type": "string",
                                  "description": "Operator of the node affinity selector. Allowed values: In, NotIn, Exists, DoesNotExist, Gt, Lt.",
                                  "description_kind": "plain",
                                  "required": true
                                },
                                "values": {
                                  "type": [
                                    "list",
                                    "string"
                                  ],
                                  "description": "Values of the node affinity selector.",
                                  "description_kind": "plain",
                                  "required": true
                                }
                              },
                              "description_kind": "plain"
                            }
                          }
                        },
                        "description": "Dedicated node affinity - creates preference for instances to be created on sole tenancy or dedicated nodes. This\n feature is only available for GCP clusters and sole tenancy nodes with local\n SSDs or GPUs are not supported. If the sole tenancy or dedicated nodes don't have capacity for selected instance\n type, the Autoscaler will fall back to multi-tenant instance types available for this Node Template.\n Other instance constraints are applied when the Autoscaler picks available instance types that can be created on\n the sole tenancy or dedicated node (example: setting min CPU to 16).",
                        "description_kind": "plain"
                      }
                    },
                    "gpu": {
                      "nesting_mode": "list",
                      "block": {
                        "attributes": {
                          "exclude_names": {
                            "type": [
                              "list",
                              "string"
                            ],
                            "description": "Names of the GPUs to exclude.",
                            "description_kind": "plain",
                            "optional": true
                          },
                          "fractional_gpus": {
                            "type": "string",
                            "description": "Will include fractional GPU instances when enabled otherwise they will be excluded. Supported values: `enabled`, `disabled` or ``.",
                            "description_kind": "plain",
                            "optional": true
                          },
                          "include_names": {
                            "type": [
                              "list",
                              "string"
                            ],
                            "description": "Instance families to include when filtering (excludes all other families).",
                            "description_kind": "plain",
                            "optional": true
                          },
                          "manufacturers": {
                            "type": [
                              "list",
                              "string"
                            ],
                            "description": "Manufacturers of the gpus to select - NVIDIA, AMD.",
                            "description_kind": "plain",
                            "optional": true
                          },
                          "max_count": {
                            "type": "number",
                            "description": "Max GPU count for the instance type to have.",
                            "description_kind": "plain",
                            "optional": true
                          },
                          "min_count": {
                            "type": "number",
                            "description": "Min GPU count for the instance type to have.",
                            "description_kind": "plain",
                            "optional": true
                          }
                        },
                        "description_kind": "plain"
                      },
                      "max_items": 1
                    },
                    "instance_families": {
                      "nesting_mode": "list",
                      "block": {
                        "attributes": {
                          "exclude": {
                            "type": [
                              "list",
                              "string"
                            ],
                            "description": "Instance families to exclude when filtering (includes all other families).",
                            "description_kind": "plain",
                            "optional": true
                          },
                          "include": {
                            "type": [
                              "list",
                              "string"
                            ],
                            "description": "Instance families to include when filtering (excludes all other families).",
                            "description_kind": "plain",
                            "optional": true
                          }
                        },
                        "description_kind": "plain"
                      },
                      "max_items": 1
                    },
                    "resource_limits": {
                      "nesting_mode": "list",
                      "block": {
                        "attributes": {
                          "cpu_limit_enabled": {
                            "type": "bool",
                            "description": "Controls CPU limit enforcement for the node template.",
                            "description_kind": "plain",
                            "optional": true
                          },
                          "cpu_limit_max_cores": {
                            "type": "number",
                            "description": "Specifies the maximum number of CPU cores that the nodes provisioned from this template can collectively have.",
                            "description_kind": "plain",
                            "optional": true
                          }
                        },
                        "description_kind": "plain"
                      },
                      "max_items": 1
                    }
                  },
                  "description_kind": "plain"
                },
                "max_items": 1
              },
              "custom_taints": {
                "nesting_mode": "list",
                "block": {
                  "attributes": {
                    "effect": {
                      "type": "string",
                      "description": "Effect of a taint to be added to nodes created from this template, the default is NoSchedule. Allowed values: NoSchedule, NoExecute.",
                      "description_kind": "plain",
                      "optional": true
                    },
                    "key": {
                      "type": "string",
                      "description": "Key of a taint to be added to nodes created from this template.",
                      "description_kind": "plain",
                      "required": true
                    },
                    "value": {
                      "type": "string",
                      "description": "Value of a taint to be added to nodes created from this template.",
                      "description_kind": "plain",
                      "optional": true
                    }
                  },
                  "description": "Custom taints to be added to the nodes created from this template. `shouldTaint` has to be `true` in order to create/update the node template with custom taints. If `shouldTaint` is `true`, but no custom taints are provided, the nodes will be tainted with the default node template taint.",
                  "description_kind": "plain"
                }
              },
              "gpu": {
                "nesting_mode": "list",
                "block": {
                  "attributes": {
                    "default_shared_clients_per_gpu": {
                      "type": "number",
                      "description": "Defines default number of shared clients per GPU.",
                      "description_kind": "plain",
                      "optional": true
                    },
                    "enable_time_sharing": {
                      "type": "bool",
                      "description": "Enable/disable GPU time-sharing. Deprecated: use sharing_strategy = \"time-slicing\" instead.",
                      "description_kind": "plain",
                      "deprecated": true,
                      "optional": true
                    },
                    "sharing_strategy": {
                      "type": "string",
                      "description": "GPU sharing strategy. Supported values: `time-slicing`, `mps`.",
                      "description_kind": "plain",
                      "optional": true
                    },
                    "user_managed_gpu_drivers": {
                      "type": "bool",
                      "description": "Enable/disable user-managed GPU drivers (for GKE clusters only).",
                      "description_kind": "plain",
                      "optional": true
                    }
                  },
                  "block_types": {
                    "sharing_configuration": {
                      "nesting_mode": "list",
                      "block": {
                        "attributes": {
                          "gpu_name": {
                            "type": "string",
                            "description": "GPU name.",
                            "description_kind": "plain",
                            "required": true
                          },
                          "shared_clients_per_gpu": {
                            "type": "number",
                            "description": "Defines number of shared clients for specific GPU device.",
                            "description_kind": "plain",
                            "required": true
                          }
                        },
                        "description": "Defines GPU sharing configurations for GPU devices.",
                        "description_kind": "plain"
                      }
                    }
                  },
                  "description": "GPU configuration.",
                  "description_kind": "plain"
                },
                "max_items": 1
              },
              "price_adjustment_configuration": {
                "nesting_mode": "list",
                "block": {
                  "attributes": {
                    "instance_type_adjustments": {
                      "type": [
                        "map",
                        "string"
                      ],
                      "description": "Map of instance type names to price adjustment multipliers (as strings). Example: {\"r7a.xlarge\": \"1.0\", \"r7i.xlarge\": \"1.20\"}",
                      "description_kind": "plain",
                      "optional": true
                    }
                  },
                  "description": "Configuration for adjusting instance type prices during autoscaling. Adjustments only affect placement decisions, not cost reporting.",
                  "description_kind": "plain"
                },
                "max_items": 1
              },
              "timeouts": {
                "nesting_mode": "single",
                "block": {
                  "attributes": {
                    "create": {
                      "type": "string",
                      "description_kind": "plain",
                      "optional": true
                    },
                    "delete": {
                      "type": "string",
                      "description_kind": "plain",
                      "optional": true
                    },
                    "read": {
                      "type": "string",
                      "description_kind": "plain",
                      "optional": true
                    },
                    "update": {
                      "type": "string",
                      "description_kind": "plain",
                      "optional": true
                    }
                  },
                  "description_kind": "plain"
                }
              }
            },
            "description": "CAST AI node template resource to manage node templates",
            "description_kind": "plain"
          }
        },
        "castai_omni_cluster": {
          "version": 0,
          "block": {
            "attributes": {
              "cluster_id": {
                "type": "string",
                "description": "CAST AI cluster ID to register",
                "description_kind": "plain",
                "required": true
              },
              "id": {
                "type": "string",
                "description": "Resource ID (same as cluster_id)",
                "description_kind": "plain",
                "computed": true
              },
              "organization_id": {
                "type": "string",
                "description": "CAST AI organization ID",
                "description_kind": "plain",
                "required": true
              }
            },
            "description": "Omni cluster resource allows registering a cluster with CAST AI Omni provider.",
            "description_kind": "plain",
            "block_types": {
              "status": {
                "block": {
                  "attributes": {
                    "omni_agent_version": {
                      "type": "string",
                      "description": "Version of the omni agent running on the cluster.",
                      "description_kind": "plain",
                      "required": true
                    },
                    "pod_cidr": {
                      "type": "string",
                      "description": "Pod CIDR of the cluster.",
                      "description_kind": "plain",
                      "required": true
                    }
                  },
                  "description_kind": "plain",
                  "description": "Current status of the cluster to report on registration."
                },
                "nesting_mode": "single",
                "min_items": 0,
                "max_items": 1
              }
            }
          }
        },
        "castai_organization_group": {
          "version": 0,
          "block": {
            "attributes": {
              "description": {
                "type": "string",
                "description": "Description of the group.",
                "description_kind": "plain",
                "optional": true
              },
              "id": {
                "type": "string",
                "description_kind": "plain",
                "optional": true,
                "computed": true
              },
              "name": {
                "type": "string",
                "description": "Name of the group.",
                "description_kind": "plain",
                "required": true
              },
              "organization_id": {
                "type": "string",
                "description": "CAST AI organization ID.",
                "description_kind": "plain",
                "required": true
              }
            },
            "block_types": {
              "members": {
                "nesting_mode": "list",
                "block": {
                  "block_types": {
                    "member": {
                      "nesting_mode": "list",
                      "block": {
                        "attributes": {
                          "email": {
                            "type": "string",
                            "description_kind": "plain",
                            "required": true
                          },
                          "id": {
                            "type": "string",
                            "description_kind": "plain",
                            "required": true
                          },
                          "kind": {
                            "type": "string",
                            "description": "Kind of the member. Supported values include: user, service_account.",
                            "description_kind": "plain",
                            "required": true
                          }
                        },
                        "description_kind": "plain"
                      }
                    }
                  },
                  "description_kind": "plain"
                }
              },
              "timeouts": {
                "nesting_mode": "single",
                "block": {
                  "attributes": {
                    "create": {
                      "type": "string",
                      "description_kind": "plain",
                      "optional": true
                    },
                    "delete": {
                      "type": "string",
                      "description_kind": "plain",
                      "optional": true
                    },
                    "update": {
                      "type": "string",
                      "description_kind": "plain",
                      "optional": true
                    }
                  },
                  "description_kind": "plain"
                }
              }
            },
            "description": "CAST AI organization group resource to manage organization groups",
            "description_kind": "plain"
          }
        },
        "castai_organization_members": {
          "version": 0,
          "block": {
            "attributes": {
              "id": {
                "type": "string",
                "description_kind": "plain",
                "optional": true,
                "computed": true
              },
              "members": {
                "type": [
                  "list",
                  "string"
                ],
                "description": "A list of email addresses corresponding to users who should be given member access to the organization.",
                "description_kind": "plain",
                "deprecated": true,
                "optional": true
              },
              "organization_id": {
                "type": "string",
                "description": "CAST AI organization ID.",
                "description_kind": "plain",
                "required": true
              },
              "owners": {
                "type": [
                  "list",
                  "string"
                ],
                "description": "A list of email addresses corresponding to users who should be given owner access to the organization.",
                "description_kind": "plain",
                "deprecated": true,
                "optional": true
              },
              "viewers": {
                "type": [
                  "list",
                  "string"
                ],
                "description": "A list of email addresses corresponding to users who should be given viewer access to the organization.",
                "description_kind": "plain",
                "deprecated": true,
                "optional": true
              }
            },
            "block_types": {
              "timeouts": {
                "nesting_mode": "single",
                "block": {
                  "attributes": {
                    "create": {
                      "type": "string",
                      "description_kind": "plain",
                      "optional": true
                    },
                    "delete": {
                      "type": "string",
                      "description_kind": "plain",
                      "optional": true
                    },
                    "update": {
                      "type": "string",
                      "description_kind": "plain",
                      "optional": true
                    }
                  },
                  "description_kind": "plain"
                }
              }
            },
            "description": "CAST AI organization members resource to manage organization members",
            "description_kind": "plain"
          }
        },
        "castai_pod_mutation": {
          "version": 0,
          "block": {
            "attributes": {
              "annotations": {
                "type": [
                  "map",
                  "string"
                ],
                "description": "Annotations to add to the pods.",
                "description_kind": "plain",
                "optional": true
              },
              "cluster_id": {
                "type": "string",
                "description": "ID of the cluster.",
                "description_kind": "plain",
                "required": true
              },
              "enabled": {
                "type": "bool",
                "description": "Whether the pod mutation is enabled.",
                "description_kind": "plain",
                "required": true
              },
              "id": {
                "type": "string",
                "description_kind": "plain",
                "optional": true,
                "computed": true
              },
              "labels": {
                "type": [
                  "map",
                  "string"
                ],
                "description": "Labels to add to the pods.",
                "description_kind": "plain",
                "optional": true
              },
              "name": {
                "type": "string",
                "description": "Name of the pod mutation.",
                "description_kind": "plain",
                "required": true
              },
              "node_templates_to_consolidate": {
                "type": [
                  "list",
                  "string"
                ],
                "description": "Node template names to consolidate.",
                "description_kind": "plain",
                "optional": true
              },
              "organization_id": {
                "type": "string",
                "description": "ID of the organization. If not provided, will be inferred from the API client.",
                "description_kind": "plain",
                "optional": true,
                "computed": true
              },
              "patch": {
                "type": "string",
                "description": "JSON patch to apply to pods. Must be a JSON array of patch operations.",
                "description_kind": "plain",
                "optional": true
              },
              "source": {
                "type": "string",
                "description": "Source of the pod mutation (API or CUSTOM_RESOURCE).",
                "description_kind": "plain",
                "computed": true
              }
            },
            "block_types": {
              "affinity": {
                "nesting_mode": "list",
                "block": {
                  "block_types": {
                    "node_affinity": {
                      "nesting_mode": "list",
                      "block": {
                        "block_types": {
                          "preferred_during_scheduling_ignored_during_execution": {
                            "nesting_mode": "list",
                            "block": {
                              "attributes": {
                                "weight": {
                                  "type": "number",
                                  "description": "Weight of the node affinity term.",
                                  "description_kind": "plain",
                                  "required": true
                                }
                              },
                              "block_types": {
                                "preference": {
                                  "nesting_mode": "list",
                                  "block": {
                                    "block_types": {
                                      "match_expressions": {
                                        "nesting_mode": "list",
                                        "block": {
                                          "attributes": {
                                            "key": {
                                              "type": "string",
                                              "description_kind": "plain",
                                              "required": true
                                            },
                                            "operator": {
                                              "type": "string",
                                              "description_kind": "plain",
                                              "required": true
                                            },
                                            "values": {
                                              "type": [
                                                "list",
                                                "string"
                                              ],
                                              "description_kind": "plain",
                                              "optional": true
                                            }
                                          },
                                          "description_kind": "plain"
                                        }
                                      }
                                    },
                                    "description_kind": "plain"
                                  },
                                  "min_items": 1,
                                  "max_items": 1
                                }
                              },
                              "description_kind": "plain"
                            }
                          }
                        },
                        "description_kind": "plain"
                      },
                      "max_items": 1
                    }
                  },
                  "description": "Affinity to apply to the pods.",
                  "description_kind": "plain"
                },
                "max_items": 1
              },
              "distribution_groups": {
                "nesting_mode": "list",
                "block": {
                  "attributes": {
                    "name": {
                      "type": "string",
                      "description": "Unique name for this distribution group.",
                      "description_kind": "plain",
                      "required": true
                    },
                    "percentage": {
                      "type": "number",
                      "description": "Percentage of pods (0-100) that should receive this configuration.",
                      "description_kind": "plain",
                      "required": true
                    }
                  },
                  "block_types": {
                    "configuration": {
                      "nesting_mode": "list",
                      "block": {
                        "attributes": {
                          "annotations": {
                            "type": [
                              "map",
                              "string"
                            ],
                            "description": "Annotations to add to the pods.",
                            "description_kind": "plain",
                            "optional": true
                          },
                          "labels": {
                            "type": [
                              "map",
                              "string"
                            ],
                            "description": "Labels to add to the pods.",
                            "description_kind": "plain",
                            "optional": true
                          },
                          "node_templates_to_consolidate": {
                            "type": [
                              "list",
                              "string"
                            ],
                            "description": "Node template names to consolidate.",
                            "description_kind": "plain",
                            "optional": true
                          },
                          "patch": {
                            "type": "string",
                            "description": "JSON patch to apply to pods. Must be a JSON array of patch operations.",
                            "description_kind": "plain",
                            "optional": true
                          },
                          "spot_type": {
                            "type": "string",
                            "description": "Spot instance type: OPTIONAL_SPOT, USE_ONLY_SPOT, or PREFERRED_SPOT.",
                            "description_kind": "plain",
                            "optional": true
                          }
                        },
                        "block_types": {
                          "affinity": {
                            "nesting_mode": "list",
                            "block": {
                              "block_types": {
                                "node_affinity": {
                                  "nesting_mode": "list",
                                  "block": {
                                    "block_types": {
                                      "preferred_during_scheduling_ignored_during_execution": {
                                        "nesting_mode": "list",
                                        "block": {
                                          "attributes": {
                                            "weight": {
                                              "type": "number",
                                              "description": "Weight of the node affinity term.",
                                              "description_kind": "plain",
                                              "required": true
                                            }
                                          },
                                          "block_types": {
                                            "preference": {
                                              "nesting_mode": "list",
                                              "block": {
                                                "block_types": {
                                                  "match_expressions": {
                                                    "nesting_mode": "list",
                                                    "block": {
                                                      "attributes": {
                                                        "key": {
                                                          "type": "string",
                                                          "description_kind": "plain",
                                                          "required": true
                                                        },
                                                        "operator": {
                                                          "type": "string",
                                                          "description_kind": "plain",
                                                          "required": true
                                                        },
                                                        "values": {
                                                          "type": [
                                                            "list",
                                                            "string"
                                                          ],
                                                          "description_kind": "plain",
                                                          "optional": true
                                                        }
                                                      },
                                                      "description_kind": "plain"
                                                    }
                                                  }
                                                },
                                                "description_kind": "plain"
                                              },
                                              "min_items": 1,
                                              "max_items": 1
                                            }
                                          },
                                          "description_kind": "plain"
                                        }
                                      }
                                    },
                                    "description_kind": "plain"
                                  },
                                  "max_items": 1
                                }
                              },
                              "description": "Affinity to apply to the pods.",
                              "description_kind": "plain"
                            },
                            "max_items": 1
                          },
                          "node_selector": {
                            "nesting_mode": "list",
                            "block": {
                              "attributes": {
                                "add": {
                                  "type": [
                                    "map",
                                    "string"
                                  ],
                                  "description_kind": "plain",
                                  "optional": true
                                },
                                "remove": {
                                  "type": [
                                    "map",
                                    "string"
                                  ],
                                  "description_kind": "plain",
                                  "optional": true
                                }
                              },
                              "description": "Node selector to apply to the pods (add/remove key-value pairs).",
                              "description_kind": "plain"
                            },
                            "max_items": 1
                          },
                          "tolerations": {
                            "nesting_mode": "list",
                            "block": {
                              "attributes": {
                                "effect": {
                                  "type": "string",
                                  "description": "Toleration effect.",
                                  "description_kind": "plain",
                                  "optional": true
                                },
                                "key": {
                                  "type": "string",
                                  "description": "Toleration key.",
                                  "description_kind": "plain",
                                  "optional": true
                                },
                                "operator": {
                                  "type": "string",
                                  "description": "Toleration operator.",
                                  "description_kind": "plain",
                                  "optional": true
                                },
                                "toleration_seconds": {
                                  "type": "number",
                                  "description": "Toleration seconds.",
                                  "description_kind": "plain",
                                  "optional": true
                                },
                                "value": {
                                  "type": "string",
                                  "description": "Toleration value.",
                                  "description_kind": "plain",
                                  "optional": true
                                }
                              },
                              "description": "Tolerations to apply to the pods.",
                              "description_kind": "plain"
                            }
                          }
                        },
                        "description_kind": "plain"
                      },
                      "min_items": 1,
                      "max_items": 1
                    }
                  },
                  "description": "Distribution groups for percentage-based pod distribution.",
                  "description_kind": "plain"
                }
              },
              "filter_v2": {
                "nesting_mode": "list",
                "block": {
                  "block_types": {
                    "pod": {
                      "nesting_mode": "list",
                      "block": {
                        "block_types": {
                          "exclude_labels_filter": {
                            "nesting_mode": "list",
                            "block": {
                              "attributes": {
                                "operator": {
                                  "type": "string",
                                  "description": "Logical operator to combine label matchers: AND or OR.",
                                  "description_kind": "plain",
                                  "required": true
                                }
                              },
                              "block_types": {
                                "matchers": {
                                  "nesting_mode": "set",
                                  "block": {
                                    "block_types": {
                                      "key": {
                                        "nesting_mode": "list",
                                        "block": {
                                          "attributes": {
                                            "type": {
                                              "type": "string",
                                              "description": "Matcher type: EXACT or REGEX.",
                                              "description_kind": "plain",
                                              "required": true
                                            },
                                            "value": {
                                              "type": "string",
                                              "description": "Value to match against.",
                                              "description_kind": "plain",
                                              "required": true
                                            }
                                          },
                                          "description_kind": "plain"
                                        },
                                        "min_items": 1,
                                        "max_items": 1
                                      },
                                      "value": {
                                        "nesting_mode": "list",
                                        "block": {
                                          "attributes": {
                                            "type": {
                                              "type": "string",
                                              "description": "Matcher type: EXACT or REGEX.",
                                              "description_kind": "plain",
                                              "required": true
                                            },
                                            "value": {
                                              "type": "string",
                                              "description": "Value to match against.",
                                              "description_kind": "plain",
                                              "required": true
                                            }
                                          },
                                          "description_kind": "plain"
                                        },
                                        "max_items": 1
                                      }
                                    },
                                    "description_kind": "plain"
                                  },
                                  "min_items": 1
                                }
                              },
                              "description_kind": "plain"
                            },
                            "max_items": 1
                          },
                          "labels_filter": {
                            "nesting_mode": "list",
                            "block": {
                              "attributes": {
                                "operator": {
                                  "type": "string",
                                  "description": "Logical operator to combine label matchers: AND or OR.",
                                  "description_kind": "plain",
                                  "required": true
                                }
                              },
                              "block_types": {
                                "matchers": {
                                  "nesting_mode": "set",
                                  "block": {
                                    "block_types": {
                                      "key": {
                                        "nesting_mode": "list",
                                        "block": {
                                          "attributes": {
                                            "type": {
                                              "type": "string",
                                              "description": "Matcher type: EXACT or REGEX.",
                                              "description_kind": "plain",
                                              "required": true
                                            },
                                            "value": {
                                              "type": "string",
                                              "description": "Value to match against.",
                                              "description_kind": "plain",
                                              "required": true
                                            }
                                          },
                                          "description_kind": "plain"
                                        },
                                        "min_items": 1,
                                        "max_items": 1
                                      },
                                      "value": {
                                        "nesting_mode": "list",
                                        "block": {
                                          "attributes": {
                                            "type": {
                                              "type": "string",
                                              "description": "Matcher type: EXACT or REGEX.",
                                              "description_kind": "plain",
                                              "required": true
                                            },
                                            "value": {
                                              "type": "string",
                                              "description": "Value to match against.",
                                              "description_kind": "plain",
                                              "required": true
                                            }
                                          },
                                          "description_kind": "plain"
                                        },
                                        "max_items": 1
                                      }
                                    },
                                    "description_kind": "plain"
                                  },
                                  "min_items": 1
                                }
                              },
                              "description_kind": "plain"
                            },
                            "max_items": 1
                          },
                          "tolerations_filter": {
                            "nesting_mode": "list",
                            "block": {
                              "attributes": {
                                "operator": {
                                  "type": "string",
                                  "description": "Logical operator to combine toleration matchers: AND or OR.",
                                  "description_kind": "plain",
                                  "required": true
                                }
                              },
                              "block_types": {
                                "matchers": {
                                  "nesting_mode": "set",
                                  "block": {
                                    "block_types": {
                                      "key": {
                                        "nesting_mode": "list",
                                        "block": {
                                          "attributes": {
                                            "type": {
                                              "type": "string",
                                              "description": "Matcher type: EXACT or REGEX.",
                                              "description_kind": "plain",
                                              "required": true
                                            },
                                            "value": {
                                              "type": "string",
                                              "description": "Value to match against.",
                                              "description_kind": "plain",
                                              "required": true
                                            }
                                          },
                                          "description_kind": "plain"
                                        },
                                        "min_items": 1,
                                        "max_items": 1
                                      },
                                      "operator": {
                                        "nesting_mode": "list",
                                        "block": {
                                          "attributes": {
                                            "type": {
                                              "type": "string",
                                              "description": "Matcher type: EXACT or REGEX.",
                                              "description_kind": "plain",
                                              "required": true
                                            },
                                            "value": {
                                              "type": "string",
                                              "description": "Value to match against.",
                                              "description_kind": "plain",
                                              "required": true
                                            }
                                          },
                                          "description_kind": "plain"
                                        },
                                        "max_items": 1
                                      },
                                      "value": {
                                        "nesting_mode": "list",
                                        "block": {
                                          "attributes": {
                                            "type": {
                                              "type": "string",
                                              "description": "Matcher type: EXACT or REGEX.",
                                              "description_kind": "plain",
                                              "required": true
                                            },
                                            "value": {
                                              "type": "string",
                                              "description": "Value to match against.",
                                              "description_kind": "plain",
                                              "required": true
                                            }
                                          },
                                          "description_kind": "plain"
                                        },
                                        "max_items": 1
                                      }
                                    },
                                    "description_kind": "plain"
                                  },
                                  "min_items": 1
                                }
                              },
                              "description": "Tolerations filter for matching pods by their tolerations.",
                              "description_kind": "plain"
                            },
                            "max_items": 1
                          }
                        },
                        "description": "Pod filter for labels.",
                        "description_kind": "plain"
                      },
                      "max_items": 1
                    },
                    "workload": {
                      "nesting_mode": "list",
                      "block": {
                        "block_types": {
                          "exclude_kinds": {
                            "nesting_mode": "set",
                            "block": {
                              "attributes": {
                                "type": {
                                  "type": "string",
                                  "description": "Matcher type: EXACT or REGEX.",
                                  "description_kind": "plain",
                                  "required": true
                                },
                                "value": {
                                  "type": "string",
                                  "description": "Value to match against.",
                                  "description_kind": "plain",
                                  "required": true
                                }
                              },
                              "description_kind": "plain"
                            }
                          },
                          "exclude_names": {
                            "nesting_mode": "set",
                            "block": {
                              "attributes": {
                                "type": {
                                  "type": "string",
                                  "description": "Matcher type: EXACT or REGEX.",
                                  "description_kind": "plain",
                                  "required": true
                                },
                                "value": {
                                  "type": "string",
                                  "description": "Value to match against.",
                                  "description_kind": "plain",
                                  "required": true
                                }
                              },
                              "description_kind": "plain"
                            }
                          },
                          "exclude_namespaces": {
                            "nesting_mode": "set",
                            "block": {
                              "attributes": {
                                "type": {
                                  "type": "string",
                                  "description": "Matcher type: EXACT or REGEX.",
                                  "description_kind": "plain",
                                  "required": true
                                },
                                "value": {
                                  "type": "string",
                                  "description": "Value to match against.",
                                  "description_kind": "plain",
                                  "required": true
                                }
                              },
                              "description_kind": "plain"
                            }
                          },
                          "kinds": {
                            "nesting_mode": "set",
                            "block": {
                              "attributes": {
                                "type": {
                                  "type": "string",
                                  "description": "Matcher type: EXACT or REGEX.",
                                  "description_kind": "plain",
                                  "required": true
                                },
                                "value": {
                                  "type": "string",
                                  "description": "Value to match against.",
                                  "description_kind": "plain",
                                  "required": true
                                }
                              },
                              "description_kind": "plain"
                            }
                          },
                          "names": {
                            "nesting_mode": "set",
                            "block": {
                              "attributes": {
                                "type": {
                                  "type": "string",
                                  "description": "Matcher type: EXACT or REGEX.",
                                  "description_kind": "plain",
                                  "required": true
                                },
                                "value": {
                                  "type": "string",
                                  "description": "Value to match against.",
                                  "description_kind": "plain",
                                  "required": true
                                }
                              },
                              "description_kind": "plain"
                            }
                          },
                          "namespaces": {
                            "nesting_mode": "set",
                            "block": {
                              "attributes": {
                                "type": {
                                  "type": "string",
                                  "description": "Matcher type: EXACT or REGEX.",
                                  "description_kind": "plain",
                                  "required": true
                                },
                                "value": {
                                  "type": "string",
                                  "description": "Value to match against.",
                                  "description_kind": "plain",
                                  "required": true
                                }
                              },
                              "description_kind": "plain"
                            }
                          }
                        },
                        "description": "Workload filter for kinds, names, and namespaces.",
                        "description_kind": "plain"
                      },
                      "max_items": 1
                    }
                  },
                  "description": "Advanced object filter with support for exact and regex matching.",
                  "description_kind": "plain"
                },
                "min_items": 1,
                "max_items": 1
              },
              "node_selector": {
                "nesting_mode": "list",
                "block": {
                  "attributes": {
                    "add": {
                      "type": [
                        "map",
                        "string"
                      ],
                      "description_kind": "plain",
                      "optional": true
                    },
                    "remove": {
                      "type": [
                        "map",
                        "string"
                      ],
                      "description_kind": "plain",
                      "optional": true
                    }
                  },
                  "description": "Node selector to apply to the pods (add/remove key-value pairs).",
                  "description_kind": "plain"
                },
                "max_items": 1
              },
              "pod_eviction": {
                "nesting_mode": "list",
                "block": {
                  "attributes": {
                    "enabled": {
                      "type": "bool",
                      "description": "Whether non-conforming pods are eligible for eviction.",
                      "description_kind": "plain",
                      "required": true
                    }
                  },
                  "description": "Eviction settings for enforcement of pod mutations.",
                  "description_kind": "plain"
                },
                "max_items": 1
              },
              "spot_config": {
                "nesting_mode": "list",
                "block": {
                  "attributes": {
                    "distribution_percentage": {
                      "type": "number",
                      "description": "Percentage of pods (0-100) that receive spot scheduling constraints.",
                      "description_kind": "plain",
                      "optional": true
                    },
                    "spot_mode": {
                      "type": "string",
                      "description": "Spot mode: OPTIONAL_SPOT, USE_ONLY_SPOT, or PREFERRED_SPOT.",
                      "description_kind": "plain",
                      "optional": true
                    }
                  },
                  "description": "Spot configuration for the mutation.",
                  "description_kind": "plain"
                },
                "max_items": 1
              },
              "tolerations": {
                "nesting_mode": "list",
                "block": {
                  "attributes": {
                    "effect": {
                      "type": "string",
                      "description": "Toleration effect.",
                      "description_kind": "plain",
                      "optional": true
                    },
                    "key": {
                      "type": "string",
                      "description": "Toleration key.",
                      "description_kind": "plain",
                      "optional": true
                    },
                    "operator": {
                      "type": "string",
                      "description": "Toleration operator.",
                      "description_kind": "plain",
                      "optional": true
                    },
                    "toleration_seconds": {
                      "type": "number",
                      "description": "Toleration seconds.",
                      "description_kind": "plain",
                      "optional": true
                    },
                    "value": {
                      "type": "string",
                      "description": "Toleration value.",
                      "description_kind": "plain",
                      "optional": true
                    }
                  },
                  "description": "Tolerations to apply to the pods.",
                  "description_kind": "plain"
                }
              }
            },
            "description": "CAST AI pod mutation resource allows managing pod mutations for Kubernetes workloads.",
            "description_kind": "plain"
          }
        },
        "castai_rebalancing_job": {
          "version": 0,
          "block": {
            "attributes": {
              "cluster_id": {
                "type": "string",
                "description": "CAST AI cluster id.",
                "description_kind": "plain",
                "required": true
              },
              "enabled": {
                "type": "bool",
                "description": "The job will only be executed if it's enabled.",
                "description_kind": "plain",
                "optional": true
              },
              "id": {
                "type": "string",
                "description_kind": "plain",
                "optional": true,
                "computed": true
              },
              "rebalancing_schedule_id": {
                "type": "string",
                "description": "Rebalancing schedule of this job.",
                "description_kind": "plain",
                "required": true
              }
            },
            "block_types": {
              "timeouts": {
                "nesting_mode": "single",
                "block": {
                  "attributes": {
                    "create": {
                      "type": "string",
                      "description_kind": "plain",
                      "optional": true
                    },
                    "delete": {
                      "type": "string",
                      "description_kind": "plain",
                      "optional": true
                    },
                    "read": {
                      "type": "string",
                      "description_kind": "plain",
                      "optional": true
                    },
                    "update": {
                      "type": "string",
                      "description_kind": "plain",
                      "optional": true
                    }
                  },
                  "description_kind": "plain"
                }
              }
            },
            "description": "Job assigns a rebalancing schedule to a cluster.",
            "description_kind": "plain"
          }
        },
        "castai_rebalancing_schedule": {
          "version": 0,
          "block": {
            "attributes": {
              "id": {
                "type": "string",
                "description_kind": "plain",
                "optional": true,
                "computed": true
              },
              "name": {
                "type": "string",
                "description": "Name of the schedule.",
                "description_kind": "plain",
                "required": true
              }
            },
            "block_types": {
              "launch_configuration": {
                "nesting_mode": "list",
                "block": {
                  "attributes": {
                    "aggressive_mode": {
                      "type": "bool",
                      "description": "Deprecated: Use aggressive_mode_config instead. When enabled, rebalancing considers all problematic pods (pods without controller, job pods, pods with removal-disabled annotation) as not-problematic.",
                      "description_kind": "plain",
                      "deprecated": true,
                      "optional": true
                    },
                    "keep_drain_timeout_nodes": {
                      "type": "bool",
                      "description": "Defines whether the nodes that failed to get drained until a predefined timeout, will be kept with a rebalancing.cast.ai/status=drain-failed annotation instead of forcefully drained.",
                      "description_kind": "plain",
                      "optional": true
                    },
                    "node_ttl_seconds": {
                      "type": "number",
                      "description": "Specifies amount of time since node creation before the node is allowed to be considered for automated rebalancing.",
                      "description_kind": "plain",
                      "optional": true
                    },
                    "num_targeted_nodes": {
                      "type": "number",
                      "description": "Maximum number of nodes that will be selected for rebalancing.",
                      "description_kind": "plain",
                      "optional": true
                    },
                    "rebalancing_min_nodes": {
                      "type": "number",
                      "description": "Minimum number of nodes that should be kept in the cluster after rebalancing.",
                      "description_kind": "plain",
                      "optional": true
                    },
                    "selector": {
                      "type": "string",
                      "description": "Node selector in JSON format.",
                      "description_kind": "plain",
                      "optional": true
                    },
                    "target_node_selection_algorithm": {
                      "type": "string",
                      "description": "Defines the algorithm used to select the target nodes for rebalancing.",
                      "description_kind": "plain",
                      "optional": true
                    }
                  },
                  "block_types": {
                    "aggressive_mode_config": {
                      "nesting_mode": "list",
                      "block": {
                        "attributes": {
                          "ignore_local_persistent_volumes": {
                            "type": "bool",
                            "description": "Rebalance workloads that use local-path Persistent Volumes. THIS WILL RESULT IN DATA LOSS.",
                            "description_kind": "plain",
                            "required": true
                          },
                          "ignore_problem_job_pods": {
                            "type": "bool",
                            "description": "Pods spawned by Jobs or CronJobs will not prevent the Rebalancer from deleting a node on which they run. WARNING: When true, pods spawned by Jobs or CronJobs will be terminated if the Rebalancer picks a node that runs them. As such, they are likely to lose their progress.",
                            "description_kind": "plain",
                            "required": true
                          },
                          "ignore_problem_pods_without_controller": {
                            "type": "bool",
                            "description": "Pods that don't have a controller (bare pods) will not prevent the Rebalancer from deleting a node on which they run. WARNING: When true, such pods might not restart, since they have no controller to do it.",
                            "description_kind": "plain",
                            "required": true
                          },
                          "ignore_problem_removal_disabled_pods": {
                            "type": "bool",
                            "description": "Pods that are marked with \"removal disabled\" will not prevent the Rebalancer from deleting a node on which they run. WARNING: When true, such pods will be evicted and disrupted.",
                            "description_kind": "plain",
                            "required": true
                          }
                        },
                        "description": "Advanced configuration for the aggressive rebalancing mode. This is the recommended way to configure aggressive rebalancing. Please keep the `aggressive_mode` parameter unset or set it `aggressive_mode=false` before using this config option. When the legacy `aggressive_mode` is set to `true`, it takes precedence over this option.",
                        "description_kind": "plain"
                      },
                      "max_items": 1
                    },
                    "drain_failure_config": {
                      "nesting_mode": "list",
                      "block": {
                        "attributes": {
                          "disable_uncordon": {
                            "type": "bool",
                            "description": "When true, drain-failed nodes will NOT be automatically uncordoned. Defaults to false (nodes are uncordoned after the timeout).",
                            "description_kind": "plain",
                            "optional": true
                          },
                          "uncordon_after_seconds": {
                            "type": "number",
                            "description": "Time in seconds after which a drain-failed node is automatically uncordoned. Must be between 60 (1m) and 259200 (72h). Defaults to 1800 (30m). Ignored when `disable_uncordon` is true.",
                            "description_kind": "plain",
                            "optional": true
                          }
                        },
                        "description": "Configures behavior when a node fails to drain during rebalancing. Relevant only when `keep_drain_timeout_nodes` is true.",
                        "description_kind": "plain"
                      },
                      "max_items": 1
                    },
                    "execution_conditions": {
                      "nesting_mode": "list",
                      "block": {
                        "attributes": {
                          "achieved_savings_percentage": {
                            "type": "number",
                            "description": "The percentage of the predicted savings that must be achieved in order to fully execute the plan.If the savings are not achieved after creating the new nodes, the plan will fail and delete the created nodes.",
                            "description_kind": "plain",
                            "optional": true
                          },
                          "enabled": {
                            "type": "bool",
                            "description": "Enables or disables the execution conditions.",
                            "description_kind": "plain",
                            "required": true
                          }
                        },
                        "description_kind": "plain"
                      },
                      "max_items": 1
                    }
                  },
                  "description_kind": "plain"
                },
                "min_items": 1,
                "max_items": 1
              },
              "schedule": {
                "nesting_mode": "list",
                "block": {
                  "attributes": {
                    "cron": {
                      "type": "string",
                      "description": "Cron expression defining when the schedule should trigger.\n\n  The `cron` expression can optionally include the `CRON_TZ` variable at the beginning to specify the timezone in which the schedule should be interpreted.\n\n  Example:\n  ```plaintext\n  CRON_TZ=America/New_York 0 12 * * ?\n  ```\n  In the example above, the `CRON_TZ` variable is set to \"America/New_York\" indicating that the cron expression should be interpreted in the Eastern Time (ET) timezone.\n\n  To retrieve a list of available timezone values, you can use the following API endpoint:\n\n  GET https://api.cast.ai/v1/time-zones\n\n  When using the `CRON_TZ` variable, ensure that the specified timezone is valid and supported by checking the list of available timezones from the API endpoint.  If the `CRON_TZ` variable is not specified, the cron expression will be interpreted in the UTC timezone.",
                      "description_kind": "plain",
                      "required": true
                    }
                  },
                  "description_kind": "plain"
                },
                "min_items": 1,
                "max_items": 1
              },
              "timeouts": {
                "nesting_mode": "single",
                "block": {
                  "attributes": {
                    "create": {
                      "type": "string",
                      "description_kind": "plain",
                      "optional": true
                    },
                    "delete": {
                      "type": "string",
                      "description_kind": "plain",
                      "optional": true
                    },
                    "read": {
                      "type": "string",
                      "description_kind": "plain",
                      "optional": true
                    },
                    "update": {
                      "type": "string",
                      "description_kind": "plain",
                      "optional": true
                    }
                  },
                  "description_kind": "plain"
                }
              },
              "trigger_conditions": {
                "nesting_mode": "list",
                "block": {
                  "attributes": {
                    "ignore_savings": {
                      "type": "bool",
                      "description": "If true, the savings percentage will be ignored and the rebalancing will be triggered regardless of the savings percentage.",
                      "description_kind": "plain",
                      "optional": true
                    },
                    "savings_percentage": {
                      "type": "number",
                      "description": "Defines the minimum percentage of savings expected.",
                      "description_kind": "plain",
                      "required": true
                    }
                  },
                  "description_kind": "plain"
                },
                "min_items": 1,
                "max_items": 1
              }
            },
            "description": "CAST AI rebalancing schedule resource to manage rebalancing schedules.",
            "description_kind": "plain"
          }
        },
        "castai_reservations": {
          "version": 0,
          "block": {
            "attributes": {
              "id": {
                "type": "string",
                "description_kind": "plain",
                "optional": true,
                "computed": true
              },
              "organization_id": {
                "type": "string",
                "description": "organization",
                "description_kind": "plain",
                "optional": true
              },
              "reservations": {
                "type": [
                  "list",
                  [
                    "object",
                    {
                      "count": "string",
                      "end_date": "string",
                      "instance_type": "string",
                      "name": "string",
                      "price": "string",
                      "provider": "string",
                      "region": "string",
                      "start_date": "string",
                      "zone_id": "string",
                      "zone_name": "string"
                    }
                  ]
                ],
                "description_kind": "plain",
                "computed": true
              },
              "reservations_csv": {
                "type": "string",
                "description": "csv file containing reservations",
                "description_kind": "plain",
                "required": true
              }
            },
            "block_types": {
              "timeouts": {
                "nesting_mode": "single",
                "block": {
                  "attributes": {
                    "create": {
                      "type": "string",
                      "description_kind": "plain",
                      "optional": true
                    },
                    "update": {
                      "type": "string",
                      "description_kind": "plain",
                      "optional": true
                    }
                  },
                  "description_kind": "plain"
                }
              }
            },
            "description": "Reservation represents cloud service provider reserved instances that can be used by CAST AI autoscaler.",
            "description_kind": "plain",
            "deprecated": true
          }
        },
        "castai_role_bindings": {
          "version": 0,
          "block": {
            "attributes": {
              "description": {
                "type": "string",
                "description": "Description of the role binding.",
                "description_kind": "plain",
                "optional": true,
                "computed": true
              },
              "id": {
                "type": "string",
                "description_kind": "plain",
                "optional": true,
                "computed": true
              },
              "name": {
                "type": "string",
                "description": "Name of role binding.",
                "description_kind": "plain",
                "required": true
              },
              "organization_id": {
                "type": "string",
                "description": "CAST AI organization ID.",
                "description_kind": "plain",
                "required": true
              },
              "role_id": {
                "type": "string",
                "description": "ID of role from role binding.",
                "description_kind": "plain",
                "required": true
              }
            },
            "block_types": {
              "scopes": {
                "nesting_mode": "list",
                "block": {
                  "attributes": {
                    "kind": {
                      "type": "string",
                      "description": "Scope of the role binding Supported values include: organization, cluster.",
                      "description_kind": "plain",
                      "required": true
                    },
                    "resource_id": {
                      "type": "string",
                      "description": "ID of the scope resource.",
                      "description_kind": "plain",
                      "required": true
                    }
                  },
                  "description": "Scopes of the role binding.",
                  "description_kind": "plain"
                }
              },
              "subjects": {
                "nesting_mode": "list",
                "block": {
                  "block_types": {
                    "subject": {
                      "nesting_mode": "list",
                      "block": {
                        "attributes": {
                          "group_id": {
                            "type": "string",
                            "description": "Optional, required only if `kind` is `group`.",
                            "description_kind": "plain",
                            "optional": true,
                            "computed": true
                          },
                          "kind": {
                            "type": "string",
                            "description": "Kind of the subject. Supported values include: user, service_account, group.",
                            "description_kind": "plain",
                            "required": true
                          },
                          "service_account_id": {
                            "type": "string",
                            "description": "Optional, required only if `kind` is `service_account`.",
                            "description_kind": "plain",
                            "optional": true,
                            "computed": true
                          },
                          "user_id": {
                            "type": "string",
                            "description": "Optional, required only if `kind` is `user`.",
                            "description_kind": "plain",
                            "optional": true,
                            "computed": true
                          }
                        },
                        "description_kind": "plain"
                      }
                    }
                  },
                  "description_kind": "plain"
                },
                "min_items": 1
              },
              "timeouts": {
                "nesting_mode": "single",
                "block": {
                  "attributes": {
                    "create": {
                      "type": "string",
                      "description_kind": "plain",
                      "optional": true
                    },
                    "delete": {
                      "type": "string",
                      "description_kind": "plain",
                      "optional": true
                    },
                    "update": {
                      "type": "string",
                      "description_kind": "plain",
                      "optional": true
                    }
                  },
                  "description_kind": "plain"
                }
              }
            },
            "description": "CAST AI organization group resource to manage organization groups",
            "description_kind": "plain"
          }
        },
        "castai_security_runtime_rule": {
          "version": 0,
          "block": {
            "attributes": {
              "anomalies_count": {
                "type": "number",
                "description": "Number of anomalies detected using this rule.",
                "description_kind": "plain",
                "computed": true
              },
              "category": {
                "type": "string",
                "description": "Category of the rule.",
                "description_kind": "plain",
                "optional": true
              },
              "enabled": {
                "type": "bool",
                "description": "Whether the rule is enabled.",
                "description_kind": "plain",
                "optional": true
              },
              "id": {
                "type": "string",
                "description_kind": "plain",
                "optional": true,
                "computed": true
              },
              "is_built_in": {
                "type": "bool",
                "description": "Indicates whether the rule is a built-in rule.",
                "description_kind": "plain",
                "computed": true
              },
              "labels": {
                "type": [
                  "map",
                  "string"
                ],
                "description": "Key-value labels attached to the rule.",
                "description_kind": "plain",
                "optional": true
              },
              "name": {
                "type": "string",
                "description": "Unique name of the runtime security rule. Name is used as resource identifier in Terraform.",
                "description_kind": "plain",
                "required": true
              },
              "resource_selector": {
                "type": "string",
                "description": "Optional CEL expression for resource selection.",
                "description_kind": "plain",
                "optional": true
              },
              "rule_engine_type": {
                "type": "string",
                "description": "The engine type used to evaluate the rule. Only RULE_ENGINE_TYPE_CEL is currently supported.",
                "description_kind": "plain",
                "optional": true
              },
              "rule_text": {
                "type": "string",
                "description": "CEL rule expression text.",
                "description_kind": "plain",
                "required": true
              },
              "severity": {
                "type": "string",
                "description": "Severity of the rule. One of SEVERITY_CRITICAL, SEVERITY_HIGH, SEVERITY_MEDIUM, SEVERITY_LOW, SEVERITY_NONE.",
                "description_kind": "plain",
                "required": true
              },
              "type": {
                "type": "string",
                "description": "Type of the rule (internal value).",
                "description_kind": "plain",
                "computed": true
              },
              "used_custom_lists": {
                "type": [
                  "list",
                  "string"
                ],
                "description": "Custom lists used in this rule, if any.",
                "description_kind": "plain",
                "computed": true
              }
            },
            "block_types": {
              "timeouts": {
                "nesting_mode": "single",
                "block": {
                  "attributes": {
                    "create": {
                      "type": "string",
                      "description_kind": "plain",
                      "optional": true
                    },
                    "delete": {
                      "type": "string",
                      "description_kind": "plain",
                      "optional": true
                    },
                    "read": {
                      "type": "string",
                      "description_kind": "plain",
                      "optional": true
                    }
                  },
                  "description_kind": "plain"
                }
              }
            },
            "description": "Manages a CAST AI security runtime rule.",
            "description_kind": "plain"
          }
        },
        "castai_service_account": {
          "version": 0,
          "block": {
            "attributes": {
              "author": {
                "type": [
                  "list",
                  [
                    "object",
                    {
                      "email": "string",
                      "id": "string",
                      "kind": "string"
                    }
                  ]
                ],
                "description": "Author of the service account.",
                "description_kind": "plain",
                "computed": true
              },
              "description": {
                "type": "string",
                "description": "Description of the service account.",
                "description_kind": "plain",
                "optional": true
              },
              "email": {
                "type": "string",
                "description": "Email of the service account.",
                "description_kind": "plain",
                "computed": true
              },
              "id": {
                "type": "string",
                "description_kind": "plain",
                "optional": true,
                "computed": true
              },
              "name": {
                "type": "string",
                "description": "Name of the service account.",
                "description_kind": "plain",
                "required": true
              },
              "organization_id": {
                "type": "string",
                "description": "ID of the organization.",
                "description_kind": "plain",
                "required": true
              }
            },
            "block_types": {
              "timeouts": {
                "nesting_mode": "single",
                "block": {
                  "attributes": {
                    "create": {
                      "type": "string",
                      "description_kind": "plain",
                      "optional": true
                    },
                    "delete": {
                      "type": "string",
                      "description_kind": "plain",
                      "optional": true
                    },
                    "read": {
                      "type": "string",
                      "description_kind": "plain",
                      "optional": true
                    },
                    "update": {
                      "type": "string",
                      "description_kind": "plain",
                      "optional": true
                    }
                  },
                  "description_kind": "plain"
                }
              }
            },
            "description": "Service account resource allows managing CAST AI service accounts.",
            "description_kind": "plain"
          }
        },
        "castai_service_account_key": {
          "version": 0,
          "block": {
            "attributes": {
              "active": {
                "type": "bool",
                "description": "Whether the service account key is active. Defaults to true.",
                "description_kind": "plain",
                "optional": true
              },
              "expires_at": {
                "type": "string",
                "description": "The expiration time of the service account key in RFC3339 format. Defaults to an empty string.",
                "description_kind": "plain",
                "optional": true
              },
              "id": {
                "type": "string",
                "description_kind": "plain",
                "optional": true,
                "computed": true
              },
              "last_used_at": {
                "type": "string",
                "description": "Last time the service account key was used.",
                "description_kind": "plain",
                "computed": true
              },
              "name": {
                "type": "string",
                "description": "Name of the service account key.",
                "description_kind": "plain",
                "required": true
              },
              "organization_id": {
                "type": "string",
                "description": "ID of the organization.",
                "description_kind": "plain",
                "required": true
              },
              "prefix": {
                "type": "string",
                "description": "Prefix of the service account key.",
                "description_kind": "plain",
                "computed": true
              },
              "service_account_id": {
                "type": "string",
                "description": "ID of the service account.",
                "description_kind": "plain",
                "required": true
              },
              "token": {
                "type": "string",
                "description": "The token of the service account key used for authentication.",
                "description_kind": "plain",
                "computed": true
              }
            },
            "block_types": {
              "timeouts": {
                "nesting_mode": "single",
                "block": {
                  "attributes": {
                    "create": {
                      "type": "string",
                      "description_kind": "plain",
                      "optional": true
                    },
                    "delete": {
                      "type": "string",
                      "description_kind": "plain",
                      "optional": true
                    },
                    "read": {
                      "type": "string",
                      "description_kind": "plain",
                      "optional": true
                    },
                    "update": {
                      "type": "string",
                      "description_kind": "plain",
                      "optional": true
                    }
                  },
                  "description_kind": "plain"
                }
              }
            },
            "description": "Service account key resource allows managing CAST AI service account keys.",
            "description_kind": "plain"
          }
        },
        "castai_sso_connection": {
          "version": 0,
          "block": {
            "attributes": {
              "additional_email_domains": {
                "type": [
                  "list",
                  "string"
                ],
                "description": "Additional email domains that will be allowed to sign in via the connection",
                "description_kind": "plain",
                "optional": true
              },
              "email_domain": {
                "type": "string",
                "description": "Email domain of the connection",
                "description_kind": "plain",
                "required": true
              },
              "id": {
                "type": "string",
                "description_kind": "plain",
                "optional": true,
                "computed": true
              },
              "name": {
                "type": "string",
                "description": "Connection name",
                "description_kind": "plain",
                "required": true
              },
              "sync_auth_token": {
                "type": "string",
                "description": "Auth token generated when synchronize_user_groups is enabled. Only populated on the transition from false to true.",
                "description_kind": "plain",
                "computed": true,
                "sensitive": true
              },
              "synchronize_user_groups": {
                "type": "bool",
                "description": "When enabled, user groups from the identity provider will be synchronized with CAST AI. A sync auth token is generated on activation and stored in sync_auth_token.",
                "description_kind": "plain",
                "optional": true
              }
            },
            "block_types": {
              "aad": {
                "nesting_mode": "list",
                "block": {
                  "attributes": {
                    "ad_domain": {
                      "type": "string",
                      "description": "Azure AD domain",
                      "description_kind": "plain",
                      "required": true
                    },
                    "client_id": {
                      "type": "string",
                      "description": "Azure AD client ID",
                      "description_kind": "plain",
                      "required": true
                    },
                    "client_secret": {
                      "type": "string",
                      "description": "Azure AD client secret",
                      "description_kind": "plain",
                      "required": true,
                      "sensitive": true
                    }
                  },
                  "description": "Azure AD connector",
                  "description_kind": "plain"
                },
                "max_items": 1
              },
              "okta": {
                "nesting_mode": "list",
                "block": {
                  "attributes": {
                    "client_id": {
                      "type": "string",
                      "description": "Okta client ID",
                      "description_kind": "plain",
                      "required": true
                    },
                    "client_secret": {
                      "type": "string",
                      "description": "Okta client secret",
                      "description_kind": "plain",
                      "required": true,
                      "sensitive": true
                    },
                    "okta_domain": {
                      "type": "string",
                      "description": "Okta domain",
                      "description_kind": "plain",
                      "required": true
                    }
                  },
                  "description": "Okta connector",
                  "description_kind": "plain"
                },
                "max_items": 1
              },
              "timeouts": {
                "nesting_mode": "single",
                "block": {
                  "attributes": {
                    "create": {
                      "type": "string",
                      "description_kind": "plain",
                      "optional": true
                    },
                    "delete": {
                      "type": "string",
                      "description_kind": "plain",
                      "optional": true
                    },
                    "update": {
                      "type": "string",
                      "description_kind": "plain",
                      "optional": true
                    }
                  },
                  "description_kind": "plain"
                }
              }
            },
            "description": "SSO Connection resource allows creating SSO trust relationship with CAST AI.",
            "description_kind": "plain"
          }
        },
        "castai_workload_custom_metrics_data_source": {
          "version": 0,
          "block": {
            "attributes": {
              "cluster_id": {
                "type": "string",
                "description": "CAST AI cluster ID.",
                "description_kind": "plain",
                "required": true
              },
              "id": {
                "type": "string",
                "description_kind": "plain",
                "optional": true,
                "computed": true
              },
              "kube_resource_name": {
                "type": "string",
                "description": "Name of the corresponding Kubernetes resource.",
                "description_kind": "plain",
                "computed": true
              },
              "managed_by_cast": {
                "type": "bool",
                "description": "Whether the data source is managed by CAST AI.",
                "description_kind": "plain",
                "computed": true
              },
              "name": {
                "type": "string",
                "description": "Name of the custom metrics data source (1-63 characters).",
                "description_kind": "plain",
                "required": true
              },
              "status": {
                "type": "string",
                "description": "Synchronization status of the data source (CONNECTING, CONNECTED, SYNCING, FAILED).",
                "description_kind": "plain",
                "computed": true
              }
            },
            "block_types": {
              "prometheus": {
                "nesting_mode": "list",
                "block": {
                  "attributes": {
                    "presets": {
                      "type": [
                        "list",
                        "string"
                      ],
                      "description": "List of metric presets managed by CAST AI. Presets provide curated metric definitions that are kept up to date automatically. This is the recommended approach for most users. Currently available: \"jvm\".",
                      "description_kind": "plain",
                      "optional": true
                    },
                    "timeout": {
                      "type": "string",
                      "description": "Timeout for Prometheus queries (e.g. \"30s\").",
                      "description_kind": "plain",
                      "optional": true,
                      "computed": true
                    },
                    "url": {
                      "type": "string",
                      "description": "URL of the Prometheus server.",
                      "description_kind": "plain",
                      "required": true
                    }
                  },
                  "block_types": {
                    "metric": {
                      "nesting_mode": "set",
                      "block": {
                        "attributes": {
                          "name": {
                            "type": "string",
                            "description": "Name of the metric.",
                            "description_kind": "plain",
                            "required": true
                          },
                          "query": {
                            "type": "string",
                            "description": "PromQL query for this metric.",
                            "description_kind": "plain",
                            "required": true
                          }
                        },
                        "description": "Manually defined metrics. Use this for advanced use cases where presets don't cover your needs. Each entry defines a single metric name and PromQL query. To specify multiple queries for the same metric, use multiple entries with the same name.",
                        "description_kind": "plain"
                      }
                    }
                  },
                  "description": "Prometheus data source configuration.",
                  "description_kind": "plain"
                },
                "min_items": 1,
                "max_items": 1
              },
              "timeouts": {
                "nesting_mode": "single",
                "block": {
                  "attributes": {
                    "create": {
                      "type": "string",
                      "description_kind": "plain",
                      "optional": true
                    },
                    "delete": {
                      "type": "string",
                      "description_kind": "plain",
                      "optional": true
                    },
                    "read": {
                      "type": "string",
                      "description_kind": "plain",
                      "optional": true
                    },
                    "update": {
                      "type": "string",
                      "description_kind": "plain",
                      "optional": true
                    }
                  },
                  "description_kind": "plain"
                }
              }
            },
            "description": "Manages a CAST AI workload custom metrics data source. Custom metrics data sources allow CAST AI to collect and use non-standard metrics for workload optimization.",
            "description_kind": "plain"
          }
        },
        "castai_workload_scaling_policy": {
          "version": 0,
          "block": {
            "attributes": {
              "apply_type": {
                "type": "string",
                "description": "Recommendation apply type.\n\t- IMMEDIATE - pods are restarted immediately when new recommendation is generated.\n\t- DEFERRED - pods are not restarted and recommendation values are applied during natural restarts only (new deployment, etc.)",
                "description_kind": "plain",
                "required": true
              },
              "cluster_id": {
                "type": "string",
                "description": "CAST AI cluster id",
                "description_kind": "plain",
                "required": true
              },
              "excluded_containers": {
                "type": [
                  "list",
                  "string"
                ],
                "description": "Defines containers to be excluded from receiving recommendations. The containers are matched by exact name.",
                "description_kind": "plain",
                "optional": true
              },
              "id": {
                "type": "string",
                "description_kind": "plain",
                "optional": true,
                "computed": true
              },
              "is_ops_pilot": {
                "type": "bool",
                "description": "Marks a policy as managed by OpsPilot.",
                "description_kind": "plain",
                "optional": true
              },
              "management_option": {
                "type": "string",
                "description": "Defines possible options for workload management.\n\t- READ_ONLY - workload watched (metrics collected), but no actions performed by CAST AI.\n\t- MANAGED - workload watched (metrics collected), CAST AI may perform actions on the workload.",
                "description_kind": "plain",
                "required": true
              },
              "name": {
                "type": "string",
                "description": "Scaling policy name",
                "description_kind": "plain",
                "required": true
              }
            },
            "block_types": {
              "anomaly_detection": {
                "nesting_mode": "list",
                "block": {
                  "block_types": {
                    "cpu_pressure": {
                      "nesting_mode": "list",
                      "block": {
                        "attributes": {
                          "cpu_stall_threshold_percentage": {
                            "type": "number",
                            "description": "Percentage of time (0-100) that a pod must experience CPU pressure to be considered under pressure.",
                            "description_kind": "plain",
                            "required": true
                          },
                          "min_pressured_pod_percentage": {
                            "type": "number",
                            "description": "Percentage (0-100) of pods that must be experiencing pressure for the detector to trigger.",
                            "description_kind": "plain",
                            "required": true
                          }
                        },
                        "description": "Configures CPU pressure anomaly detection thresholds.",
                        "description_kind": "plain"
                      },
                      "max_items": 1
                    },
                    "infinite_memory_scaling": {
                      "nesting_mode": "list",
                      "block": {
                        "attributes": {
                          "enabled": {
                            "type": "bool",
                            "description": "Enables infinite memory scaling detection for workloads using this policy.",
                            "description_kind": "plain",
                            "required": true
                          }
                        },
                        "description": "Configures infinite memory scaling anomaly detection.",
                        "description_kind": "plain"
                      },
                      "max_items": 1
                    }
                  },
                  "description": "Defines anomaly detection settings for the scaling policy.",
                  "description_kind": "plain"
                },
                "max_items": 1
              },
              "anti_affinity": {
                "nesting_mode": "list",
                "block": {
                  "attributes": {
                    "consider_anti_affinity": {
                      "type": "bool",
                      "description": "Defines if anti-affinity should be considered when scaling the workload.\n\tIf enabled, requiring host ports, or having anti-affinity on hostname will force all recommendations to be deferred.",
                      "description_kind": "plain",
                      "optional": true
                    }
                  },
                  "description_kind": "plain"
                },
                "max_items": 1
              },
              "assignment_rules": {
                "nesting_mode": "list",
                "block": {
                  "block_types": {
                    "rules": {
                      "nesting_mode": "list",
                      "block": {
                        "block_types": {
                          "namespace": {
                            "nesting_mode": "list",
                            "block": {
                              "attributes": {
                                "names": {
                                  "type": [
                                    "list",
                                    "string"
                                  ],
                                  "description": "Defines matching by namespace names.",
                                  "description_kind": "plain",
                                  "optional": true
                                }
                              },
                              "block_types": {
                                "labels_expressions": {
                                  "nesting_mode": "list",
                                  "block": {
                                    "attributes": {
                                      "key": {
                                        "type": "string",
                                        "description": "The label key to match. Required for all operators except `Regex` and `Contains`. If not specified, it will search through all labels.",
                                        "description_kind": "plain",
                                        "optional": true
                                      },
                                      "operator": {
                                        "type": "string",
                                        "description": "The operator to use for matching the label.",
                                        "description_kind": "plain",
                                        "required": true
                                      },
                                      "values": {
                                        "type": [
                                          "list",
                                          "string"
                                        ],
                                        "description": "A list of values to match against the label key. It is required for `In`, `NotIn`, `Regex`, and `Contains` operators.",
                                        "description_kind": "plain",
                                        "optional": true
                                      }
                                    },
                                    "description": "Defines matching by label selector requirements.",
                                    "description_kind": "plain"
                                  }
                                }
                              },
                              "description": "Allows assigning a scaling policy based on the workload's namespace.",
                              "description_kind": "plain"
                            },
                            "max_items": 1
                          },
                          "workload": {
                            "nesting_mode": "list",
                            "block": {
                              "attributes": {
                                "gvk": {
                                  "type": [
                                    "list",
                                    "string"
                                  ],
                                  "description": "Group, version, and kind for Kubernetes resources. Format: kind[.version][.group].\nIt can be either:\n - only kind, e.g. \"Deployment\"\n - group and kind: e.g.\"Deployment.apps\"\n - group, version and kind: e.g.\"Deployment.v1.apps\"",
                                  "description_kind": "plain",
                                  "optional": true
                                }
                              },
                              "block_types": {
                                "labels_expressions": {
                                  "nesting_mode": "list",
                                  "block": {
                                    "attributes": {
                                      "key": {
                                        "type": "string",
                                        "description": "The label key to match. Required for all operators except `Regex` and `Contains`. If not specified, it will search through all labels.",
                                        "description_kind": "plain",
                                        "optional": true
                                      },
                                      "operator": {
                                        "type": "string",
                                        "description": "The operator to use for matching the label.",
                                        "description_kind": "plain",
                                        "required": true
                                      },
                                      "values": {
                                        "type": [
                                          "list",
                                          "string"
                                        ],
                                        "description": "A list of values to match against the label key. It is required for `In`, `NotIn`, `Regex`, and `Contains` operators.",
                                        "description_kind": "plain",
                                        "optional": true
                                      }
                                    },
                                    "description": "Defines matching by label selector requirements.",
                                    "description_kind": "plain"
                                  }
                                }
                              },
                              "description": "Allows assigning a scaling policy based on the workload's metadata.",
                              "description_kind": "plain"
                            },
                            "max_items": 1
                          }
                        },
                        "description_kind": "plain"
                      },
                      "min_items": 1
                    }
                  },
                  "description": "Allows defining conditions for automatically assigning workloads to this scaling policy.",
                  "description_kind": "plain"
                }
              },
              "confidence": {
                "nesting_mode": "list",
                "block": {
                  "attributes": {
                    "threshold": {
                      "type": "number",
                      "description": "Defines the confidence threshold for applying recommendations. The smaller number indicates that we require fewer metrics data points to apply recommendations - changing this value can cause applying less precise recommendations. Do not change the default unless you want to optimize with fewer data points (e.g., short-lived workloads).",
                      "description_kind": "plain",
                      "optional": true
                    }
                  },
                  "description": "Defines the confidence settings for applying recommendations.",
                  "description_kind": "plain"
                },
                "max_items": 1
              },
              "cpu": {
                "nesting_mode": "list",
                "block": {
                  "attributes": {
                    "apply_threshold": {
                      "type": "number",
                      "description": "The threshold of when to apply the recommendation. Recommendation will be applied when diff of current requests and new recommendation is greater than set value",
                      "description_kind": "plain",
                      "deprecated": true,
                      "optional": true
                    },
                    "args": {
                      "type": [
                        "list",
                        "string"
                      ],
                      "description": "The arguments for the function - i.e. for `QUANTILE` this should be a [0, 1] float. `MAX` doesn't accept any args",
                      "description_kind": "plain",
                      "optional": true
                    },
                    "function": {
                      "type": "string",
                      "description": "The function used to calculate the resource recommendation. Supported values: `QUANTILE`, `MAX`",
                      "description_kind": "plain",
                      "optional": true
                    },
                    "look_back_period_seconds": {
                      "type": "number",
                      "description": "The look back period in seconds for the recommendation.",
                      "description_kind": "plain",
                      "optional": true
                    },
                    "management_option": {
                      "type": "string",
                      "description": "Disables management for a single resource when set to `READ_ONLY`. The resource will use its original workload template requests and limits. Supported value: `READ_ONLY`. Minimum required workload-autoscaler version: `v0.23.1`.",
                      "description_kind": "plain",
                      "optional": true
                    },
                    "max": {
                      "type": "number",
                      "description": "Max values for the recommendation, applies to every container. For memory - this is in MiB, for CPU - this is in cores.",
                      "description_kind": "plain",
                      "deprecated": true,
                      "optional": true
                    },
                    "min": {
                      "type": "number",
                      "description": "Min values for the recommendation, applies to every container. For memory - this is in MiB, for CPU - this is in cores.",
                      "description_kind": "plain",
                      "deprecated": true,
                      "optional": true
                    },
                    "overhead": {
                      "type": "number",
                      "description": "Overhead for the recommendation, e.g. `0.1` will result in 10% higher recommendation",
                      "description_kind": "plain",
                      "optional": true
                    }
                  },
                  "block_types": {
                    "apply_threshold_strategy": {
                      "nesting_mode": "list",
                      "block": {
                        "attributes": {
                          "denominator": {
                            "type": "string",
                            "description": "If denominator is close or equal to 0, the threshold will be much bigger for small values.For example when numerator, exponent is 1 and denominator is 0 the threshold for 0.5 req. CPU will be 200%.It must be defined for the CUSTOM_ADAPTIVE strategy.",
                            "description_kind": "plain",
                            "optional": true
                          },
                          "exponent": {
                            "type": "number",
                            "description": "The exponent changes how fast the curve is going down. The smaller value will cause that we won\u2019t pick extremely small number for big resources, for example:\n\t- if numerator is 0, denominator is 1, and exponent is 1, for 50 CPU we will pick 2% threshold\n\t- if numerator is 0, denominator is 1, and exponent is 0.8, for 50 CPU we will pick 4.3% threshold\n\tIt must be defined for the CUSTOM_ADAPTIVE strategy.",
                            "description_kind": "plain",
                            "optional": true
                          },
                          "numerator": {
                            "type": "number",
                            "description": "The numerator affects vertical stretch of function used in adaptive threshold - smaller number will create smaller threshold.It must be defined for the CUSTOM_ADAPTIVE strategy.",
                            "description_kind": "plain",
                            "optional": true
                          },
                          "percentage": {
                            "type": "number",
                            "description": "Percentage of a how much difference should there be between the current pod requests and the new recommendation. It must be defined for the PERCENTAGE strategy.",
                            "description_kind": "plain",
                            "optional": true
                          },
                          "type": {
                            "type": "string",
                            "description": "Defines apply theshold strategy type.\n\t- PERCENTAGE - recommendation will be applied when diff of current requests and new recommendation is greater than set value\n    - DEFAULT_ADAPTIVE - will pick larger threshold percentage for small workloads and smaller percentage for large workloads.\n    - CUSTOM_ADAPTIVE - works in same way as DEFAULT_ADAPTIVE, but it allows to tweak parameters of adaptive threshold formula: percentage = numerator/(currentRequest + denominator)^exponent. This strategy is for advance use cases, we recommend to use DEFAULT_ADAPTIVE strategy.\n",
                            "description_kind": "plain",
                            "required": true
                          }
                        },
                        "description": "Resource apply threshold strategy settings. The default strategy is `PERCENTAGE` with percentage value set to 0.1.",
                        "description_kind": "plain"
                      },
                      "max_items": 1
                    },
                    "constraints": {
                      "nesting_mode": "list",
                      "block": {
                        "block_types": {
                          "max": {
                            "nesting_mode": "list",
                            "block": {
                              "attributes": {
                                "constant": {
                                  "type": "number",
                                  "description": "Fixed bound value. For memory - MiB, for CPU - cores.",
                                  "description_kind": "plain",
                                  "optional": true
                                },
                                "percentage_of_original": {
                                  "type": "number",
                                  "description": "Bound as a percentage of the original pod-spec request.",
                                  "description_kind": "plain",
                                  "optional": true
                                }
                              },
                              "description_kind": "plain"
                            },
                            "max_items": 1
                          },
                          "min": {
                            "nesting_mode": "list",
                            "block": {
                              "attributes": {
                                "constant": {
                                  "type": "number",
                                  "description": "Fixed bound value. For memory - MiB, for CPU - cores.",
                                  "description_kind": "plain",
                                  "optional": true
                                },
                                "percentage_of_original": {
                                  "type": "number",
                                  "description": "Bound as a percentage of the original pod-spec request.",
                                  "description_kind": "plain",
                                  "optional": true
                                }
                              },
                              "description_kind": "plain"
                            },
                            "max_items": 1
                          }
                        },
                        "description": "Defines min/max bounds for the recommendation using constraint strategies.",
                        "description_kind": "plain"
                      },
                      "max_items": 1
                    },
                    "limit": {
                      "nesting_mode": "list",
                      "block": {
                        "attributes": {
                          "multiplier": {
                            "type": "number",
                            "description": "Multiplier used to calculate the resource limit. It must be defined for the MULTIPLIER strategy.",
                            "description_kind": "plain",
                            "optional": true
                          },
                          "only_if_original_exist": {
                            "type": "bool",
                            "description": "Apply the strategy only when the original resource has limits defined.",
                            "description_kind": "plain",
                            "optional": true
                          },
                          "only_if_original_lower": {
                            "type": "bool",
                            "description": "Use the original resource limits if they are higher than recommended values.",
                            "description_kind": "plain",
                            "optional": true
                          },
                          "type": {
                            "type": "string",
                            "description": "Defines limit strategy type.\n\t- NO_LIMIT - removes the resource limit even if it was specified in the workload spec.\n\t- KEEP_LIMITS - keep existing resource limits. While limits provide stability predictability, they may restrict workloads that need to temporarily burst beyond their allocation.\n\t- MULTIPLIER - used to calculate the resource limit. The final value is determined by multiplying the resource request by the specified factor.\n\t- MAINTAIN_RATIO - maintains the original ratio between requests and limits.",
                            "description_kind": "plain",
                            "required": true
                          }
                        },
                        "description": "Resource limit settings",
                        "description_kind": "plain"
                      },
                      "max_items": 1
                    }
                  },
                  "description_kind": "plain"
                },
                "min_items": 1,
                "max_items": 1
              },
              "downscaling": {
                "nesting_mode": "list",
                "block": {
                  "attributes": {
                    "apply_type": {
                      "type": "string",
                      "description": "Defines the apply type to be used when downscaling.\n\t- IMMEDIATE - pods are restarted immediately when new recommendation is generated.\n\t- DEFERRED - pods are not restarted and recommendation values are applied during natural restarts only (new deployment, etc.)",
                      "description_kind": "plain",
                      "optional": true
                    }
                  },
                  "description_kind": "plain"
                },
                "max_items": 1
              },
              "gpu": {
                "nesting_mode": "list",
                "block": {
                  "attributes": {
                    "management_option": {
                      "type": "string",
                      "description": "Defines whether CAST AI observes or manages the feature.",
                      "description_kind": "plain",
                      "required": true
                    }
                  },
                  "description": "Configures GPU optimization.",
                  "description_kind": "plain"
                },
                "max_items": 1
              },
              "hpa_converters": {
                "nesting_mode": "list",
                "block": {
                  "attributes": {
                    "type": {
                      "type": "string",
                      "description": "HPA converter strategy.",
                      "description_kind": "plain",
                      "required": true
                    }
                  },
                  "description": "Configures conversion of existing HPAs when vertical optimization is used without HPA management.",
                  "description_kind": "plain"
                }
              },
              "hpa_settings": {
                "nesting_mode": "list",
                "block": {
                  "attributes": {
                    "management_option": {
                      "type": "string",
                      "description": "Defines whether CAST AI observes or manages the feature.",
                      "description_kind": "plain",
                      "required": true
                    },
                    "take_ownership": {
                      "type": "bool",
                      "description": "Allows CAST AI to take ownership of eligible existing HPAs.",
                      "description_kind": "plain",
                      "required": true
                    }
                  },
                  "block_types": {
                    "native_hpa_spec": {
                      "nesting_mode": "list",
                      "block": {
                        "attributes": {
                          "max_replicas": {
                            "type": "number",
                            "description": "Maximum number of replicas.",
                            "description_kind": "plain",
                            "required": true
                          },
                          "min_replicas": {
                            "type": "number",
                            "description": "Minimum number of replicas.",
                            "description_kind": "plain",
                            "required": true
                          }
                        },
                        "block_types": {
                          "behavior": {
                            "nesting_mode": "list",
                            "block": {
                              "block_types": {
                                "scale_down": {
                                  "nesting_mode": "list",
                                  "block": {
                                    "attributes": {
                                      "select_policy": {
                                        "type": "string",
                                        "description_kind": "plain",
                                        "optional": true
                                      },
                                      "stabilization_window_seconds": {
                                        "type": "number",
                                        "description_kind": "plain",
                                        "optional": true
                                      },
                                      "tolerance": {
                                        "type": "string",
                                        "description_kind": "plain",
                                        "optional": true
                                      }
                                    },
                                    "block_types": {
                                      "policies": {
                                        "nesting_mode": "list",
                                        "block": {
                                          "attributes": {
                                            "period_seconds": {
                                              "type": "number",
                                              "description_kind": "plain",
                                              "required": true
                                            },
                                            "type": {
                                              "type": "string",
                                              "description_kind": "plain",
                                              "required": true
                                            },
                                            "value": {
                                              "type": "number",
                                              "description_kind": "plain",
                                              "required": true
                                            }
                                          },
                                          "description_kind": "plain"
                                        }
                                      }
                                    },
                                    "description_kind": "plain"
                                  },
                                  "max_items": 1
                                },
                                "scale_up": {
                                  "nesting_mode": "list",
                                  "block": {
                                    "attributes": {
                                      "select_policy": {
                                        "type": "string",
                                        "description_kind": "plain",
                                        "optional": true
                                      },
                                      "stabilization_window_seconds": {
                                        "type": "number",
                                        "description_kind": "plain",
                                        "optional": true
                                      },
                                      "tolerance": {
                                        "type": "string",
                                        "description_kind": "plain",
                                        "optional": true
                                      }
                                    },
                                    "block_types": {
                                      "policies": {
                                        "nesting_mode": "list",
                                        "block": {
                                          "attributes": {
                                            "period_seconds": {
                                              "type": "number",
                                              "description_kind": "plain",
                                              "required": true
                                            },
                                            "type": {
                                              "type": "string",
                                              "description_kind": "plain",
                                              "required": true
                                            },
                                            "value": {
                                              "type": "number",
                                              "description_kind": "plain",
                                              "required": true
                                            }
                                          },
                                          "description_kind": "plain"
                                        }
                                      }
                                    },
                                    "description_kind": "plain"
                                  },
                                  "max_items": 1
                                }
                              },
                              "description_kind": "plain"
                            },
                            "max_items": 1
                          },
                          "metrics": {
                            "nesting_mode": "list",
                            "block": {
                              "attributes": {
                                "type": {
                                  "type": "string",
                                  "description_kind": "plain",
                                  "required": true
                                }
                              },
                              "block_types": {
                                "container_resource": {
                                  "nesting_mode": "list",
                                  "block": {
                                    "attributes": {
                                      "container": {
                                        "type": "string",
                                        "description_kind": "plain",
                                        "required": true
                                      },
                                      "name": {
                                        "type": "string",
                                        "description_kind": "plain",
                                        "required": true
                                      }
                                    },
                                    "block_types": {
                                      "target": {
                                        "nesting_mode": "list",
                                        "block": {
                                          "attributes": {
                                            "type": {
                                              "type": "string",
                                              "description_kind": "plain",
                                              "required": true
                                            },
                                            "value": {
                                              "type": "string",
                                              "description_kind": "plain",
                                              "required": true
                                            }
                                          },
                                          "description_kind": "plain"
                                        },
                                        "min_items": 1,
                                        "max_items": 1
                                      }
                                    },
                                    "description_kind": "plain"
                                  },
                                  "max_items": 1
                                },
                                "external": {
                                  "nesting_mode": "list",
                                  "block": {
                                    "block_types": {
                                      "metric": {
                                        "nesting_mode": "list",
                                        "block": {
                                          "attributes": {
                                            "name": {
                                              "type": "string",
                                              "description_kind": "plain",
                                              "required": true
                                            },
                                            "selector": {
                                              "type": [
                                                "map",
                                                "string"
                                              ],
                                              "description": "Metric label selector.",
                                              "description_kind": "plain",
                                              "optional": true
                                            }
                                          },
                                          "description_kind": "plain"
                                        },
                                        "min_items": 1,
                                        "max_items": 1
                                      },
                                      "target": {
                                        "nesting_mode": "list",
                                        "block": {
                                          "attributes": {
                                            "type": {
                                              "type": "string",
                                              "description_kind": "plain",
                                              "required": true
                                            },
                                            "value": {
                                              "type": "string",
                                              "description_kind": "plain",
                                              "required": true
                                            }
                                          },
                                          "description_kind": "plain"
                                        },
                                        "min_items": 1,
                                        "max_items": 1
                                      }
                                    },
                                    "description_kind": "plain"
                                  },
                                  "max_items": 1
                                },
                                "object": {
                                  "nesting_mode": "list",
                                  "block": {
                                    "block_types": {
                                      "described_object": {
                                        "nesting_mode": "list",
                                        "block": {
                                          "attributes": {
                                            "api_version": {
                                              "type": "string",
                                              "description_kind": "plain",
                                              "optional": true
                                            },
                                            "kind": {
                                              "type": "string",
                                              "description_kind": "plain",
                                              "optional": true
                                            },
                                            "name": {
                                              "type": "string",
                                              "description_kind": "plain",
                                              "optional": true
                                            }
                                          },
                                          "description_kind": "plain"
                                        },
                                        "min_items": 1,
                                        "max_items": 1
                                      },
                                      "metric": {
                                        "nesting_mode": "list",
                                        "block": {
                                          "attributes": {
                                            "name": {
                                              "type": "string",
                                              "description_kind": "plain",
                                              "required": true
                                            },
                                            "selector": {
                                              "type": [
                                                "map",
                                                "string"
                                              ],
                                              "description": "Metric label selector.",
                                              "description_kind": "plain",
                                              "optional": true
                                            }
                                          },
                                          "description_kind": "plain"
                                        },
                                        "min_items": 1,
                                        "max_items": 1
                                      },
                                      "target": {
                                        "nesting_mode": "list",
                                        "block": {
                                          "attributes": {
                                            "type": {
                                              "type": "string",
                                              "description_kind": "plain",
                                              "required": true
                                            },
                                            "value": {
                                              "type": "string",
                                              "description_kind": "plain",
                                              "required": true
                                            }
                                          },
                                          "description_kind": "plain"
                                        },
                                        "min_items": 1,
                                        "max_items": 1
                                      }
                                    },
                                    "description_kind": "plain"
                                  },
                                  "max_items": 1
                                },
                                "pods": {
                                  "nesting_mode": "list",
                                  "block": {
                                    "block_types": {
                                      "metric": {
                                        "nesting_mode": "list",
                                        "block": {
                                          "attributes": {
                                            "name": {
                                              "type": "string",
                                              "description_kind": "plain",
                                              "required": true
                                            },
                                            "selector": {
                                              "type": [
                                                "map",
                                                "string"
                                              ],
                                              "description": "Metric label selector.",
                                              "description_kind": "plain",
                                              "optional": true
                                            }
                                          },
                                          "description_kind": "plain"
                                        },
                                        "min_items": 1,
                                        "max_items": 1
                                      },
                                      "target": {
                                        "nesting_mode": "list",
                                        "block": {
                                          "attributes": {
                                            "type": {
                                              "type": "string",
                                              "description_kind": "plain",
                                              "required": true
                                            },
                                            "value": {
                                              "type": "string",
                                              "description_kind": "plain",
                                              "required": true
                                            }
                                          },
                                          "description_kind": "plain"
                                        },
                                        "min_items": 1,
                                        "max_items": 1
                                      }
                                    },
                                    "description_kind": "plain"
                                  },
                                  "max_items": 1
                                },
                                "resource": {
                                  "nesting_mode": "list",
                                  "block": {
                                    "attributes": {
                                      "name": {
                                        "type": "string",
                                        "description_kind": "plain",
                                        "required": true
                                      }
                                    },
                                    "block_types": {
                                      "target": {
                                        "nesting_mode": "list",
                                        "block": {
                                          "attributes": {
                                            "type": {
                                              "type": "string",
                                              "description_kind": "plain",
                                              "required": true
                                            },
                                            "value": {
                                              "type": "string",
                                              "description_kind": "plain",
                                              "required": true
                                            }
                                          },
                                          "description_kind": "plain"
                                        },
                                        "min_items": 1,
                                        "max_items": 1
                                      }
                                    },
                                    "description_kind": "plain"
                                  },
                                  "max_items": 1
                                }
                              },
                              "description": "Metrics used by the HPA.",
                              "description_kind": "plain"
                            },
                            "min_items": 1
                          }
                        },
                        "description": "Native Kubernetes HPA specification.",
                        "description_kind": "plain"
                      },
                      "min_items": 1,
                      "max_items": 1
                    }
                  },
                  "description": "Configures horizontal pod autoscaling for workloads using this policy.",
                  "description_kind": "plain"
                },
                "max_items": 1
              },
              "jvm": {
                "nesting_mode": "list",
                "block": {
                  "attributes": {
                    "auto_instrument": {
                      "type": "bool",
                      "description": "When true, JMX exporter will be automatically injected into pods where JVM runtime is detected.",
                      "description_kind": "plain",
                      "optional": true
                    }
                  },
                  "block_types": {
                    "memory": {
                      "nesting_mode": "list",
                      "block": {
                        "attributes": {
                          "optimization": {
                            "type": "bool",
                            "description": "Defines whether JVM memory optimization is enabled. When enabled, JVM heap size will be adjusted based on JVM metrics, if available.",
                            "description_kind": "plain",
                            "optional": true
                          }
                        },
                        "description": "JVM memory optimization settings.",
                        "description_kind": "plain"
                      },
                      "max_items": 1
                    }
                  },
                  "description": "JVM optimization settings.",
                  "description_kind": "plain"
                },
                "max_items": 1
              },
              "memory": {
                "nesting_mode": "list",
                "block": {
                  "attributes": {
                    "apply_threshold": {
                      "type": "number",
                      "description": "The threshold of when to apply the recommendation. Recommendation will be applied when diff of current requests and new recommendation is greater than set value",
                      "description_kind": "plain",
                      "deprecated": true,
                      "optional": true
                    },
                    "args": {
                      "type": [
                        "list",
                        "string"
                      ],
                      "description": "The arguments for the function - i.e. for `QUANTILE` this should be a [0, 1] float. `MAX` doesn't accept any args",
                      "description_kind": "plain",
                      "optional": true
                    },
                    "function": {
                      "type": "string",
                      "description": "The function used to calculate the resource recommendation. Supported values: `QUANTILE`, `MAX`",
                      "description_kind": "plain",
                      "optional": true
                    },
                    "look_back_period_seconds": {
                      "type": "number",
                      "description": "The look back period in seconds for the recommendation.",
                      "description_kind": "plain",
                      "optional": true
                    },
                    "management_option": {
                      "type": "string",
                      "description": "Disables management for a single resource when set to `READ_ONLY`. The resource will use its original workload template requests and limits. Supported value: `READ_ONLY`. Minimum required workload-autoscaler version: `v0.23.1`.",
                      "description_kind": "plain",
                      "optional": true
                    },
                    "max": {
                      "type": "number",
                      "description": "Max values for the recommendation, applies to every container. For memory - this is in MiB, for CPU - this is in cores.",
                      "description_kind": "plain",
                      "deprecated": true,
                      "optional": true
                    },
                    "min": {
                      "type": "number",
                      "description": "Min values for the recommendation, applies to every container. For memory - this is in MiB, for CPU - this is in cores.",
                      "description_kind": "plain",
                      "deprecated": true,
                      "optional": true
                    },
                    "overhead": {
                      "type": "number",
                      "description": "Overhead for the recommendation, e.g. `0.1` will result in 10% higher recommendation",
                      "description_kind": "plain",
                      "optional": true
                    }
                  },
                  "block_types": {
                    "apply_threshold_strategy": {
                      "nesting_mode": "list",
                      "block": {
                        "attributes": {
                          "denominator": {
                            "type": "string",
                            "description": "If denominator is close or equal to 0, the threshold will be much bigger for small values.For example when numerator, exponent is 1 and denominator is 0 the threshold for 0.5 req. CPU will be 200%.It must be defined for the CUSTOM_ADAPTIVE strategy.",
                            "description_kind": "plain",
                            "optional": true
                          },
                          "exponent": {
                            "type": "number",
                            "description": "The exponent changes how fast the curve is going down. The smaller value will cause that we won\u2019t pick extremely small number for big resources, for example:\n\t- if numerator is 0, denominator is 1, and exponent is 1, for 50 CPU we will pick 2% threshold\n\t- if numerator is 0, denominator is 1, and exponent is 0.8, for 50 CPU we will pick 4.3% threshold\n\tIt must be defined for the CUSTOM_ADAPTIVE strategy.",
                            "description_kind": "plain",
                            "optional": true
                          },
                          "numerator": {
                            "type": "number",
                            "description": "The numerator affects vertical stretch of function used in adaptive threshold - smaller number will create smaller threshold.It must be defined for the CUSTOM_ADAPTIVE strategy.",
                            "description_kind": "plain",
                            "optional": true
                          },
                          "percentage": {
                            "type": "number",
                            "description": "Percentage of a how much difference should there be between the current pod requests and the new recommendation. It must be defined for the PERCENTAGE strategy.",
                            "description_kind": "plain",
                            "optional": true
                          },
                          "type": {
                            "type": "string",
                            "description": "Defines apply theshold strategy type.\n\t- PERCENTAGE - recommendation will be applied when diff of current requests and new recommendation is greater than set value\n    - DEFAULT_ADAPTIVE - will pick larger threshold percentage for small workloads and smaller percentage for large workloads.\n    - CUSTOM_ADAPTIVE - works in same way as DEFAULT_ADAPTIVE, but it allows to tweak parameters of adaptive threshold formula: percentage = numerator/(currentRequest + denominator)^exponent. This strategy is for advance use cases, we recommend to use DEFAULT_ADAPTIVE strategy.\n",
                            "description_kind": "plain",
                            "required": true
                          }
                        },
                        "description": "Resource apply threshold strategy settings. The default strategy is `PERCENTAGE` with percentage value set to 0.1.",
                        "description_kind": "plain"
                      },
                      "max_items": 1
                    },
                    "constraints": {
                      "nesting_mode": "list",
                      "block": {
                        "block_types": {
                          "max": {
                            "nesting_mode": "list",
                            "block": {
                              "attributes": {
                                "constant": {
                                  "type": "number",
                                  "description": "Fixed bound value. For memory - MiB, for CPU - cores.",
                                  "description_kind": "plain",
                                  "optional": true
                                },
                                "percentage_of_original": {
                                  "type": "number",
                                  "description": "Bound as a percentage of the original pod-spec request.",
                                  "description_kind": "plain",
                                  "optional": true
                                }
                              },
                              "description_kind": "plain"
                            },
                            "max_items": 1
                          },
                          "min": {
                            "nesting_mode": "list",
                            "block": {
                              "attributes": {
                                "constant": {
                                  "type": "number",
                                  "description": "Fixed bound value. For memory - MiB, for CPU - cores.",
                                  "description_kind": "plain",
                                  "optional": true
                                },
                                "percentage_of_original": {
                                  "type": "number",
                                  "description": "Bound as a percentage of the original pod-spec request.",
                                  "description_kind": "plain",
                                  "optional": true
                                }
                              },
                              "description_kind": "plain"
                            },
                            "max_items": 1
                          }
                        },
                        "description": "Defines min/max bounds for the recommendation using constraint strategies.",
                        "description_kind": "plain"
                      },
                      "max_items": 1
                    },
                    "limit": {
                      "nesting_mode": "list",
                      "block": {
                        "attributes": {
                          "multiplier": {
                            "type": "number",
                            "description": "Multiplier used to calculate the resource limit. It must be defined for the MULTIPLIER strategy.",
                            "description_kind": "plain",
                            "optional": true
                          },
                          "only_if_original_exist": {
                            "type": "bool",
                            "description": "Apply the strategy only when the original resource has limits defined.",
                            "description_kind": "plain",
                            "optional": true
                          },
                          "only_if_original_lower": {
                            "type": "bool",
                            "description": "Use the original resource limits if they are higher than recommended values.",
                            "description_kind": "plain",
                            "optional": true
                          },
                          "type": {
                            "type": "string",
                            "description": "Defines limit strategy type.\n\t- NO_LIMIT - removes the resource limit even if it was specified in the workload spec.\n\t- KEEP_LIMITS - keep existing resource limits. While limits provide stability predictability, they may restrict workloads that need to temporarily burst beyond their allocation.\n\t- MULTIPLIER - used to calculate the resource limit. The final value is determined by multiplying the resource request by the specified factor.\n\t- MAINTAIN_RATIO - maintains the original ratio between requests and limits.",
                            "description_kind": "plain",
                            "required": true
                          }
                        },
                        "description": "Resource limit settings",
                        "description_kind": "plain"
                      },
                      "max_items": 1
                    }
                  },
                  "description_kind": "plain"
                },
                "min_items": 1,
                "max_items": 1
              },
              "memory_event": {
                "nesting_mode": "list",
                "block": {
                  "attributes": {
                    "apply_type": {
                      "type": "string",
                      "description": "Defines the apply type to be used when applying recommendation for memory related event.\n\t- IMMEDIATE - pods are restarted immediately when new recommendation is generated.\n\t- DEFERRED - pods are not restarted and recommendation values are applied during natural restarts only (new deployment, etc.)",
                      "description_kind": "plain",
                      "optional": true
                    }
                  },
                  "description_kind": "plain"
                },
                "max_items": 1
              },
              "predictive_scaling": {
                "nesting_mode": "list",
                "block": {
                  "block_types": {
                    "cpu": {
                      "nesting_mode": "list",
                      "block": {
                        "attributes": {
                          "enabled": {
                            "type": "bool",
                            "description": "Defines if predictive scaling is enabled for resource.",
                            "description_kind": "plain",
                            "required": true
                          }
                        },
                        "description": "Defines predictive scaling resource configuration.",
                        "description_kind": "plain"
                      },
                      "max_items": 1
                    }
                  },
                  "description_kind": "plain"
                },
                "max_items": 1
              },
              "rollout_behavior": {
                "nesting_mode": "list",
                "block": {
                  "attributes": {
                    "delay_seconds": {
                      "type": "number",
                      "description": "Number of seconds to delay before applying the recommendation rollout. Must be between 0 and 3600.",
                      "description_kind": "plain",
                      "optional": true
                    },
                    "prefer_one_by_one": {
                      "type": "bool",
                      "description": "Defines if pods should be restarted one by one to avoid service disruption.",
                      "description_kind": "plain",
                      "optional": true
                    },
                    "type": {
                      "type": "string",
                      "description": "Defines the rollout type to be used when applying recommendations.\n\t- NO_DISRUPTION - pods are restarted without causing service disruption.\n\t- UNSPECIFIED - rollout type is not specified.",
                      "description_kind": "plain",
                      "optional": true
                    }
                  },
                  "description": "Defines the rollout behavior used when applying recommendations. Prerequisites:\n\t- Applicable to Deployment resources that support running as multi-replica.\n\t- Deployment is running with single replica (replica count = 1).\n\t- Deployment's rollout strategy allows for downtime.\n\t- Recommendation apply type is \"immediate\".\n\t- Cluster has workload-autoscaler component version v0.35.3 or higher.",
                  "description_kind": "plain"
                },
                "max_items": 1
              },
              "startup": {
                "nesting_mode": "list",
                "block": {
                  "attributes": {
                    "period_seconds": {
                      "type": "number",
                      "description": "Defines the duration (in seconds) during which elevated resource usage is expected at startup.\nWhen set, recommendations will be adjusted to disregard resource spikes within this period.\nIf not specified, the workload will receive standard recommendations without startup considerations.",
                      "description_kind": "plain",
                      "optional": true
                    }
                  },
                  "block_types": {
                    "two_phase_recommendations": {
                      "nesting_mode": "list",
                      "block": {
                        "attributes": {
                          "enabled": {
                            "type": "bool",
                            "description": "Enables two-phase startup recommendations.",
                            "description_kind": "plain",
                            "required": true
                          }
                        },
                        "block_types": {
                          "requests_on_startup": {
                            "nesting_mode": "list",
                            "block": {
                              "attributes": {
                                "cpu_cores": {
                                  "type": "number",
                                  "description": "CPU request in cores used during startup.",
                                  "description_kind": "plain",
                                  "optional": true
                                },
                                "memory_gib": {
                                  "type": "number",
                                  "description": "Memory request in GiB used during startup.",
                                  "description_kind": "plain",
                                  "optional": true
                                }
                              },
                              "description": "Overrides the requests used during the startup phase.",
                              "description_kind": "plain"
                            },
                            "max_items": 1
                          }
                        },
                        "description": "Configures startup recommendations that use original requests during startup and optimized recommendations afterwards.",
                        "description_kind": "plain"
                      },
                      "max_items": 1
                    }
                  },
                  "description_kind": "plain"
                },
                "max_items": 1
              },
              "timeouts": {
                "nesting_mode": "single",
                "block": {
                  "attributes": {
                    "create": {
                      "type": "string",
                      "description_kind": "plain",
                      "optional": true
                    },
                    "delete": {
                      "type": "string",
                      "description_kind": "plain",
                      "optional": true
                    },
                    "read": {
                      "type": "string",
                      "description_kind": "plain",
                      "optional": true
                    },
                    "update": {
                      "type": "string",
                      "description_kind": "plain",
                      "optional": true
                    }
                  },
                  "description_kind": "plain"
                }
              }
            },
            "description": "Manage workload scaling policy. Scaling policy [reference](https://docs.cast.ai/docs/woop-scaling-policies)",
            "description_kind": "plain"
          }
        },
        "castai_workload_scaling_policy_order": {
          "version": 0,
          "block": {
            "attributes": {
              "cluster_id": {
                "type": "string",
                "description": "CAST AI cluster id",
                "description_kind": "plain",
                "required": true
              },
              "id": {
                "type": "string",
                "description_kind": "plain",
                "optional": true,
                "computed": true
              },
              "policy_ids": {
                "type": [
                  "list",
                  "string"
                ],
                "description": "List of scaling policy IDs in the order they should be applied.",
                "description_kind": "plain",
                "required": true
              }
            },
            "block_types": {
              "timeouts": {
                "nesting_mode": "single",
                "block": {
                  "attributes": {
                    "create": {
                      "type": "string",
                      "description_kind": "plain",
                      "optional": true
                    },
                    "delete": {
                      "type": "string",
                      "description_kind": "plain",
                      "optional": true
                    },
                    "update": {
                      "type": "string",
                      "description_kind": "plain",
                      "optional": true
                    }
                  },
                  "description_kind": "plain"
                }
              }
            },
            "description_kind": "plain"
          }
        }
      },
      "data_source_schemas": {
        "castai_cache_group": {
          "version": 0,
          "block": {
            "attributes": {
              "direct_mode": {
                "type": "bool",
                "description": "Direct mode for the cache group.",
                "description_kind": "plain",
                "computed": true
              },
              "endpoints": {
                "type": [
                  "list",
                  [
                    "object",
                    {
                      "connection_string": "string",
                      "hostname": "string",
                      "name": "string",
                      "port": "number"
                    }
                  ]
                ],
                "description": "Connection endpoints for the cache group.",
                "description_kind": "plain",
                "computed": true
              },
              "id": {
                "type": "string",
                "description": "The unique identifier of the cache group.",
                "description_kind": "plain",
                "required": true
              },
              "name": {
                "type": "string",
                "description": "Display name for the cache group.",
                "description_kind": "plain",
                "computed": true
              },
              "protocol_type": {
                "type": "string",
                "description": "Database protocol type. Values: MySQL or PostgreSQL.",
                "description_kind": "plain",
                "computed": true
              }
            },
            "description": "Retrieve CAST AI DBO Cache Group by ID.",
            "description_kind": "plain"
          }
        },
        "castai_edge_configuration": {
          "version": 0,
          "block": {
            "attributes": {
              "aws": {
                "nested_type": {
                  "attributes": {
                    "boot_disk_size_gib": {
                      "type": "number",
                      "description": "Boot disk size in GiB",
                      "description_kind": "plain",
                      "computed": true
                    },
                    "image_id": {
                      "type": "string",
                      "description": "AWS AMI ID or name filter for edge creation",
                      "description_kind": "plain",
                      "computed": true
                    },
                    "tags": {
                      "type": [
                        "map",
                        "string"
                      ],
                      "description": "Instance/VM tags",
                      "description_kind": "plain",
                      "computed": true
                    }
                  },
                  "nesting_mode": "single"
                },
                "description": "AWS specific configuration",
                "description_kind": "plain",
                "computed": true
              },
              "cluster_id": {
                "type": "string",
                "description": "CAST AI cluster ID",
                "description_kind": "plain",
                "required": true
              },
              "cri": {
                "nested_type": {
                  "attributes": {
                    "socket": {
                      "type": "string",
                      "description": "Path to an existing CRI socket",
                      "description_kind": "plain",
                      "computed": true
                    }
                  },
                  "nesting_mode": "single"
                },
                "description": "CRI (Container Runtime Interface) configuration",
                "description_kind": "plain",
                "computed": true
              },
              "custom": {
                "type": [
                  "map",
                  "string"
                ],
                "description": "Custom cloud specific configuration tags",
                "description_kind": "plain",
                "computed": true
              },
              "default": {
                "type": "bool",
                "description": "Whether this is the default configuration",
                "description_kind": "plain",
                "computed": true
              },
              "edge_location_id": {
                "type": "string",
                "description": "The ID of the edge location",
                "description_kind": "plain",
                "required": true
              },
              "gcp": {
                "nested_type": {
                  "attributes": {
                    "boot_disk_size_gib": {
                      "type": "number",
                      "description": "Boot disk size in GiB",
                      "description_kind": "plain",
                      "computed": true
                    },
                    "image_id": {
                      "type": "string",
                      "description": "GCP image ID or family for edge creation",
                      "description_kind": "plain",
                      "computed": true
                    },
                    "labels": {
                      "type": [
                        "map",
                        "string"
                      ],
                      "description": "Instance/VM labels",
                      "description_kind": "plain",
                      "computed": true
                    }
                  },
                  "nesting_mode": "single"
                },
                "description": "GCP specific configuration",
                "description_kind": "plain",
                "computed": true
              },
              "id": {
                "type": "string",
                "description": "The ID of the edge configuration",
                "description_kind": "plain",
                "computed": true
              },
              "name": {
                "type": "string",
                "description": "The name of the edge configuration",
                "description_kind": "plain",
                "required": true
              },
              "oci": {
                "nested_type": {
                  "attributes": {
                    "boot_disk_size_gib": {
                      "type": "number",
                      "description": "Boot disk size in GiB",
                      "description_kind": "plain",
                      "computed": true
                    },
                    "image_id": {
                      "type": "string",
                      "description": "OCI image ID or name filter for edge creation",
                      "description_kind": "plain",
                      "computed": true
                    },
                    "tags": {
                      "type": [
                        "map",
                        "string"
                      ],
                      "description": "Instance/VM tags",
                      "description_kind": "plain",
                      "computed": true
                    }
                  },
                  "nesting_mode": "single"
                },
                "description": "OCI specific configuration",
                "description_kind": "plain",
                "computed": true
              },
              "organization_id": {
                "type": "string",
                "description": "CAST AI organization ID",
                "description_kind": "plain",
                "required": true
              },
              "user_data_base64": {
                "type": "string",
                "description": "Base64 encoded user data for edge bootstrap",
                "description_kind": "plain",
                "computed": true
              }
            },
            "description": "Retrieve information about a CAST AI edge configuration",
            "description_kind": "plain"
          }
        },
        "castai_eks_settings": {
          "version": 0,
          "block": {
            "attributes": {
              "account_id": {
                "type": "string",
                "description_kind": "plain",
                "required": true
              },
              "cluster": {
                "type": "string",
                "description_kind": "plain",
                "required": true
              },
              "iam_managed_policies": {
                "type": [
                  "set",
                  "string"
                ],
                "description_kind": "plain",
                "computed": true
              },
              "iam_policy_json": {
                "type": "string",
                "description_kind": "plain",
                "computed": true
              },
              "iam_user_policy_json": {
                "type": "string",
                "description_kind": "plain",
                "computed": true
              },
              "id": {
                "type": "string",
                "description_kind": "plain",
                "optional": true,
                "computed": true
              },
              "region": {
                "type": "string",
                "description_kind": "plain",
                "required": true
              },
              "shared_vpc_account_id": {
                "type": "string",
                "description": "AWS account ID where the VPC and subnets are located, for shared VPC setups. If not applicable, defaults to the account_id.",
                "description_kind": "plain",
                "optional": true
              },
              "vpc": {
                "type": "string",
                "description_kind": "plain",
                "required": true
              }
            },
            "description": "Retrieve IAM policy, IAM User Policy and instance profile policies for the specified cluster",
            "description_kind": "plain"
          }
        },
        "castai_gke_user_policies": {
          "version": 0,
          "block": {
            "attributes": {
              "features": {
                "type": [
                  "map",
                  "bool"
                ],
                "description": "Provide a list of GCP feature names to include the necessary policies for them to work.",
                "description_kind": "plain",
                "optional": true
              },
              "id": {
                "type": "string",
                "description_kind": "plain",
                "optional": true,
                "computed": true
              },
              "policy": {
                "type": [
                  "list",
                  "string"
                ],
                "description_kind": "plain",
                "computed": true
              }
            },
            "description": "Returns list of GCP policies needed for onboarding a cluster into CAST AI",
            "description_kind": "plain"
          }
        },
        "castai_hibernation_schedule": {
          "version": 0,
          "block": {
            "attributes": {
              "enabled": {
                "type": "bool",
                "description": "Enables or disables the schedule.",
                "description_kind": "plain",
                "computed": true
              },
              "id": {
                "type": "string",
                "description_kind": "plain",
                "optional": true,
                "computed": true
              },
              "name": {
                "type": "string",
                "description": "Name of the schedule.",
                "description_kind": "plain",
                "required": true
              },
              "organization_id": {
                "type": "string",
                "description": "ID of the organization. If not provided, then will attempt to infer it using CAST AI API client.",
                "description_kind": "plain",
                "optional": true
              },
              "pause_config": {
                "type": [
                  "list",
                  [
                    "object",
                    {
                      "enabled": "bool",
                      "schedule": [
                        "list",
                        [
                          "object",
                          {
                            "cron_expression": "string"
                          }
                        ]
                      ]
                    }
                  ]
                ],
                "description_kind": "plain",
                "computed": true
              },
              "resume_config": {
                "type": [
                  "list",
                  [
                    "object",
                    {
                      "enabled": "bool",
                      "job_config": [
                        "list",
                        [
                          "object",
                          {
                            "node_config": [
                              "list",
                              [
                                "object",
                                {
                                  "config_id": "string",
                                  "config_name": "string",
                                  "gpu_config": [
                                    "list",
                                    [
                                      "object",
                                      {
                                        "count": "number",
                                        "type": "string"
                                      }
                                    ]
                                  ],
                                  "instance_type": "string",
                                  "kubernetes_labels": [
                                    "map",
                                    "string"
                                  ],
                                  "kubernetes_taints": [
                                    "list",
                                    [
                                      "object",
                                      {
                                        "effect": "string",
                                        "key": "string",
                                        "value": "string"
                                      }
                                    ]
                                  ],
                                  "node_affinity": [
                                    "list",
                                    [
                                      "object",
                                      {
                                        "affinity": [
                                          "list",
                                          [
                                            "object",
                                            {
                                              "key": "string",
                                              "operator": "string",
                                              "values": [
                                                "list",
                                                "string"
                                              ]
                                            }
                                          ]
                                        ],
                                        "dedicated_group": "string"
                                      }
                                    ]
                                  ],
                                  "spot_config": [
                                    "list",
                                    [
                                      "object",
                                      {
                                        "price_hourly": "string",
                                        "spot": "bool"
                                      }
                                    ]
                                  ],
                                  "subnet_id": "string",
                                  "volume": [
                                    "list",
                                    [
                                      "object",
                                      {
                                        "raid_config": [
                                          "list",
                                          [
                                            "object",
                                            {
                                              "chunk_size_kb": "number"
                                            }
                                          ]
                                        ],
                                        "size_gib": "number"
                                      }
                                    ]
                                  ],
                                  "zone": "string"
                                }
                              ]
                            ]
                          }
                        ]
                      ],
                      "schedule": [
                        "list",
                        [
                          "object",
                          {
                            "cron_expression": "string"
                          }
                        ]
                      ]
                    }
                  ]
                ],
                "description_kind": "plain",
                "computed": true
              }
            },
            "block_types": {
              "cluster_assignments": {
                "nesting_mode": "list",
                "block": {
                  "block_types": {
                    "assignment": {
                      "nesting_mode": "list",
                      "block": {
                        "attributes": {
                          "cluster_id": {
                            "type": "string",
                            "description": "ID of the cluster.",
                            "description_kind": "plain",
                            "required": true
                          }
                        },
                        "description_kind": "plain"
                      }
                    }
                  },
                  "description_kind": "plain"
                }
              }
            },
            "description": "Retrieve Hibernation Schedule ",
            "description_kind": "plain"
          }
        },
        "castai_impersonation_service_account": {
          "version": 0,
          "block": {
            "attributes": {
              "id": {
                "type": "string",
                "description": "ID of the impersonation service account",
                "description_kind": "plain",
                "computed": true
              }
            },
            "description": "Retrieve impersonation service account ID for AKS clusters",
            "description_kind": "plain"
          }
        },
        "castai_omni_cluster": {
          "version": 0,
          "block": {
            "attributes": {
              "castai_oidc_config": {
                "nested_type": {
                  "attributes": {
                    "gcp_service_account_email": {
                      "type": "string",
                      "description": "CAST AI GCP service account email for impersonation",
                      "description_kind": "plain",
                      "computed": true
                    },
                    "gcp_service_account_unique_id": {
                      "type": "string",
                      "description": "CAST AI GCP service account unique ID for impersonation",
                      "description_kind": "plain",
                      "computed": true
                    }
                  },
                  "nesting_mode": "single"
                },
                "description": "CAST AI OIDC configuration for service account impersonation",
                "description_kind": "plain",
                "computed": true
              },
              "cluster_id": {
                "type": "string",
                "description": "CAST AI cluster ID",
                "description_kind": "plain",
                "required": true
              },
              "id": {
                "type": "string",
                "description": "Cluster ID (same as cluster_id)",
                "description_kind": "plain",
                "computed": true
              },
              "name": {
                "type": "string",
                "description": "Name of the cluster",
                "description_kind": "plain",
                "computed": true
              },
              "organization_id": {
                "type": "string",
                "description": "CAST AI organization ID",
                "description_kind": "plain",
                "required": true
              },
              "provider_type": {
                "type": "string",
                "description": "Provider type of the cluster (e.g. GKE, EKS)",
                "description_kind": "plain",
                "computed": true
              },
              "service_account_id": {
                "type": "string",
                "description": "CAST AI service account ID associated with OMNI operations",
                "description_kind": "plain",
                "computed": true
              },
              "state": {
                "type": "string",
                "description": "State of the cluster on API level",
                "description_kind": "plain",
                "computed": true
              }
            },
            "description": "Retrieve information about a CAST AI Omni cluster",
            "description_kind": "plain"
          }
        },
        "castai_organization": {
          "version": 0,
          "block": {
            "attributes": {
              "id": {
                "type": "string",
                "description_kind": "plain",
                "optional": true,
                "computed": true
              },
              "name": {
                "type": "string",
                "description_kind": "plain",
                "required": true
              }
            },
            "description": "Retrieve organization ID",
            "description_kind": "plain"
          }
        },
        "castai_rebalancing_schedule": {
          "version": 0,
          "block": {
            "attributes": {
              "id": {
                "type": "string",
                "description_kind": "plain",
                "optional": true,
                "computed": true
              },
              "launch_configuration": {
                "type": [
                  "list",
                  [
                    "object",
                    {
                      "aggressive_mode": "bool",
                      "aggressive_mode_config": [
                        "list",
                        [
                          "object",
                          {
                            "ignore_local_persistent_volumes": "bool",
                            "ignore_problem_job_pods": "bool",
                            "ignore_problem_pods_without_controller": "bool",
                            "ignore_problem_removal_disabled_pods": "bool"
                          }
                        ]
                      ],
                      "drain_failure_config": [
                        "list",
                        [
                          "object",
                          {
                            "disable_uncordon": "bool",
                            "uncordon_after_seconds": "number"
                          }
                        ]
                      ],
                      "execution_conditions": [
                        "list",
                        [
                          "object",
                          {
                            "achieved_savings_percentage": "number",
                            "enabled": "bool"
                          }
                        ]
                      ],
                      "keep_drain_timeout_nodes": "bool",
                      "node_ttl_seconds": "number",
                      "num_targeted_nodes": "number",
                      "rebalancing_min_nodes": "number",
                      "selector": "string",
                      "target_node_selection_algorithm": "string"
                    }
                  ]
                ],
                "description_kind": "plain",
                "computed": true
              },
              "name": {
                "type": "string",
                "description": "Name of the schedule.",
                "description_kind": "plain",
                "required": true
              },
              "schedule": {
                "type": [
                  "list",
                  [
                    "object",
                    {
                      "cron": "string"
                    }
                  ]
                ],
                "description_kind": "plain",
                "computed": true
              },
              "trigger_conditions": {
                "type": [
                  "list",
                  [
                    "object",
                    {
                      "ignore_savings": "bool",
                      "savings_percentage": "number"
                    }
                  ]
                ],
                "description_kind": "plain",
                "computed": true
              }
            },
            "description": "Retrieve Rebalancing Schedule ",
            "description_kind": "plain"
          }
        },
        "castai_workload_scaling_policies": {
          "version": 0,
          "block": {
            "attributes": {
              "cluster_id": {
                "type": "string",
                "description": "CAST AI cluster id.",
                "description_kind": "plain",
                "required": true
              },
              "id": {
                "type": "string",
                "description_kind": "plain",
                "optional": true,
                "computed": true
              },
              "policies": {
                "type": [
                  "list",
                  [
                    "object",
                    {
                      "id": "string",
                      "is_castware": "bool",
                      "is_default": "bool",
                      "is_readonly": "bool",
                      "name": "string"
                    }
                  ]
                ],
                "description": "List of all scaling policies in the cluster.",
                "description_kind": "plain",
                "computed": true
              },
              "policies_by_name": {
                "type": [
                  "map",
                  "string"
                ],
                "description": "Map of policy name to policy ID. Useful for referencing a policy by name without a for expression.",
                "description_kind": "plain",
                "computed": true
              }
            },
            "description": "Lists all workload scaling policies for a cluster. Useful for dynamically resolving policy IDs by name without maintaining a hardcoded UUID map.",
            "description_kind": "plain"
          }
        },
        "castai_workload_scaling_policy_order": {
          "version": 0,
          "block": {
            "attributes": {
              "cluster_id": {
                "type": "string",
                "description": "CAST AI cluster id",
                "description_kind": "plain",
                "required": true
              },
              "id": {
                "type": "string",
                "description_kind": "plain",
                "optional": true,
                "computed": true
              },
              "policy_ids": {
                "type": [
                  "list",
                  "string"
                ],
                "description": "List of scaling policy IDs in the order they should be applied.",
                "description_kind": "plain",
                "computed": true
              }
            },
            "description": "Returns the ordered list of workload scaling policies attached to a Cast AI cluster",
            "description_kind": "plain"
          }
        }
      }
    }
  }
}