{"format_version":"1.0","provider_schemas":{"registry.terraform.io/castai/castai":{"provider":{"version":0,"block":{"attributes":{"api_token":{"type":"string","description":"The token used to connect to CAST AI API.","description_kind":"plain","required":true},"api_url":{"type":"string","description":"CAST.AI API url.","description_kind":"plain","optional":true}},"description_kind":"plain"}},"resource_schemas":{"castai_aks_cluster":{"version":0,"block":{"attributes":{"client_id":{"type":"string","description":"Azure AD application ID that is created and used by CAST AI.","description_kind":"plain","required":true},"client_secret":{"type":"string","description":"Azure AD application password that will be used by CAST AI.","description_kind":"plain","required":true,"sensitive":true},"cluster_token":{"type":"string","description":"CAST AI cluster token.","description_kind":"plain","computed":true,"sensitive":true},"credentials_id":{"type":"string","description":"CAST AI internal credentials ID","description_kind":"plain","computed":true},"delete_nodes_on_disconnect":{"type":"bool","description":"Should CAST AI remove nodes managed by CAST.AI on disconnect.","description_kind":"plain","optional":true},"id":{"type":"string","description_kind":"plain","optional":true,"computed":true},"name":{"type":"string","description":"AKS cluster name.","description_kind":"plain","required":true},"node_resource_group":{"type":"string","description":"Azure resource group in which nodes are and will be created.","description_kind":"plain","required":true},"region":{"type":"string","description":"AKS cluster region.","description_kind":"plain","required":true},"subscription_id":{"type":"string","description":"ID of the Azure subscription.","description_kind":"plain","required":true},"tenant_id":{"type":"string","description":"Azure AD tenant ID from the used subscription.","description_kind":"plain","required":true}},"block_types":{"timeouts":{"nesting_mode":"single","block":{"attributes":{"create":{"type":"string","description_kind":"plain","optional":true},"delete":{"type":"string","description_kind":"plain","optional":true},"update":{"type":"string","description_kind":"plain","optional":true}},"description_kind":"plain"}}},"description":"AKS cluster resource allows connecting an existing AKS cluster to CAST AI.","description_kind":"plain"}},"castai_autoscaler":{"version":0,"block":{"attributes":{"autoscaler_policies":{"type":"string","description":"computed value to store full policies configuration","description_kind":"plain","computed":true},"autoscaler_policies_json":{"type":"string","description":"autoscaler policies JSON string to override current autoscaler settings","description_kind":"plain","deprecated":true,"optional":true},"cluster_id":{"type":"string","description":"CAST AI cluster id","description_kind":"plain","optional":true},"id":{"type":"string","description_kind":"plain","optional":true,"computed":true}},"block_types":{"autoscaler_settings":{"nesting_mode":"list","block":{"attributes":{"enabled":{"type":"bool","description":"enable/disable autoscaler policies","description_kind":"plain","optional":true},"is_scoped_mode":{"type":"bool","description":"run autoscaler in scoped mode. Only marked pods and nodes will be considered.","description_kind":"plain","optional":true},"node_templates_partial_matching_enabled":{"type":"bool","description":"marks whether partial matching should be used when deciding which custom node template to select.","description_kind":"plain","optional":true}},"block_types":{"cluster_limits":{"nesting_mode":"list","block":{"attributes":{"enabled":{"type":"bool","description":"enable/disable cluster size limits policy.","description_kind":"plain","optional":true}},"block_types":{"cpu":{"nesting_mode":"list","block":{"attributes":{"max_cores":{"type":"number","description":"defines the maximum allowed amount of vCPUs in the whole cluster.","description_kind":"plain","optional":true},"min_cores":{"type":"number","description":"defines the minimum allowed amount of CPUs in the whole cluster.","description_kind":"plain","optional":true}},"description":"defines the minimum and maximum amount of CPUs for cluster's worker nodes.","description_kind":"plain"},"max_items":1}},"description":"defines minimum and maximum amount of CPU the cluster can have.","description_kind":"plain"},"max_items":1},"node_downscaler":{"nesting_mode":"list","block":{"attributes":{"enabled":{"type":"bool","description":"enable/disable node downscaler policy.","description_kind":"plain","optional":true}},"block_types":{"empty_nodes":{"nesting_mode":"list","block":{"attributes":{"delay_seconds":{"type":"number","description":"period (in seconds) to wait before removing the node. Might be useful to control the aggressiveness of the downscaler.","description_kind":"plain","optional":true},"enabled":{"type":"bool","description":"enable/disable the empty worker nodes policy.","description_kind":"plain","optional":true}},"description":"defines whether Node Downscaler should opt in for removing empty worker nodes when possible.","description_kind":"plain"},"max_items":1},"evictor":{"nesting_mode":"list","block":{"attributes":{"aggressive_mode":{"type":"bool","description":"enable/disable aggressive mode. By default, Evictor does not target nodes that are running unreplicated pods. This mode will make the Evictor start considering application with just a single replica.","description_kind":"plain","optional":true},"cycle_interval":{"type":"string","description":"configure the interval duration between Evictor operations. This property can be used to lower or raise the frequency of the Evictor's find-and-drain operations.","description_kind":"plain","optional":true},"dry_run":{"type":"bool","description":"enable/disable dry-run. This property allows you to prevent the Evictor from carrying any operations out and preview the actions it would take.","description_kind":"plain","optional":true},"enabled":{"type":"bool","description":"enable/disable the Evictor policy. This will either install or uninstall the Evictor component in your cluster.","description_kind":"plain","optional":true},"ignore_pod_disruption_budgets":{"type":"bool","description":"if enabled then Evictor will attempt to evict pods that have pod disruption budgets configured.","description_kind":"plain","optional":true},"node_grace_period_minutes":{"type":"number","description":"configure the node grace period which controls the duration which must pass after a node has been created before Evictor starts considering that node.","description_kind":"plain","optional":true},"pod_eviction_failure_back_off_interval":{"type":"string","description":"configure the pod eviction failure back off interval. If pod eviction fails then Evictor will attempt to evict it again after the amount of time specified here.","description_kind":"plain","optional":true},"scoped_mode":{"type":"bool","description":"enable/disable scoped mode. By default, Evictor targets all nodes in the cluster. This mode will constrain it to just the nodes which were created by CAST AI.","description_kind":"plain","optional":true}},"description":"defines the CAST AI Evictor component settings. Evictor watches the pods running in your cluster and looks for ways to compact them into fewer nodes, making nodes empty, which will be removed by the empty worker nodes policy.","description_kind":"plain"},"max_items":1}},"description":"node downscaler defines policies for removing nodes based on the configured conditions.","description_kind":"plain"},"max_items":1},"spot_instances":{"nesting_mode":"list","block":{"attributes":{"enabled":{"type":"bool","description":"enable/disable spot instances policy.","description_kind":"plain","optional":true},"max_reclaim_rate":{"type":"number","description":"max allowed reclaim rate when choosing spot instance type. E.g. if the value is 10%, instance types having 10% or higher reclaim rate will not be considered. Set to zero to use all instance types regardless of reclaim rate.","description_kind":"plain","optional":true},"spot_diversity_enabled":{"type":"bool","description":"enable/disable spot diversity policy. When enabled, autoscaler will try to balance between diverse and cost optimal instance types.","description_kind":"plain","optional":true},"spot_diversity_price_increase_limit":{"type":"number","description":"allowed node configuration price increase when diversifying instance types. E.g. if the value is 10%, then the overall price of diversified instance types can be 10% higher than the price of the optimal configuration.","description_kind":"plain","optional":true}},"block_types":{"spot_backups":{"nesting_mode":"list","block":{"attributes":{"enabled":{"type":"bool","description":"enable/disable spot backups policy.","description_kind":"plain","optional":true},"spot_backup_restore_rate_seconds":{"type":"number","description":"defines interval on how often spot backups restore to real spot should occur.","description_kind":"plain","optional":true}},"description":"policy defining whether autoscaler can use spot backups instead of spot instances when spot instances are not available.","description_kind":"plain"},"max_items":1},"spot_interruption_predictions":{"nesting_mode":"list","block":{"attributes":{"enabled":{"type":"bool","description":"enable/disable spot interruption predictions.","description_kind":"plain","optional":true},"spot_interruption_predictions_type":{"type":"string","description":"define the type of the spot interruption prediction to handle. Allowed values are AWSRebalanceRecommendations, CASTAIInterruptionPredictions.","description_kind":"plain","optional":true}},"description":"configure the handling of SPOT interruption predictions.","description_kind":"plain"},"max_items":1}},"description":"policy defining whether autoscaler can use spot instances for provisioning additional workloads.","description_kind":"plain"},"max_items":1},"unschedulable_pods":{"nesting_mode":"list","block":{"attributes":{"custom_instances_enabled":{"type":"bool","description":"enable/disable custom instances policy.","description_kind":"plain","optional":true},"enabled":{"type":"bool","description":"enable/disable unschedulable pods detection policy.","description_kind":"plain","optional":true}},"block_types":{"headroom":{"nesting_mode":"list","block":{"attributes":{"cpu_percentage":{"type":"number","description":"defines percentage of additional CPU capacity to be added.","description_kind":"plain","optional":true},"enabled":{"type":"bool","description":"enable/disable headroom policy.","description_kind":"plain","optional":true},"memory_percentage":{"type":"number","description":"defines percentage of additional memory capacity to be added.","description_kind":"plain","optional":true}},"description":"additional headroom based on cluster's total available capacity for on-demand nodes.","description_kind":"plain"},"max_items":1},"headroom_spot":{"nesting_mode":"list","block":{"attributes":{"cpu_percentage":{"type":"number","description":"defines percentage of additional CPU capacity to be added.","description_kind":"plain","optional":true},"enabled":{"type":"bool","description":"enable/disable headroom_spot policy.","description_kind":"plain","optional":true},"memory_percentage":{"type":"number","description":"defines percentage of additional memory capacity to be added.","description_kind":"plain","optional":true}},"description":"additional headroom based on cluster's total available capacity for spot nodes.","description_kind":"plain"},"max_items":1},"node_constraints":{"nesting_mode":"list","block":{"attributes":{"enabled":{"type":"bool","description":"enable/disable node constraints policy.","description_kind":"plain","optional":true},"max_cpu_cores":{"type":"number","description":"defines max CPU cores for the node to pick.","description_kind":"plain","optional":true},"max_ram_mib":{"type":"number","description":"defines max RAM in MiB for the node to pick.","description_kind":"plain","optional":true},"min_cpu_cores":{"type":"number","description":"defines min CPU cores for the node to pick.","description_kind":"plain","optional":true},"min_ram_mib":{"type":"number","description":"defines min RAM in MiB for the node to pick.","description_kind":"plain","optional":true}},"description":"defines the node constraints that will be applied when autoscaling with Unschedulable Pods policy.","description_kind":"plain"},"max_items":1}},"description":"policy defining autoscaler's behavior when unschedulable pods were detected.","description_kind":"plain"},"max_items":1}},"description":"autoscaler policy definitions to override current autoscaler settings","description_kind":"plain"},"max_items":1},"timeouts":{"nesting_mode":"single","block":{"attributes":{"create":{"type":"string","description_kind":"plain","optional":true},"update":{"type":"string","description_kind":"plain","optional":true}},"description_kind":"plain"}}},"description":"CAST AI autoscaler resource to manage autoscaler settings","description_kind":"plain"}},"castai_commitments":{"version":0,"block":{"attributes":{"azure_reservations":{"type":["list",["object",{"allowed_usage":"number","assignments":["list",["object",{"cluster_id":"string","priority":"number"}]],"count":"number","end_timestamp":"string","id":"string","instance_type":"string","name":"string","plan":"string","prioritization":"bool","region":"string","reservation_id":"string","reservation_status":"string","scaling_strategy":"string","scope":"string","scope_resource_group":"string","scope_subscription":"string","start_timestamp":"string","status":"string"}]],"description":"List of Azure reservations.","description_kind":"plain","computed":true},"azure_reservations_csv":{"type":"string","description":"CSV file containing reservations exported from Azure.","description_kind":"plain","optional":true},"gcp_cuds":{"type":["list",["object",{"allowed_usage":"number","assignments":["list",["object",{"cluster_id":"string","priority":"number"}]],"cpu":"number","cud_id":"string","cud_status":"string","end_timestamp":"string","id":"string","memory_mb":"number","name":"string","plan":"string","prioritization":"bool","region":"string","scaling_strategy":"string","start_timestamp":"string","status":"string","type":"string"}]],"description":"List of GCP CUDs.","description_kind":"plain","computed":true},"gcp_cuds_json":{"type":"string","description":"JSON file containing CUDs exported from GCP.","description_kind":"plain","optional":true},"id":{"type":"string","description_kind":"plain","optional":true,"computed":true}},"block_types":{"commitment_configs":{"nesting_mode":"list","block":{"attributes":{"allowed_usage":{"type":"number","description":"Allowed usage of the commitment. The value is between 0 (0%) and 1 (100%).","description_kind":"plain","optional":true},"prioritization":{"type":"bool","description":"If enabled, it's possible to assign priorities to the assigned clusters.","description_kind":"plain","optional":true},"scaling_strategy":{"type":"string","description":"Scaling strategy of the commitment in CAST AI. One of: Default, CPUBased, RamBased","description_kind":"plain","optional":true},"status":{"type":"string","description":"Status of the commitment in CAST AI.","description_kind":"plain","optional":true}},"block_types":{"assignments":{"nesting_mode":"list","block":{"attributes":{"cluster_id":{"type":"string","description":"ID of the cluster to assign the commitment to.","description_kind":"plain","required":true},"priority":{"type":"number","description":"Priority of the assignment. The lower the value, the higher the priority. 1 is the highest priority.","description_kind":"plain","computed":true}},"description":"List of assigned clusters for the commitment. If prioritization is enabled, the order of the assignments indicates the priority. The first assignment has the highest priority.","description_kind":"plain"}},"matcher":{"nesting_mode":"list","block":{"attributes":{"name":{"type":"string","description":"Name of the commitment to match.","description_kind":"plain","required":true},"region":{"type":"string","description":"Region of the commitment to match.","description_kind":"plain","required":true},"type":{"type":"string","description":"Type of the commitment to match. For compute resources, it's the type of the machine.","description_kind":"plain","optional":true}},"description":"Matcher used to map config to a commitment.","description_kind":"plain"},"min_items":1,"max_items":1}},"description":"List of commitment configurations.","description_kind":"plain"}},"timeouts":{"nesting_mode":"single","block":{"attributes":{"create":{"type":"string","description_kind":"plain","optional":true},"update":{"type":"string","description_kind":"plain","optional":true}},"description_kind":"plain"}}},"description":"Commitments represent cloud service provider reserved instances (Azure) and commited use discounts (GCP) that can be used by CAST AI autoscaler.","description_kind":"plain"}},"castai_eks_cluster":{"version":0,"block":{"attributes":{"account_id":{"type":"string","description":"ID of AWS account","description_kind":"plain","required":true},"assume_role_arn":{"type":"string","description":"AWS IAM role ARN that will be assumed by CAST AI user. This role should allow `sts:AssumeRole` action for CAST AI user that can be retrieved using `castai_eks_user_arn` data source","description_kind":"plain","optional":true},"cluster_token":{"type":"string","description":"computed value to store cluster token","description_kind":"plain","computed":true,"sensitive":true},"credentials_id":{"type":"string","description":"CAST AI internal credentials ID","description_kind":"plain","computed":true},"delete_nodes_on_disconnect":{"type":"bool","description":"Should CAST AI remove nodes managed by CAST AI on disconnect","description_kind":"plain","optional":true},"id":{"type":"string","description_kind":"plain","optional":true,"computed":true},"name":{"type":"string","description":"name of your EKS cluster","description_kind":"plain","required":true},"region":{"type":"string","description":"AWS region where the cluster is placed","description_kind":"plain","required":true}},"block_types":{"timeouts":{"nesting_mode":"single","block":{"attributes":{"create":{"type":"string","description_kind":"plain","optional":true},"delete":{"type":"string","description_kind":"plain","optional":true},"update":{"type":"string","description_kind":"plain","optional":true}},"description_kind":"plain"}}},"description":"EKS cluster resource allows connecting an existing EKS cluster to CAST AI.","description_kind":"plain"}},"castai_eks_clusterid":{"version":0,"block":{"attributes":{"account_id":{"type":"string","description_kind":"plain","required":true},"cluster_name":{"type":"string","description_kind":"plain","required":true},"id":{"type":"string","description_kind":"plain","optional":true,"computed":true},"region":{"type":"string","description_kind":"plain","required":true}},"description_kind":"plain"}},"castai_eks_user_arn":{"version":0,"block":{"attributes":{"arn":{"type":"string","description_kind":"plain","computed":true},"cluster_id":{"type":"string","description_kind":"plain","required":true},"id":{"type":"string","description_kind":"plain","optional":true,"computed":true}},"description_kind":"plain"}},"castai_evictor_advanced_config":{"version":0,"block":{"attributes":{"cluster_id":{"type":"string","description":"CAST AI cluster id.","description_kind":"plain","optional":true},"id":{"type":"string","description_kind":"plain","optional":true,"computed":true}},"block_types":{"evictor_advanced_config":{"nesting_mode":"list","block":{"attributes":{"aggressive":{"type":"bool","description_kind":"plain","optional":true},"disposable":{"type":"bool","description_kind":"plain","optional":true},"removal_disabled":{"type":"bool","description_kind":"plain","optional":true}},"block_types":{"node_selector":{"nesting_mode":"list","block":{"attributes":{"match_labels":{"type":["map","string"],"description_kind":"plain","optional":true}},"block_types":{"match_expressions":{"nesting_mode":"list","block":{"attributes":{"key":{"type":"string","description_kind":"plain","required":true},"operator":{"type":"string","description_kind":"plain","required":true},"values":{"type":["list","string"],"description_kind":"plain","optional":true}},"description_kind":"plain"}}},"description":"node selector","description_kind":"plain"}},"pod_selector":{"nesting_mode":"list","block":{"attributes":{"kind":{"type":"string","description_kind":"plain","optional":true},"match_labels":{"type":["map","string"],"description_kind":"plain","optional":true},"namespace":{"type":"string","description_kind":"plain","optional":true}},"block_types":{"match_expressions":{"nesting_mode":"list","block":{"attributes":{"key":{"type":"string","description_kind":"plain","required":true},"operator":{"type":"string","description_kind":"plain","required":true},"values":{"type":["list","string"],"description_kind":"plain","optional":true}},"description_kind":"plain"}}},"description":"pod selector","description_kind":"plain"}}},"description":"evictor advanced configuration to target specific node/pod","description_kind":"plain"},"min_items":1},"timeouts":{"nesting_mode":"single","block":{"attributes":{"create":{"type":"string","description_kind":"plain","optional":true},"update":{"type":"string","description_kind":"plain","optional":true}},"description_kind":"plain"}}},"description":"CAST AI eviction config resource to manage evictor properties ","description_kind":"plain"}},"castai_gke_cluster":{"version":0,"block":{"attributes":{"cluster_token":{"type":"string","description":"CAST.AI agent cluster token","description_kind":"plain","computed":true,"sensitive":true},"credentials_id":{"type":"string","description":"CAST AI credentials id for cluster","description_kind":"plain","computed":true},"credentials_json":{"type":"string","description":"GCP credentials.json from ServiceAccount with credentials for CAST AI","description_kind":"plain","optional":true,"sensitive":true},"delete_nodes_on_disconnect":{"type":"bool","description":"Should CAST AI remove nodes managed by CAST.AI on disconnect","description_kind":"plain","optional":true},"id":{"type":"string","description_kind":"plain","optional":true,"computed":true},"location":{"type":"string","description":"GCP cluster zone in case of zonal or region in case of regional cluster","description_kind":"plain","required":true},"name":{"type":"string","description":"GKE cluster name","description_kind":"plain","required":true},"project_id":{"type":"string","description":"GCP project id","description_kind":"plain","required":true}},"block_types":{"timeouts":{"nesting_mode":"single","block":{"attributes":{"create":{"type":"string","description_kind":"plain","optional":true},"delete":{"type":"string","description_kind":"plain","optional":true},"update":{"type":"string","description_kind":"plain","optional":true}},"description_kind":"plain"}}},"description":"GKE cluster resource allows connecting an existing GKE cluster to CAST AI.","description_kind":"plain"}},"castai_node_configuration":{"version":0,"block":{"attributes":{"cluster_id":{"type":"string","description":"CAST AI cluster id","description_kind":"plain","required":true},"container_runtime":{"type":"string","description":"Optional container runtime to be used by kubelet. Applicable for EKS only.  Supported values include: `dockerd`, `containerd`","description_kind":"plain","optional":true},"disk_cpu_ratio":{"type":"number","description":"Disk to CPU ratio. Sets the number of GiBs to be added for every CPU on the node. Defaults to 0","description_kind":"plain","optional":true},"docker_config":{"type":"string","description":"Optional docker daemon configuration properties in JSON format. Provide only properties that you want to override. Applicable for EKS only. [Available values](https://docs.docker.com/engine/reference/commandline/dockerd/#daemon-configuration-file)","description_kind":"plain","optional":true},"drain_timeout_sec":{"type":"number","description":"Timeout in seconds for draining the node. Defaults to 0","description_kind":"plain","optional":true},"id":{"type":"string","description_kind":"plain","optional":true,"computed":true},"image":{"type":"string","description":"Image to be used while provisioning the node. If nothing is provided will be resolved to latest available image based on Image family, Kubernetes version and node architecture if possible. See Cast.ai documentation for details.","description_kind":"plain","optional":true},"init_script":{"type":"string","description":"Init script to be run on your instance at launch. Should not contain any sensitive data. Value should be base64 encoded","description_kind":"plain","optional":true},"kubelet_config":{"type":"string","description":"Optional kubelet configuration properties in JSON format. Provide only properties that you want to override. Applicable for EKS only. [Available values](https://kubernetes.io/docs/reference/config-api/kubelet-config.v1beta1/)","description_kind":"plain","optional":true},"min_disk_size":{"type":"number","description":"Minimal disk size in GiB. Defaults to 100, min 30, max 65536","description_kind":"plain","optional":true},"name":{"type":"string","description":"Name of the node configuration. It must be unique within the cluster. In case of cluster is reonboarded to Terraform, when previously it was onboarded with CAST AI UI, and the name corresponds to previously created node configuration this resource will override existing configuration instead of creating new.","description_kind":"plain","required":true},"ssh_public_key":{"type":"string","description":"SSH public key to be used for provisioned nodes","description_kind":"plain","optional":true},"subnets":{"type":["list","string"],"description":"Subnet ids to be used for provisioned nodes","description_kind":"plain","required":true},"tags":{"type":["map","string"],"description":"Tags to be added on cloud instances for provisioned nodes","description_kind":"plain","optional":true}},"block_types":{"aks":{"nesting_mode":"list","block":{"attributes":{"max_pods_per_node":{"type":"number","description":"Maximum number of pods that can be run on a node, which affects how many IP addresses you will need for each node. Defaults to 30","description_kind":"plain","optional":true},"os_disk_type":{"type":"string","description":"Type of managed os disk attached to the node. (See [disk types](https://learn.microsoft.com/en-us/azure/virtual-machines/disks-types)). One of: standard, standard-ssd, premium-ssd (ultra and premium-ssd-v2 are not supported for os disk)","description_kind":"plain","optional":true}},"description_kind":"plain"},"max_items":1},"eks":{"nesting_mode":"list","block":{"attributes":{"dns_cluster_ip":{"type":"string","description":"IP address to use for DNS queries within the cluster","description_kind":"plain","optional":true},"eks_image_family":{"type":"string","description":"Image OS Family to use when provisioning node. If both image and family are provided, the system will use provided image and provisioning logic for given family. If only image family is provided, the system will attempt to resolve the latest image from that family based on kubernetes version and node architecture. If image family is omitted, a default family (based on cloud provider) will be used. See Cast.ai documentation for details.","description_kind":"plain","optional":true},"imds_hop_limit":{"type":"number","description":"Allow configure the IMDSv2 hop limit, the default is 2","description_kind":"plain","optional":true},"imds_v1":{"type":"bool","description":"When the value is true both IMDSv1 and IMDSv2 are enabled. Setting the value to false disables permanently IMDSv1 and might affect legacy workloads running on the node created with this configuration. The default is true if the flag isn't provided","description_kind":"plain","optional":true},"instance_profile_arn":{"type":"string","description":"Cluster's instance profile ARN used for CAST provisioned nodes","description_kind":"plain","required":true},"ips_per_prefix":{"type":"number","description":"Number of IPs per prefix to be used for calculating max pods.","description_kind":"plain","optional":true},"key_pair_id":{"type":"string","description":"AWS key pair ID to be used for CAST provisioned nodes. Has priority over ssh_public_key","description_kind":"plain","optional":true},"max_pods_per_node_formula":{"type":"string","description":"Formula to calculate the maximum number of pods that can be run on a node. The following list of variables will be bound to a number before evaluating and can be used in the formula: NUM_MAX_NET_INTERFACES, NUM_IP_PER_INTERFACE, NUM_IP_PER_PREFIX, NUM_CPU, NUM_RAM_GB .","description_kind":"plain","optional":true},"security_groups":{"type":["list","string"],"description":"Cluster's security groups configuration for CAST provisioned nodes","description_kind":"plain","required":true},"volume_iops":{"type":"number","description":"AWS EBS volume IOPS to be used for CAST provisioned nodes","description_kind":"plain","optional":true},"volume_kms_key_arn":{"type":"string","description":"AWS KMS key ARN for encrypting EBS volume attached to the node","description_kind":"plain","optional":true},"volume_throughput":{"type":"number","description":"AWS EBS volume throughput in MiB/s to be used for CAST provisioned nodes","description_kind":"plain","optional":true},"volume_type":{"type":"string","description":"AWS EBS volume type to be used for CAST provisioned nodes. One of: gp3, gp2, io1, io2","description_kind":"plain","optional":true}},"block_types":{"target_group":{"nesting_mode":"list","block":{"attributes":{"arn":{"type":"string","description":"AWS target group ARN for CAST provisioned nodes","description_kind":"plain","required":true},"port":{"type":"number","description":"Port for AWS target group for CAST provisioned nodes","description_kind":"plain","optional":true}},"description":"AWS target groups configuration for CAST provisioned nodes","description_kind":"plain"}}},"description_kind":"plain"},"max_items":1},"gke":{"nesting_mode":"list","block":{"attributes":{"disk_type":{"type":"string","description":"Type of boot disk attached to the node. (See [disk types](https://cloud.google.com/compute/docs/disks#pdspecs)). One of: pd-standard, pd-balanced, pd-ssd, pd-extreme ","description_kind":"plain","optional":true},"max_pods_per_node":{"type":"number","description":"Maximum number of pods that can be run on a node, which affects how many IP addresses you will need for each node. Defaults to 110","description_kind":"plain","optional":true},"network_tags":{"type":["list","string"],"description":"Network tags to be added on a VM. (See [network tags](https://cloud.google.com/vpc/docs/add-remove-network-tags))","description_kind":"plain","optional":true},"use_ephemeral_storage_local_ssd":{"type":"bool","description":"Use ephemeral storage local SSD. Defaults to false","description_kind":"plain","optional":true},"zones":{"type":["list","string"],"description":"List of preferred availability zones to choose from when provisioning new nodes.","description_kind":"plain","deprecated":true,"optional":true}},"description_kind":"plain"},"max_items":1},"kops":{"nesting_mode":"list","block":{"attributes":{"key_pair_id":{"type":"string","description":"AWS key pair ID to be used for provisioned nodes. Has priority over sshPublicKey","description_kind":"plain","optional":true}},"description_kind":"plain"},"max_items":1},"timeouts":{"nesting_mode":"single","block":{"attributes":{"create":{"type":"string","description_kind":"plain","optional":true},"delete":{"type":"string","description_kind":"plain","optional":true},"read":{"type":"string","description_kind":"plain","optional":true},"update":{"type":"string","description_kind":"plain","optional":true}},"description_kind":"plain"}}},"description":"Create node configuration for given cluster. Node configuration [reference](https://docs.cast.ai/docs/node-configuration)","description_kind":"plain"}},"castai_node_configuration_default":{"version":0,"block":{"attributes":{"cluster_id":{"type":"string","description":"CAST AI cluster id","description_kind":"plain","required":true},"configuration_id":{"type":"string","description":"Id of the node configuration","description_kind":"plain","required":true},"id":{"type":"string","description_kind":"plain","optional":true,"computed":true}},"block_types":{"timeouts":{"nesting_mode":"single","block":{"attributes":{"create":{"type":"string","description_kind":"plain","optional":true},"delete":{"type":"string","description_kind":"plain","optional":true},"read":{"type":"string","description_kind":"plain","optional":true}},"description_kind":"plain"}}},"description_kind":"plain"}},"castai_node_template":{"version":0,"block":{"attributes":{"cluster_id":{"type":"string","description":"CAST AI cluster id.","description_kind":"plain","optional":true},"configuration_id":{"type":"string","description":"CAST AI node configuration id to be used for node template.","description_kind":"plain","optional":true},"custom_instances_enabled":{"type":"bool","description":"Marks whether custom instances should be used when deciding which parts of inventory are available. Custom instances are only supported in GCP.","description_kind":"plain","optional":true},"custom_instances_with_extended_memory_enabled":{"type":"bool","description":"Marks whether custom instances with extended memory should be used when deciding which parts of inventory are available. Custom instances are only supported in GCP.","description_kind":"plain","optional":true},"custom_labels":{"type":["map","string"],"description":"Custom labels to be added to nodes created from this template.","description_kind":"plain","optional":true},"id":{"type":"string","description_kind":"plain","optional":true,"computed":true},"is_default":{"type":"bool","description":"Flag whether the node template is default.","description_kind":"plain","optional":true},"is_enabled":{"type":"bool","description":"Flag whether the node template is enabled and considered for autoscaling.","description_kind":"plain","optional":true,"computed":true},"name":{"type":"string","description":"Name of the node template.","description_kind":"plain","required":true},"rebalancing_config_min_nodes":{"type":"number","description":"Minimum nodes that will be kept when rebalancing nodes using this node template.","description_kind":"plain","optional":true},"should_taint":{"type":"bool","description":"Marks whether the templated nodes will have a taint.","description_kind":"plain","optional":true}},"block_types":{"constraints":{"nesting_mode":"list","block":{"attributes":{"architectures":{"type":["list","string"],"description":"List of acceptable instance CPU architectures, the default is amd64. Allowed values: amd64, arm64.","description_kind":"plain","optional":true,"computed":true},"azs":{"type":["list","string"],"description":"The list of AZ names to consider for the node template, if empty or not set all AZs are considered.","description_kind":"plain","optional":true},"burstable_instances":{"type":"string","description":"Will include burstable instances when enabled otherwise they will be excluded. Supported values: `enabled`, `disabled` or ``.","description_kind":"plain","optional":true},"compute_optimized":{"type":"bool","description":"Compute optimized instance constraint (deprecated).","description_kind":"plain","optional":true},"compute_optimized_state":{"type":"string","description":"Will only include compute optimized nodes when enabled and exclude compute optimized nodes when disabled. Empty value won't have effect on instances filter. Supported values: `enabled`, `disabled` or empty string.","description_kind":"plain","optional":true},"customer_specific":{"type":"string","description":"Will include customer specific (preview) instances when enabled otherwise they will be excluded. Supported values: `enabled`, `disabled` or ``.","description_kind":"plain","optional":true},"enable_spot_diversity":{"type":"bool","description":"Enable/disable spot diversity policy. When enabled, autoscaler will try to balance between diverse and cost optimal instance types.","description_kind":"plain","optional":true},"fallback_restore_rate_seconds":{"type":"number","description":"Fallback restore rate in seconds: defines how much time should pass before spot fallback should be attempted to be restored to real spot.","description_kind":"plain","optional":true},"is_gpu_only":{"type":"bool","description":"GPU instance constraint - will only pick nodes with GPU if true","description_kind":"plain","optional":true},"max_cpu":{"type":"number","description":"Max CPU cores per node.","description_kind":"plain","optional":true},"max_memory":{"type":"number","description":"Max Memory (Mib) per node.","description_kind":"plain","optional":true},"min_cpu":{"type":"number","description":"Min CPU cores per node.","description_kind":"plain","optional":true},"min_memory":{"type":"number","description":"Min Memory (Mib) per node.","description_kind":"plain","optional":true},"on_demand":{"type":"bool","description":"Should include on-demand instances in the considered pool.","description_kind":"plain","optional":true,"computed":true},"os":{"type":["list","string"],"description":"List of acceptable instance Operating Systems, the default is linux. Allowed values: linux, windows.","description_kind":"plain","optional":true,"computed":true},"spot":{"type":"bool","description":"Should include spot instances in the considered pool.","description_kind":"plain","optional":true},"spot_diversity_price_increase_limit_percent":{"type":"number","description":"Allowed node configuration price increase when diversifying instance types. E.g. if the value is 10%, then the overall price of diversified instance types can be 10% higher than the price of the optimal configuration.","description_kind":"plain","optional":true},"spot_interruption_predictions_enabled":{"type":"bool","description":"Enable/disable spot interruption predictions.","description_kind":"plain","optional":true},"spot_interruption_predictions_type":{"type":"string","description":"Spot interruption predictions type. Can be either \"aws-rebalance-recommendations\" or \"interruption-predictions\".","description_kind":"plain","optional":true},"storage_optimized":{"type":"bool","description":"Storage optimized instance constraint (deprecated).","description_kind":"plain","optional":true},"storage_optimized_state":{"type":"string","description":"Storage optimized instance constraint - will only pick storage optimized nodes if enabled and won't pick if disabled. Empty value will have no effect. Supported values: `enabled`, `disabled` or empty string.","description_kind":"plain","optional":true},"use_spot_fallbacks":{"type":"bool","description":"Spot instance fallback constraint - when true, on-demand instances will be created, when spots are unavailable.","description_kind":"plain","optional":true}},"block_types":{"custom_priority":{"nesting_mode":"list","block":{"attributes":{"instance_families":{"type":["list","string"],"description":"Instance families to prioritize in this tier.","description_kind":"plain","optional":true},"on_demand":{"type":"bool","description":"If true, this tier will apply to on-demand instances.","description_kind":"plain","optional":true},"spot":{"type":"bool","description":"If true, this tier will apply to spot instances.","description_kind":"plain","optional":true}},"description_kind":"plain"}},"dedicated_node_affinity":{"nesting_mode":"list","block":{"attributes":{"az_name":{"type":"string","description":"Availability zone name.","description_kind":"plain","required":true},"instance_types":{"type":["list","string"],"description":"Instance/node types in this node group.","description_kind":"plain","required":true},"name":{"type":"string","description":"Name of node group.","description_kind":"plain","required":true}},"block_types":{"affinity":{"nesting_mode":"list","block":{"attributes":{"key":{"type":"string","description":"Key of the node affinity selector.","description_kind":"plain","required":true},"operator":{"type":"string","description":"Operator of the node affinity selector. Allowed values: In, NotIn, Exists, DoesNotExist, Gt, Lt.","description_kind":"plain","required":true},"values":{"type":["list","string"],"description":"Values of the node affinity selector.","description_kind":"plain","required":true}},"description_kind":"plain"}}},"description":"Dedicated node affinity - creates preference for instances to be created on sole tenancy or dedicated nodes. This\n feature is only available for GCP clusters and sole tenancy nodes with local\n SSDs or GPUs are not supported. If the sole tenancy or dedicated nodes don't have capacity for selected instance\n type, the Autoscaler will fall back to multi-tenant instance types available for this Node Template.\n Other instance constraints are applied when the Autoscaler picks available instance types that can be created on\n the sole tenancy or dedicated node (example: setting min CPU to 16).","description_kind":"plain"}},"gpu":{"nesting_mode":"list","block":{"attributes":{"exclude_names":{"type":["list","string"],"description":"Names of the GPUs to exclude.","description_kind":"plain","optional":true},"include_names":{"type":["list","string"],"description":"Instance families to include when filtering (excludes all other families).","description_kind":"plain","optional":true},"manufacturers":{"type":["list","string"],"description":"Manufacturers of the gpus to select - NVIDIA, AMD.","description_kind":"plain","optional":true},"max_count":{"type":"number","description":"Max GPU count for the instance type to have.","description_kind":"plain","optional":true},"min_count":{"type":"number","description":"Min GPU count for the instance type to have.","description_kind":"plain","optional":true}},"description_kind":"plain"},"max_items":1},"instance_families":{"nesting_mode":"list","block":{"attributes":{"exclude":{"type":["list","string"],"description":"Instance families to include when filtering (excludes all other families).","description_kind":"plain","optional":true},"include":{"type":["list","string"],"description":"Instance families to exclude when filtering (includes all other families).","description_kind":"plain","optional":true}},"description_kind":"plain"},"max_items":1}},"description_kind":"plain"},"max_items":1},"custom_taints":{"nesting_mode":"list","block":{"attributes":{"effect":{"type":"string","description":"Effect of a taint to be added to nodes created from this template, the default is NoSchedule. Allowed values: NoSchedule, NoExecute.","description_kind":"plain","optional":true},"key":{"type":"string","description":"Key of a taint to be added to nodes created from this template.","description_kind":"plain","required":true},"value":{"type":"string","description":"Value of a taint to be added to nodes created from this template.","description_kind":"plain","optional":true}},"description":"Custom taints to be added to the nodes created from this template. `shouldTaint` has to be `true` in order to create/update the node template with custom taints. If `shouldTaint` is `true`, but no custom taints are provided, the nodes will be tainted with the default node template taint.","description_kind":"plain"}},"timeouts":{"nesting_mode":"single","block":{"attributes":{"create":{"type":"string","description_kind":"plain","optional":true},"delete":{"type":"string","description_kind":"plain","optional":true},"read":{"type":"string","description_kind":"plain","optional":true},"update":{"type":"string","description_kind":"plain","optional":true}},"description_kind":"plain"}}},"description":"CAST AI node template resource to manage node templates","description_kind":"plain"}},"castai_organization_members":{"version":0,"block":{"attributes":{"id":{"type":"string","description_kind":"plain","optional":true,"computed":true},"members":{"type":["list","string"],"description":"A list of email addresses corresponding to users who should be given member access to the organization.","description_kind":"plain","optional":true},"organization_id":{"type":"string","description":"CAST AI organization ID.","description_kind":"plain","required":true},"owners":{"type":["list","string"],"description":"A list of email addresses corresponding to users who should be given owner access to the organization.","description_kind":"plain","optional":true},"viewers":{"type":["list","string"],"description":"A list of email addresses corresponding to users who should be given viewer access to the organization.","description_kind":"plain","optional":true}},"block_types":{"timeouts":{"nesting_mode":"single","block":{"attributes":{"create":{"type":"string","description_kind":"plain","optional":true},"delete":{"type":"string","description_kind":"plain","optional":true},"update":{"type":"string","description_kind":"plain","optional":true}},"description_kind":"plain"}}},"description":"CAST AI organization members resource to manage organization members","description_kind":"plain"}},"castai_rebalancing_job":{"version":0,"block":{"attributes":{"cluster_id":{"type":"string","description":"CAST AI cluster id.","description_kind":"plain","required":true},"enabled":{"type":"bool","description":"The job will only be executed if it's enabled.","description_kind":"plain","optional":true},"id":{"type":"string","description_kind":"plain","optional":true,"computed":true},"rebalancing_schedule_id":{"type":"string","description":"Rebalancing schedule of this job.","description_kind":"plain","required":true}},"block_types":{"timeouts":{"nesting_mode":"single","block":{"attributes":{"create":{"type":"string","description_kind":"plain","optional":true},"delete":{"type":"string","description_kind":"plain","optional":true},"read":{"type":"string","description_kind":"plain","optional":true},"update":{"type":"string","description_kind":"plain","optional":true}},"description_kind":"plain"}}},"description":"Job assigns a rebalancing schedule to a cluster.","description_kind":"plain"}},"castai_rebalancing_schedule":{"version":0,"block":{"attributes":{"id":{"type":"string","description_kind":"plain","optional":true,"computed":true},"name":{"type":"string","description":"Name of the schedule.","description_kind":"plain","required":true}},"block_types":{"launch_configuration":{"nesting_mode":"list","block":{"attributes":{"aggressive_mode":{"type":"bool","description":"When enabled rebalancing will also consider problematic pods (pods without controller, job pods, pods with removal-disabled annotation) as not-problematic.","description_kind":"plain","optional":true},"keep_drain_timeout_nodes":{"type":"bool","description":"Defines whether the nodes that failed to get drained until a predefined timeout, will be kept with a rebalancing.cast.ai/status=drain-failed annotation instead of forcefully drained.","description_kind":"plain","optional":true},"node_ttl_seconds":{"type":"number","description":"Specifies amount of time since node creation before the node is allowed to be considered for automated rebalancing.","description_kind":"plain","optional":true},"num_targeted_nodes":{"type":"number","description":"Maximum number of nodes that will be selected for rebalancing.","description_kind":"plain","optional":true},"rebalancing_min_nodes":{"type":"number","description":"Minimum number of nodes that should be kept in the cluster after rebalancing.","description_kind":"plain","optional":true},"selector":{"type":"string","description":"Node selector in JSON format.","description_kind":"plain","optional":true},"target_node_selection_algorithm":{"type":"string","description":"Defines the algorithm used to select the target nodes for rebalancing.","description_kind":"plain","optional":true}},"block_types":{"execution_conditions":{"nesting_mode":"list","block":{"attributes":{"achieved_savings_percentage":{"type":"number","description":"The percentage of the predicted savings that must be achieved in order to fully execute the plan.If the savings are not achieved after creating the new nodes, the plan will fail and delete the created nodes.","description_kind":"plain","optional":true},"enabled":{"type":"bool","description":"Enables or disables the execution conditions.","description_kind":"plain","required":true}},"description_kind":"plain"},"max_items":1}},"description_kind":"plain"},"min_items":1,"max_items":1},"schedule":{"nesting_mode":"list","block":{"attributes":{"cron":{"type":"string","description":"Cron expression defining when the schedule should trigger.\n\n  The `cron` expression can optionally include the `CRON_TZ` variable at the beginning to specify the timezone in which the schedule should be interpreted.\n\n  Example:\n  ```plaintext\n  CRON_TZ=America/New_York 0 12 * * ?\n  ```\n  In the example above, the `CRON_TZ` variable is set to \"America/New_York\" indicating that the cron expression should be interpreted in the Eastern Time (ET) timezone.\n\n  To retrieve a list of available timezone values, you can use the following API endpoint:\n\n  GET https://api.cast.ai/v1/time-zones\n\n  When using the `CRON_TZ` variable, ensure that the specified timezone is valid and supported by checking the list of available timezones from the API endpoint.  If the `CRON_TZ` variable is not specified, the cron expression will be interpreted in the UTC timezone.","description_kind":"plain","required":true}},"description_kind":"plain"},"min_items":1,"max_items":1},"timeouts":{"nesting_mode":"single","block":{"attributes":{"create":{"type":"string","description_kind":"plain","optional":true},"delete":{"type":"string","description_kind":"plain","optional":true},"read":{"type":"string","description_kind":"plain","optional":true},"update":{"type":"string","description_kind":"plain","optional":true}},"description_kind":"plain"}},"trigger_conditions":{"nesting_mode":"list","block":{"attributes":{"ignore_savings":{"type":"bool","description":"If true, the savings percentage will be ignored and the rebalancing will be triggered regardless of the savings percentage.","description_kind":"plain","optional":true},"savings_percentage":{"type":"number","description":"Defines the minimum percentage of savings expected.","description_kind":"plain","required":true}},"description_kind":"plain"},"min_items":1,"max_items":1}},"description":"CAST AI rebalancing schedule resource to manage rebalancing schedules.","description_kind":"plain"}},"castai_reservations":{"version":0,"block":{"attributes":{"id":{"type":"string","description_kind":"plain","optional":true,"computed":true},"organization_id":{"type":"string","description":"organization","description_kind":"plain","optional":true},"reservations":{"type":["list",["object",{"count":"string","end_date":"string","instance_type":"string","name":"string","price":"string","provider":"string","region":"string","start_date":"string","zone_id":"string","zone_name":"string"}]],"description_kind":"plain","computed":true},"reservations_csv":{"type":"string","description":"csv file containing reservations","description_kind":"plain","required":true}},"block_types":{"timeouts":{"nesting_mode":"single","block":{"attributes":{"create":{"type":"string","description_kind":"plain","optional":true},"update":{"type":"string","description_kind":"plain","optional":true}},"description_kind":"plain"}}},"description":"Reservation represents cloud service provider reserved instances that can be used by CAST AI autoscaler.","description_kind":"plain"}},"castai_sso_connection":{"version":0,"block":{"attributes":{"additional_email_domains":{"type":["list","string"],"description":"Additional email domains that will be allowed to sign in via the connection","description_kind":"plain","optional":true},"email_domain":{"type":"string","description":"Email domain of the connection","description_kind":"plain","required":true},"id":{"type":"string","description_kind":"plain","optional":true,"computed":true},"name":{"type":"string","description":"Connection name","description_kind":"plain","required":true}},"block_types":{"aad":{"nesting_mode":"list","block":{"attributes":{"ad_domain":{"type":"string","description":"Azure AD domain","description_kind":"plain","required":true},"client_id":{"type":"string","description":"Azure AD client ID","description_kind":"plain","required":true},"client_secret":{"type":"string","description":"Azure AD client secret","description_kind":"plain","required":true,"sensitive":true}},"description":"Azure AD connector","description_kind":"plain"},"max_items":1},"okta":{"nesting_mode":"list","block":{"attributes":{"client_id":{"type":"string","description":"Okta client ID","description_kind":"plain","required":true},"client_secret":{"type":"string","description":"Okta client secret","description_kind":"plain","required":true,"sensitive":true},"okta_domain":{"type":"string","description":"Okta domain","description_kind":"plain","required":true}},"description":"Okta connector","description_kind":"plain"},"max_items":1},"timeouts":{"nesting_mode":"single","block":{"attributes":{"create":{"type":"string","description_kind":"plain","optional":true},"delete":{"type":"string","description_kind":"plain","optional":true},"update":{"type":"string","description_kind":"plain","optional":true}},"description_kind":"plain"}}},"description":"SSO Connection resource allows creating SSO trust relationship with CAST AI.","description_kind":"plain"}}},"data_source_schemas":{"castai_eks_settings":{"version":0,"block":{"attributes":{"account_id":{"type":"string","description_kind":"plain","required":true},"cluster":{"type":"string","description_kind":"plain","required":true},"iam_managed_policies":{"type":["set","string"],"description_kind":"plain","computed":true},"iam_policy_json":{"type":"string","description_kind":"plain","computed":true},"iam_user_policy_json":{"type":"string","description_kind":"plain","computed":true},"id":{"type":"string","description_kind":"plain","optional":true,"computed":true},"region":{"type":"string","description_kind":"plain","required":true},"vpc":{"type":"string","description_kind":"plain","required":true}},"description":"Retrieve IAM policy, IAM User Policy and instance profile policies for the specified cluster","description_kind":"plain"}},"castai_eks_user_arn":{"version":0,"block":{"attributes":{"arn":{"type":"string","description_kind":"plain","computed":true},"cluster_id":{"type":"string","description_kind":"plain","required":true},"id":{"type":"string","description_kind":"plain","optional":true,"computed":true}},"description_kind":"plain","deprecated":true}},"castai_gke_user_policies":{"version":0,"block":{"attributes":{"id":{"type":"string","description_kind":"plain","optional":true,"computed":true},"policy":{"type":["list","string"],"description_kind":"plain","computed":true}},"description_kind":"plain"}},"castai_organization":{"version":0,"block":{"attributes":{"id":{"type":"string","description_kind":"plain","optional":true,"computed":true},"name":{"type":"string","description_kind":"plain","required":true}},"description":"Retrieve organization ID","description_kind":"plain"}}}}}}
